// !$*UTF8*$!
{
	archiveVersion = 1;
	classes = {
	};
	objectVersion = 56;
	objects = {

/* Begin PBXBuildFile section */
		CFCABDA62ACF369100CEFADB /* AppDelegate.swift in Sources */ = {isa = PBXBuildFile; fileRef = CFCABDA52ACF369100CEFADB /* AppDelegate.swift */; };
		CFCABDA82ACF369100CEFADB /* SceneDelegate.swift in Sources */ = {isa = PBXBuildFile; fileRef = CFCABDA72ACF369100CEFADB /* SceneDelegate.swift */; };
		CFCABDAA2ACF369100CEFADB /* ViewController.swift in Sources */ = {isa = PBXBuildFile; fileRef = CFCABDA92ACF369100CEFADB /* ViewController.swift */; };
		CFCABDAD2ACF369100CEFADB /* Main.storyboard in Resources */ = {isa = PBXBuildFile; fileRef = CFCABDAB2ACF369100CEFADB /* Main.storyboard */; };
		CFCABDAF2ACF369400CEFADB /* Assets.xcassets in Resources */ = {isa = PBXBuildFile; fileRef = CFCABDAE2ACF369400CEFADB /* Assets.xcassets */; };
		CFCABDB22ACF369400CEFADB /* LaunchScreen.storyboard in Resources */ = {isa = PBXBuildFile; fileRef = CFCABDB02ACF369400CEFADB /* LaunchScreen.storyboard */; };
		CFCABDBB2ACF372D00CEFADB /* CoreLocation.framework in Frameworks */ = {isa = PBXBuildFile; fileRef = CFCABDBA2ACF372D00CEFADB /* CoreLocation.framework */; };
		CFCABDBD2ACF3A9100CEFADB /* MapKit.framework in Frameworks */ = {isa = PBXBuildFile; fileRef = CFCABDBC2ACF3A9100CEFADB /* MapKit.framework */; };
/* End PBXBuildFile section */

/* Begin PBXFileReference section */
		CFCABDA22ACF369100CEFADB /* LokasyonKullanimi.app */ = {isa = PBXFileReference; explicitFileType = wrapper.application; includeInIndex = 0; path = LokasyonKullanimi.app; sourceTree = BUILT_PRODUCTS_DIR; };
		CFCABDA52ACF369100CEFADB /* AppDelegate.swift */ = {isa = PBXFileReference; lastKnownFileType = sourcecode.swift; path = AppDelegate.swift; sourceTree = "<group>"; };
		CFCABDA72ACF369100CEFADB /* SceneDelegate.swift */ = {isa = PBXFileReference; lastKnownFileType = sourcecode.swift; path = SceneDelegate.swift; sourceTree = "<group>"; };
		CFCABDA92ACF369100CEFADB /* ViewController.swift */ = {isa = PBXFileReference; lastKnownFileType = sourcecode.swift; path = ViewController.swift; sourceTree = "<group>"; };
		CFCABDAC2ACF369100CEFADB /* Base */ = {isa = PBXFileReference; lastKnownFileType = file.storyboard; name = Base; path = Base.lproj/Main.storyboard; sourceTree = "<group>"; };
		CFCABDAE2ACF369400CEFADB /* Assets.xcassets */ = {isa = PBXFileReference; lastKnownFileType = folder.assetcatalog; path = Assets.xcassets; sourceTree = "<group>"; };
		CFCABDB12ACF369400CEFADB /* Base */ = {isa = PBXFileReference; lastKnownFileType = file.storyboard; name = Base; path = Base.lproj/LaunchScreen.storyboard; sourceTree = "<group>"; };
		CFCABDB32ACF369400CEFADB /* Info.plist */ = {isa = PBXFileReference; lastKnownFileType = text.plist.xml; path = Info.plist; sourceTree = "<group>"; };
		CFCABDBA2ACF372D00CEFADB /* CoreLocation.framework */ = {isa = PBXFileReference; lastKnownFileType = wrapper.framework; name = CoreLocation.framework; path = System/Library/Frameworks/CoreLocation.framework; sourceTree = SDKROOT; };
		CFCABDBC2ACF3A9100CEFADB /* MapKit.framework */ = {isa = PBXFileReference; lastKnownFileType = wrapper.framework; name = MapKit.framework; path = System/Library/Frameworks/MapKit.framework; sourceTree = SDKROOT; };
/* End PBXFileReference section */

/* Begin PBXFrameworksBuildPhase section */
		CFCABD9F2ACF369100CEFADB /* Frameworks */ = {
			isa = PBXFrameworksBuildPhase;
			buildActionMask = 2147483647;
			files = (
				CFCABDBD2ACF3A9100CEFADB /* MapKit.framework in Frameworks */,
				CFCABDBB2ACF372D00CEFADB /* CoreLocation.framework in Frameworks */,
			);
			runOnlyForDeploymentPostprocessing = 0;
		};
/* End PBXFrameworksBuildPhase section */

/* Begin PBXGroup section */
		CFCABD992ACF369100CEFADB = {
			isa = PBXGroup;
			children = (
				CFCABDA42ACF369100CEFADB /* LokasyonKullanimi */,
				CFCABDA32ACF369100CEFADB /* Products */,
				CFCABDB92ACF372D00CEFADB /* Frameworks */,
			);
			sourceTree = "<group>";
		};
		CFCABDA32ACF369100CEFADB /* Products */ = {
			isa = PBXGroup;
			children = (
				CFCABDA22ACF369100CEFADB /* LokasyonKullanimi.app */,
			);
			name = Products;
			sourceTree = "<group>";
		};
		CFCABDA42ACF369100CEFADB /* LokasyonKullanimi */ = {
			isa = PBXGroup;
			children = (
				CFCABDA52ACF369100CEFADB /* AppDelegate.swift */,
				CFCABDA72ACF369100CEFADB /* SceneDelegate.swift */,
				CFCABDA92ACF369100CEFADB /* ViewController.swift */,
				CFCABDAB2ACF369100CEFADB /* Main.storyboard */,
				CFCABDAE2ACF369400CEFADB /* Assets.xcassets */,
				CFCABDB02ACF369400CEFADB /* LaunchScreen.storyboard */,
				CFCABDB32ACF369400CEFADB /* Info.plist */,
			);
			path = LokasyonKullanimi;
			sourceTree = "<group>";
		};
		CFCABDB92ACF372D00CEFADB /* Frameworks */ = {
			isa = PBXGroup;
			children = (
				CFCABDBC2ACF3A9100CEFADB /* MapKit.framework */,
				CFCABDBA2ACF372D00CEFADB /* CoreLocation.framework */,
			);
			name = Frameworks;
			sourceTree = "<group>";
		};
/* End PBXGroup section */

/* Begin PBXNativeTarget section */
		CFCABDA12ACF369100CEFADB /* LokasyonKullanimi */ = {
			isa = PBXNativeTarget;
			buildConfigurationList = CFCABDB62ACF369400CEFADB /* Build configuration list for PBXNativeTarget "LokasyonKullanimi" */;
			buildPhases = (
				CFCABD9E2ACF369100CEFADB /* Sources */,
				CFCABD9F2ACF369100CEFADB /* Frameworks */,
				CFCABDA02ACF369100CEFADB /* Resources */,
			);
			buildRules = (
			);
			dependencies = (
			);
			name = LokasyonKullanimi;
			productName = LokasyonKullanimi;
			productReference = CFCABDA22ACF369100CEFADB /* LokasyonKullanimi.app */;
			productType = "com.apple.product-type.application";
		};
/* End PBXNativeTarget section */

/* Begin PBXProject section */
		CFCABD9A2ACF369100CEFADB /* Project object */ = {
			isa = PBXProject;
			attributes = {
				BuildIndependentTargetsInParallel = 1;
				LastSwiftUpdateCheck = 1500;
				LastUpgradeCheck = 1500;
				TargetAttributes = {
					CFCABDA12ACF369100CEFADB = {
						CreatedOnToolsVersion = 15.0;
					};
				};
			};
			buildConfigurationList = CFCABD9D2ACF369100CEFADB /* Build configuration list for PBXProject "LokasyonKullanimi" */;
			compatibilityVersion = "Xcode 14.0";
			developmentRegion = en;
			hasScannedForEncodings = 0;
			knownRegions = (
				en,
				Base,
			);
			mainGroup = CFCABD992ACF369100CEFADB;
			productRefGroup = CFCABDA32ACF369100CEFADB /* Products */;
			projectDirPath = "";
			projectRoot = "";
			targets = (
				CFCABDA12ACF369100CEFADB /* LokasyonKullanimi */,
			);
		};
/* End PBXProject section */

/* Begin PBXResourcesBuildPhase section */
		CFCABDA02ACF369100CEFADB /* Resources */ = {
			isa = PBXResourcesBuildPhase;
			buildActionMask = 2147483647;
			files = (
				CFCABDB22ACF369400CEFADB /* LaunchScreen.storyboard in Resources */,
				CFCABDAF2ACF369400CEFADB /* Assets.xcassets in Resources */,
				CFCABDAD2ACF369100CEFADB /* Main.storyboard in Resources */,
			);
			runOnlyForDeploymentPostprocessing = 0;
		};
/* End PBXResourcesBuildPhase section */

/* Begin PBXSourcesBuildPhase section */
		CFCABD9E2ACF369100CEFADB /* Sources */ = {
			isa = PBXSourcesBuildPhase;
			buildActionMask = 2147483647;
			files = (
				CFCABDAA2ACF369100CEFADB /* ViewController.swift in Sources */,
				CFCABDA62ACF369100CEFADB /* AppDelegate.swift in Sources */,
				CFCABDA82ACF369100CEFADB /* SceneDelegate.swift in Sources */,
			);
			runOnlyForDeploymentPostprocessing = 0;
		};
/* End PBXSourcesBuildPhase section */

/* Begin PBXVariantGroup section */
		CFCABDAB2ACF369100CEFADB /* Main.storyboard */ = {
			isa = PBXVariantGroup;
			children = (
				CFCABDAC2ACF369100CEFADB /* Base */,
			);
			name = Main.storyboard;
			sourceTree = "<group>";
		};
		CFCABDB02ACF369400CEFADB /* LaunchScreen.storyboard */ = {
			isa = PBXVariantGroup;
			children = (
				CFCABDB12ACF369400CEFADB /* Base */,
			);
			name = LaunchScreen.storyboard;
			sourceTree = "<group>";
		};
/* End PBXVariantGroup section */

/* Begin XCBuildConfiguration section */
		CFCABDB42ACF369400CEFADB /* Debug */ = {
			isa = XCBuildConfiguration;
			buildSettings = {
				ALWAYS_SEARCH_USER_PATHS = NO;
				ASSETCATALOG_COMPILER_GENERATE_SWIFT_ASSET_SYMBOL_EXTENSIONS = YES;
				CLANG_ANALYZER_NONNULL = YES;
				CLANG_ANALYZER_NUMBER_OBJECT_CONVERSION = YES_AGGRESSIVE;
				CLANG_CXX_LANGUAGE_STANDARD = "gnu++20";
				CLANG_ENABLE_MODULES = YES;
				CLANG_ENABLE_OBJC_ARC = YES;
				CLANG_ENABLE_OBJC_WEAK = YES;
				CLANG_WARN_BLOCK_CAPTURE_AUTORELEASING = YES;
				CLANG_WARN_BOOL_CONVERSION = YES;
				CLANG_WARN_COMMA = YES;
				CLANG_WARN_CONSTANT_CONVERSION = YES;
				CLANG_WARN_DEPRECATED_OBJC_IMPLEMENTATIONS = YES;
				CLANG_WARN_DIRECT_OBJC_ISA_USAGE = YES_ERROR;
				CLANG_WARN_DOCUMENTATION_COMMENTS = YES;
				CLANG_WARN_EMPTY_BODY = YES;
				CLANG_WARN_ENUM_CONVERSION = YES;
				CLANG_WARN_INFINITE_RECURSION = YES;
				CLANG_WARN_INT_CONVERSION = YES;
				CLANG_WARN_NON_LITERAL_NULL_CONVERSION = YES;
				CLANG_WARN_OBJC_IMPLICIT_RETAIN_SELF = YES;
				CLANG_WARN_OBJC_LITERAL_CONVERSION = YES;
				CLANG_WARN_OBJC_ROOT_CLASS = YES_ERROR;
				CLANG_WARN_QUOTED_INCLUDE_IN_FRAMEWORK_HEADER = YES;
				CLANG_WARN_RANGE_LOOP_ANALYSIS = YES;
				CLANG_WARN_STRICT_PROTOTYPES = YES;
				CLANG_WARN_SUSPICIOUS_MOVE = YES;
				CLANG_WARN_UNGUARDED_AVAILABILITY = YES_AGGRESSIVE;
				CLANG_WARN_UNREACHABLE_CODE = YES;
				CLANG_WARN__DUPLICATE_METHOD_MATCH = YES;
				COPY_PHASE_STRIP = NO;
				DEBUG_INFORMATION_FORMAT = dwarf;
				ENABLE_STRICT_OBJC_MSGSEND = YES;
				ENABLE_TESTABILITY = YES;
				ENABLE_USER_SCRIPT_SANDBOXING = YES;
				GCC_C_LANGUAGE_STANDARD = gnu17;
				GCC_DYNAMIC_NO_PIC = NO;
				GCC_NO_COMMON_BLOCKS = YES;
				GCC_OPTIMIZATION_LEVEL = 0;
				GCC_PREPROCESSOR_DEFINITIONS = (
					"DEBUG=1",
					"$(inherited)",
				);
				GCC_WARN_64_TO_32_BIT_CONVERSION = YES;
				GCC_WARN_ABOUT_RETURN_TYPE = YES_ERROR;
				GCC_WARN_UNDECLARED_SELECTOR = YES;
				GCC_WARN_UNINITIALIZED_AUTOS = YES_AGGRESSIVE;
				GCC_WARN_UNUSED_FUNCTION = YES;
				GCC_WARN_UNUSED_VARIABLE = YES;
				IPHONEOS_DEPLOYMENT_TARGET = 17.0;
				LOCALIZATION_PREFERS_STRING_CATALOGS = YES;
				MTL_ENABLE_DEBUG_INFO = INCLUDE_SOURCE;
				MTL_FAST_MATH = YES;
				ONLY_ACTIVE_ARCH = YES;
				SDKROOT = iphoneos;
				SWIFT_ACTIVE_COMPILATION_CONDITIONS = "DEBUG $(inherited)";
				SWIFT_OPTIMIZATION_LEVEL = "-Onone";
			};
			name = Debug;
		};
		CFCABDB52ACF369400CEFADB /* Release */ = {
			isa = XCBuildConfiguration;
			buildSettings = {
				ALWAYS_SEARCH_USER_PATHS = NO;
				ASSETCATALOG_COMPILER_GENERATE_SWIFT_ASSET_SYMBOL_EXTENSIONS = YES;
				CLANG_ANALYZER_NONNULL = YES;
				CLANG_ANALYZER_NUMBER_OBJECT_CONVERSION = YES_AGGRESSIVE;
				CLANG_CXX_LANGUAGE_STANDARD = "gnu++20";
				CLANG_ENABLE_MODULES = YES;
				CLANG_ENABLE_OBJC_ARC = YES;
				CLANG_ENABLE_OBJC_WEAK = YES;
				CLANG_WARN_BLOCK_CAPTURE_AUTORELEASING = YES;
				CLANG_WARN_BOOL_CONVERSION = YES;
				CLANG_WARN_COMMA = YES;
				CLANG_WARN_CONSTANT_CONVERSION = YES;
				CLANG_WARN_DEPRECATED_OBJC_IMPLEMENTATIONS = YES;
				CLANG_WARN_DIRECT_OBJC_ISA_USAGE = YES_ERROR;
				CLANG_WARN_DOCUMENTATION_COMMENTS = YES;
				CLANG_WARN_EMPTY_BODY = YES;
				CLANG_WARN_ENUM_CONVERSION = YES;
				CLANG_WARN_INFINITE_RECURSION = YES;
				CLANG_WARN_INT_CONVERSION = YES;
				CLANG_WARN_NON_LITERAL_NULL_CONVERSION = YES;
				CLANG_WARN_OBJC_IMPLICIT_RETAIN_SELF = YES;
				CLANG_WARN_OBJC_LITERAL_CONVERSION = YES;
				CLANG_WARN_OBJC_ROOT_CLASS = YES_ERROR;
				CLANG_WARN_QUOTED_INCLUDE_IN_FRAMEWORK_HEADER = YES;
				CLANG_WARN_RANGE_LOOP_ANALYSIS = YES;
				CLANG_WARN_STRICT_PROTOTYPES = YES;
				CLANG_WARN_SUSPICIOUS_MOVE = YES;
				CLANG_WARN_UNGUARDED_AVAILABILITY = YES_AGGRESSIVE;
				CLANG_WARN_UNREACHABLE_CODE = YES;
				CLANG_WARN__DUPLICATE_METHOD_MATCH = YES;
				COPY_PHASE_STRIP = NO;
				DEBUG_INFORMATION_FORMAT = "dwarf-with-dsym";
				ENABLE_NS_ASSERTIONS = NO;
				ENABLE_STRICT_OBJC_MSGSEND = YES;
				ENABLE_USER_SCRIPT_SANDBOXING = YES;
				GCC_C_LANGUAGE_STANDARD = gnu17;
				GCC_NO_COMMON_BLOCKS = YES;
				GCC_WARN_64_TO_32_BIT_CONVERSION = YES;
				GCC_WARN_ABOUT_RETURN_TYPE = YES_ERROR;
				GCC_WARN_UNDECLARED_SELECTOR = YES;
				GCC_WARN_UNINITIALIZED_AUTOS = YES_AGGRESSIVE;
				GCC_WARN_UNUSED_FUNCTION = YES;
				GCC_WARN_UNUSED_VARIABLE = YES;
				IPHONEOS_DEPLOYMENT_TARGET = 17.0;
				LOCALIZATION_PREFERS_STRING_CATALOGS = YES;
				MTL_ENABLE_DEBUG_INFO = NO;
				MTL_FAST_MATH = YES;
				SDKROOT = iphoneos;
				SWIFT_COMPILATION_MODE = wholemodule;
				VALIDATE_PRODUCT = YES;
			};
			name = Release;
		};
		CFCABDB72ACF369400CEFADB /* Debug */ = {
			isa = XCBuildConfiguration;
			buildSettings = {
				ASSETCATALOG_COMPILER_APPICON_NAME = AppIcon;
				ASSETCATALOG_COMPILER_GLOBAL_ACCENT_COLOR_NAME = AccentColor;
				CODE_SIGN_STYLE = Automatic;
				CURRENT_PROJECT_VERSION = 1;
				DEVELOPMENT_TEAM = SZN854MBPY;
				GENERATE_INFOPLIST_FILE = YES;
				INFOPLIST_FILE = LokasyonKullanimi/Info.plist;
				INFOPLIST_KEY_NSLocationWhenInUseUsageDescription = "Konum İzni";
				INFOPLIST_KEY_UIApplicationSupportsIndirectInputEvents = YES;
				INFOPLIST_KEY_UILaunchStoryboardName = LaunchScreen;
				INFOPLIST_KEY_UIMainStoryboardFile = Main;
				INFOPLIST_KEY_UISupportedInterfaceOrientations_iPad = "UIInterfaceOrientationPortrait UIInterfaceOrientationPortraitUpsideDown UIInterfaceOrientationLandscapeLeft UIInterfaceOrientationLandscapeRight";
				INFOPLIST_KEY_UISupportedInterfaceOrientations_iPhone = "UIInterfaceOrientationPortrait UIInterfaceOrientationLandscapeLeft UIInterfaceOrientationLandscapeRight";
				LD_RUNPATH_SEARCH_PATHS = (
					"$(inherited)",
					"@executable_path/Frameworks",
				);
				MARKETING_VERSION = 1.0;
				PRODUCT_BUNDLE_IDENTIFIER = com.info.LokasyonKullanimi;
				PRODUCT_NAME = "$(TARGET_NAME)";
				SWIFT_EMIT_LOC_STRINGS = YES;
				SWIFT_VERSION = 5.0;
				TARGETED_DEVICE_FAMILY = "1,2";
			};
			name = Debug;
		};
		CFCABDB82ACF369400CEFADB /* Release */ = {
			isa = XCBuildConfiguration;
			buildSettings = {
				ASSETCATALOG_COMPILER_APPICON_NAME = AppIcon;
				ASSETCATALOG_COMPILER_GLOBAL_ACCENT_COLOR_NAME = AccentColor;
				CODE_SIGN_STYLE = Automatic;
				CURRENT_PROJECT_VERSION = 1;
				DEVELOPMENT_TEAM = SZN854MBPY;
				GENERATE_INFOPLIST_FILE = YES;
				INFOPLIST_FILE = LokasyonKullanimi/Info.plist;
				INFOPLIST_KEY_NSLocationWhenInUseUsageDescription = "Konum İzni";
				INFOPLIST_KEY_UIApplicationSupportsIndirectInputEvents = YES;
				INFOPLIST_KEY_UILaunchStoryboardName = LaunchScreen;
				INFOPLIST_KEY_UIMainStoryboardFile = Main;
				INFOPLIST_KEY_UISupportedInterfaceOrientations_iPad = "UIInterfaceOrientationPortrait UIInterfaceOrientationPortraitUpsideDown UIInterfaceOrientationLandscapeLeft UIInterfaceOrientationLandscapeRight";
				INFOPLIST_KEY_UISupportedInterfaceOrientations_iPhone = "UIInterfaceOrientationPortrait UIInterfaceOrientationLandscapeLeft UIInterfaceOrientationLandscapeRight";
				LD_RUNPATH_SEARCH_PATHS = (
					"$(inherited)",
					"@executable_path/Frameworks",
				);
				MARKETING_VERSION = 1.0;
				PRODUCT_BUNDLE_IDENTIFIER = com.info.LokasyonKullanimi;
				PRODUCT_NAME = "$(TARGET_NAME)";
				SWIFT_EMIT_LOC_STRINGS = YES;
				SWIFT_VERSION = 5.0;
				TARGETED_DEVICE_FAMILY = "1,2";
			};
			name = Release;
		};
/* End XCBuildConfiguration section */

/* Begin XCConfigurationList section */
		CFCABD9D2ACF369100CEFADB /* Build configuration list for PBXProject "LokasyonKullanimi" */ = {
			isa = XCConfigurationList;
			buildConfigurations = (
				CFCABDB42ACF369400CEFADB /* Debug */,
				CFCABDB52ACF369400CEFADB /* Release */,
			);
			defaultConfigurationIsVisible = 0;
			defaultConfigurationName = Release;
		};
		CFCABDB62ACF369400CEFADB /* Build configuration list for PBXNativeTarget "LokasyonKullanimi" */ = {
			isa = XCConfigurationList;
			buildConfigurations = (
				CFCABDB72ACF369400CEFADB /* Debug */,
				CFCABDB82ACF369400CEFADB /* Release */,
			);
			defaultConfigurationIsVisible = 0;
			defaultConfigurationName = Release;
		};
/* End XCConfigurationList section */
	};
	rootObject = CFCABD9A2ACF369100CEFADB /* Project object */;
}
