// !$*UTF8*$!
{
	archiveVersion = 1;
	classes = {
	};
	objectVersion = 56;
	objects = {

/* Begin PBXBuildFile section */
		CF5DD9BE2ACEE5A100DEB22E /* AppDelegate.swift in Sources */ = {isa = PBXBuildFile; fileRef = CF5DD9BD2ACEE5A100DEB22E /* AppDelegate.swift */; };
		CF5DD9C02ACEE5A100DEB22E /* SceneDelegate.swift in Sources */ = {isa = PBXBuildFile; fileRef = CF5DD9BF2ACEE5A100DEB22E /* SceneDelegate.swift */; };
		CF5DD9C22ACEE5A100DEB22E /* HomePage.swift in Sources */ = {isa = PBXBuildFile; fileRef = CF5DD9C12ACEE5A100DEB22E /* HomePage.swift */; };
		CF5DD9C52ACEE5A100DEB22E /* Main.storyboard in Resources */ = {isa = PBXBuildFile; fileRef = CF5DD9C32ACEE5A100DEB22E /* Main.storyboard */; };
		CF5DD9C72ACEE5A300DEB22E /* Assets.xcassets in Resources */ = {isa = PBXBuildFile; fileRef = CF5DD9C62ACEE5A300DEB22E /* Assets.xcassets */; };
		CF5DD9CA2ACEE5A300DEB22E /* LaunchScreen.storyboard in Resources */ = {isa = PBXBuildFile; fileRef = CF5DD9C82ACEE5A300DEB22E /* LaunchScreen.storyboard */; };
		CF5DD9D52ACEEF7600DEB22E /* StartPage.swift in Sources */ = {isa = PBXBuildFile; fileRef = CF5DD9D42ACEEF7600DEB22E /* StartPage.swift */; };
		CF5DD9D72ACEEFC100DEB22E /* CartPage.swift in Sources */ = {isa = PBXBuildFile; fileRef = CF5DD9D62ACEEFC100DEB22E /* CartPage.swift */; };
		CFD952C72AD0381000418000 /* homeCollectionVC.swift in Sources */ = {isa = PBXBuildFile; fileRef = CFD952C62AD0380F00418000 /* homeCollectionVC.swift */; };
		CFD952CA2AD0531800418000 /* RxSwift in Frameworks */ = {isa = PBXBuildFile; productRef = CFD952C92AD0531800418000 /* RxSwift */; };
		CFD952CD2AD0533800418000 /* Alamofire in Frameworks */ = {isa = PBXBuildFile; productRef = CFD952CC2AD0533800418000 /* Alamofire */; };
		CFD952D12AD056E600418000 /* StartPageViewModel.swift in Sources */ = {isa = PBXBuildFile; fileRef = CFD952D02AD056E600418000 /* StartPageViewModel.swift */; };
		CFD952D32AD056F400418000 /* HomePageViewModel.swift in Sources */ = {isa = PBXBuildFile; fileRef = CFD952D22AD056F400418000 /* HomePageViewModel.swift */; };
		CFD952D52AD0570900418000 /* CartPageViewModel.swift in Sources */ = {isa = PBXBuildFile; fileRef = CFD952D42AD0570900418000 /* CartPageViewModel.swift */; };
		CFD952D92AD057CA00418000 /* FoodStoreDaoRepository.swift in Sources */ = {isa = PBXBuildFile; fileRef = CFD952D82AD057CA00418000 /* FoodStoreDaoRepository.swift */; };
		CFD952DD2AD0590400418000 /* SepettekiYemekler.swift in Sources */ = {isa = PBXBuildFile; fileRef = CFD952DC2AD0590400418000 /* SepettekiYemekler.swift */; };
		CFD952DF2AD0591200418000 /* Yemekler.swift in Sources */ = {isa = PBXBuildFile; fileRef = CFD952DE2AD0591200418000 /* Yemekler.swift */; };
		CFD952E22AD0596C00418000 /* YemeklerResponse.swift in Sources */ = {isa = PBXBuildFile; fileRef = CFD952E12AD0596C00418000 /* YemeklerResponse.swift */; };
		CFD952E42AD0597800418000 /* CRUDResponse.swift in Sources */ = {isa = PBXBuildFile; fileRef = CFD952E32AD0597800418000 /* CRUDResponse.swift */; };
		CFD952E62AD0598600418000 /* SepettekiYemeklerResponse.swift in Sources */ = {isa = PBXBuildFile; fileRef = CFD952E52AD0598600418000 /* SepettekiYemeklerResponse.swift */; };
/* End PBXBuildFile section */

/* Begin PBXFileReference section */
		CF5DD9BA2ACEE5A100DEB22E /* FoodStore.app */ = {isa = PBXFileReference; explicitFileType = wrapper.application; includeInIndex = 0; path = FoodStore.app; sourceTree = BUILT_PRODUCTS_DIR; };
		CF5DD9BD2ACEE5A100DEB22E /* AppDelegate.swift */ = {isa = PBXFileReference; lastKnownFileType = sourcecode.swift; path = AppDelegate.swift; sourceTree = "<group>"; };
		CF5DD9BF2ACEE5A100DEB22E /* SceneDelegate.swift */ = {isa = PBXFileReference; lastKnownFileType = sourcecode.swift; path = SceneDelegate.swift; sourceTree = "<group>"; };
		CF5DD9C12ACEE5A100DEB22E /* HomePage.swift */ = {isa = PBXFileReference; lastKnownFileType = sourcecode.swift; path = HomePage.swift; sourceTree = "<group>"; };
		CF5DD9C42ACEE5A100DEB22E /* Base */ = {isa = PBXFileReference; lastKnownFileType = file.storyboard; name = Base; path = Base.lproj/Main.storyboard; sourceTree = "<group>"; };
		CF5DD9C62ACEE5A300DEB22E /* Assets.xcassets */ = {isa = PBXFileReference; lastKnownFileType = folder.assetcatalog; path = Assets.xcassets; sourceTree = "<group>"; };
		CF5DD9C92ACEE5A300DEB22E /* Base */ = {isa = PBXFileReference; lastKnownFileType = file.storyboard; name = Base; path = Base.lproj/LaunchScreen.storyboard; sourceTree = "<group>"; };
		CF5DD9CB2ACEE5A300DEB22E /* Info.plist */ = {isa = PBXFileReference; lastKnownFileType = text.plist.xml; path = Info.plist; sourceTree = "<group>"; };
		CF5DD9D42ACEEF7600DEB22E /* StartPage.swift */ = {isa = PBXFileReference; lastKnownFileType = sourcecode.swift; path = StartPage.swift; sourceTree = "<group>"; };
		CF5DD9D62ACEEFC100DEB22E /* CartPage.swift */ = {isa = PBXFileReference; lastKnownFileType = sourcecode.swift; path = CartPage.swift; sourceTree = "<group>"; };
		CFD952C62AD0380F00418000 /* homeCollectionVC.swift */ = {isa = PBXFileReference; lastKnownFileType = sourcecode.swift; path = homeCollectionVC.swift; sourceTree = "<group>"; };
		CFD952D02AD056E600418000 /* StartPageViewModel.swift */ = {isa = PBXFileReference; lastKnownFileType = sourcecode.swift; path = StartPageViewModel.swift; sourceTree = "<group>"; };
		CFD952D22AD056F400418000 /* HomePageViewModel.swift */ = {isa = PBXFileReference; lastKnownFileType = sourcecode.swift; path = HomePageViewModel.swift; sourceTree = "<group>"; };
		CFD952D42AD0570900418000 /* CartPageViewModel.swift */ = {isa = PBXFileReference; lastKnownFileType = sourcecode.swift; path = CartPageViewModel.swift; sourceTree = "<group>"; };
		CFD952D82AD057CA00418000 /* FoodStoreDaoRepository.swift */ = {isa = PBXFileReference; lastKnownFileType = sourcecode.swift; path = FoodStoreDaoRepository.swift; sourceTree = "<group>"; };
		CFD952DC2AD0590400418000 /* SepettekiYemekler.swift */ = {isa = PBXFileReference; lastKnownFileType = sourcecode.swift; path = SepettekiYemekler.swift; sourceTree = "<group>"; };
		CFD952DE2AD0591200418000 /* Yemekler.swift */ = {isa = PBXFileReference; lastKnownFileType = sourcecode.swift; path = Yemekler.swift; sourceTree = "<group>"; };
		CFD952E12AD0596C00418000 /* YemeklerResponse.swift */ = {isa = PBXFileReference; lastKnownFileType = sourcecode.swift; path = YemeklerResponse.swift; sourceTree = "<group>"; };
		CFD952E32AD0597800418000 /* CRUDResponse.swift */ = {isa = PBXFileReference; lastKnownFileType = sourcecode.swift; path = CRUDResponse.swift; sourceTree = "<group>"; };
		CFD952E52AD0598600418000 /* SepettekiYemeklerResponse.swift */ = {isa = PBXFileReference; lastKnownFileType = sourcecode.swift; path = SepettekiYemeklerResponse.swift; sourceTree = "<group>"; };
/* End PBXFileReference section */

/* Begin PBXFrameworksBuildPhase section */
		CF5DD9B72ACEE5A100DEB22E /* Frameworks */ = {
			isa = PBXFrameworksBuildPhase;
			buildActionMask = 2147483647;
			files = (
				CFD952CA2AD0531800418000 /* RxSwift in Frameworks */,
				CFD952CD2AD0533800418000 /* Alamofire in Frameworks */,
			);
			runOnlyForDeploymentPostprocessing = 0;
		};
/* End PBXFrameworksBuildPhase section */

/* Begin PBXGroup section */
		CF5DD9B12ACEE5A100DEB22E = {
			isa = PBXGroup;
			children = (
				CF5DD9BC2ACEE5A100DEB22E /* FoodStore */,
				CF5DD9BB2ACEE5A100DEB22E /* Products */,
			);
			sourceTree = "<group>";
		};
		CF5DD9BB2ACEE5A100DEB22E /* Products */ = {
			isa = PBXGroup;
			children = (
				CF5DD9BA2ACEE5A100DEB22E /* FoodStore.app */,
			);
			name = Products;
			sourceTree = "<group>";
		};
		CF5DD9BC2ACEE5A100DEB22E /* FoodStore */ = {
			isa = PBXGroup;
			children = (
				CFD952CE2AD0568B00418000 /* ui */,
				CFD952C32AD037CA00418000 /* data */,
				CF5DD9BD2ACEE5A100DEB22E /* AppDelegate.swift */,
				CF5DD9BF2ACEE5A100DEB22E /* SceneDelegate.swift */,
				CF5DD9C32ACEE5A100DEB22E /* Main.storyboard */,
				CF5DD9C62ACEE5A300DEB22E /* Assets.xcassets */,
				CF5DD9C82ACEE5A300DEB22E /* LaunchScreen.storyboard */,
				CF5DD9CB2ACEE5A300DEB22E /* Info.plist */,
			);
			path = FoodStore;
			sourceTree = "<group>";
		};
		CF5DD9D12ACEEF4700DEB22E /* views */ = {
			isa = PBXGroup;
			children = (
				CFD952CF2AD056AD00418000 /* viewModel */,
				CFD952C52AD037F100418000 /* cells */,
				CFD952C42AD037DF00418000 /* views */,
			);
			path = views;
			sourceTree = "<group>";
		};
		CFD952C32AD037CA00418000 /* data */ = {
			isa = PBXGroup;
			children = (
				CFD952E02AD0593800418000 /* model */,
				CFD952D62AD0576000418000 /* repo */,
				CFD952D72AD0576400418000 /* entity */,
			);
			path = data;
			sourceTree = "<group>";
		};
		CFD952C42AD037DF00418000 /* views */ = {
			isa = PBXGroup;
			children = (
				CF5DD9D42ACEEF7600DEB22E /* StartPage.swift */,
				CF5DD9C12ACEE5A100DEB22E /* HomePage.swift */,
				CF5DD9D62ACEEFC100DEB22E /* CartPage.swift */,
			);
			path = views;
			sourceTree = "<group>";
		};
		CFD952C52AD037F100418000 /* cells */ = {
			isa = PBXGroup;
			children = (
				CFD952C62AD0380F00418000 /* homeCollectionVC.swift */,
			);
			path = cells;
			sourceTree = "<group>";
		};
		CFD952CE2AD0568B00418000 /* ui */ = {
			isa = PBXGroup;
			children = (
				CF5DD9D12ACEEF4700DEB22E /* views */,
			);
			path = ui;
			sourceTree = "<group>";
		};
		CFD952CF2AD056AD00418000 /* viewModel */ = {
			isa = PBXGroup;
			children = (
				CFD952D02AD056E600418000 /* StartPageViewModel.swift */,
				CFD952D22AD056F400418000 /* HomePageViewModel.swift */,
				CFD952D42AD0570900418000 /* CartPageViewModel.swift */,
			);
			path = viewModel;
			sourceTree = "<group>";
		};
		CFD952D62AD0576000418000 /* repo */ = {
			isa = PBXGroup;
			children = (
				CFD952D82AD057CA00418000 /* FoodStoreDaoRepository.swift */,
			);
			path = repo;
			sourceTree = "<group>";
		};
		CFD952D72AD0576400418000 /* entity */ = {
			isa = PBXGroup;
			children = (
				CFD952E12AD0596C00418000 /* YemeklerResponse.swift */,
				CFD952E32AD0597800418000 /* CRUDResponse.swift */,
				CFD952E52AD0598600418000 /* SepettekiYemeklerResponse.swift */,
			);
			path = entity;
			sourceTree = "<group>";
		};
		CFD952E02AD0593800418000 /* model */ = {
			isa = PBXGroup;
			children = (
				CFD952DC2AD0590400418000 /* SepettekiYemekler.swift */,
				CFD952DE2AD0591200418000 /* Yemekler.swift */,
			);
			path = model;
			sourceTree = "<group>";
		};
/* End PBXGroup section */

/* Begin PBXNativeTarget section */
		CF5DD9B92ACEE5A100DEB22E /* FoodStore */ = {
			isa = PBXNativeTarget;
			buildConfigurationList = CF5DD9CE2ACEE5A300DEB22E /* Build configuration list for PBXNativeTarget "FoodStore" */;
			buildPhases = (
				CF5DD9B62ACEE5A100DEB22E /* Sources */,
				CF5DD9B72ACEE5A100DEB22E /* Frameworks */,
				CF5DD9B82ACEE5A100DEB22E /* Resources */,
			);
			buildRules = (
			);
			dependencies = (
			);
			name = FoodStore;
			packageProductDependencies = (
				CFD952C92AD0531800418000 /* RxSwift */,
				CFD952CC2AD0533800418000 /* Alamofire */,
			);
			productName = FoodStore;
			productReference = CF5DD9BA2ACEE5A100DEB22E /* FoodStore.app */;
			productType = "com.apple.product-type.application";
		};
/* End PBXNativeTarget section */

/* Begin PBXProject section */
		CF5DD9B22ACEE5A100DEB22E /* Project object */ = {
			isa = PBXProject;
			attributes = {
				BuildIndependentTargetsInParallel = 1;
				LastSwiftUpdateCheck = 1500;
				LastUpgradeCheck = 1500;
				TargetAttributes = {
					CF5DD9B92ACEE5A100DEB22E = {
						CreatedOnToolsVersion = 15.0;
					};
				};
			};
			buildConfigurationList = CF5DD9B52ACEE5A100DEB22E /* Build configuration list for PBXProject "FoodStore" */;
			compatibilityVersion = "Xcode 14.0";
			developmentRegion = en;
			hasScannedForEncodings = 0;
			knownRegions = (
				en,
				Base,
			);
			mainGroup = CF5DD9B12ACEE5A100DEB22E;
			packageReferences = (
				CFD952C82AD0531800418000 /* XCRemoteSwiftPackageReference "RxSwift" */,
				CFD952CB2AD0533800418000 /* XCRemoteSwiftPackageReference "Alamofire" */,
			);
			productRefGroup = CF5DD9BB2ACEE5A100DEB22E /* Products */;
			projectDirPath = "";
			projectRoot = "";
			targets = (
				CF5DD9B92ACEE5A100DEB22E /* FoodStore */,
			);
		};
/* End PBXProject section */

/* Begin PBXResourcesBuildPhase section */
		CF5DD9B82ACEE5A100DEB22E /* Resources */ = {
			isa = PBXResourcesBuildPhase;
			buildActionMask = 2147483647;
			files = (
				CF5DD9CA2ACEE5A300DEB22E /* LaunchScreen.storyboard in Resources */,
				CF5DD9C72ACEE5A300DEB22E /* Assets.xcassets in Resources */,
				CF5DD9C52ACEE5A100DEB22E /* Main.storyboard in Resources */,
			);
			runOnlyForDeploymentPostprocessing = 0;
		};
/* End PBXResourcesBuildPhase section */

/* Begin PBXSourcesBuildPhase section */
		CF5DD9B62ACEE5A100DEB22E /* Sources */ = {
			isa = PBXSourcesBuildPhase;
			buildActionMask = 2147483647;
			files = (
				CFD952D92AD057CA00418000 /* FoodStoreDaoRepository.swift in Sources */,
				CFD952DD2AD0590400418000 /* SepettekiYemekler.swift in Sources */,
				CFD952D12AD056E600418000 /* StartPageViewModel.swift in Sources */,
				CF5DD9C22ACEE5A100DEB22E /* HomePage.swift in Sources */,
				CF5DD9D52ACEEF7600DEB22E /* StartPage.swift in Sources */,
				CF5DD9D72ACEEFC100DEB22E /* CartPage.swift in Sources */,
				CFD952D32AD056F400418000 /* HomePageViewModel.swift in Sources */,
				CF5DD9BE2ACEE5A100DEB22E /* AppDelegate.swift in Sources */,
				CFD952E42AD0597800418000 /* CRUDResponse.swift in Sources */,
				CFD952D52AD0570900418000 /* CartPageViewModel.swift in Sources */,
				CFD952E22AD0596C00418000 /* YemeklerResponse.swift in Sources */,
				CF5DD9C02ACEE5A100DEB22E /* SceneDelegate.swift in Sources */,
				CFD952C72AD0381000418000 /* homeCollectionVC.swift in Sources */,
				CFD952DF2AD0591200418000 /* Yemekler.swift in Sources */,
				CFD952E62AD0598600418000 /* SepettekiYemeklerResponse.swift in Sources */,
			);
			runOnlyForDeploymentPostprocessing = 0;
		};
/* End PBXSourcesBuildPhase section */

/* Begin PBXVariantGroup section */
		CF5DD9C32ACEE5A100DEB22E /* Main.storyboard */ = {
			isa = PBXVariantGroup;
			children = (
				CF5DD9C42ACEE5A100DEB22E /* Base */,
			);
			name = Main.storyboard;
			sourceTree = "<group>";
		};
		CF5DD9C82ACEE5A300DEB22E /* LaunchScreen.storyboard */ = {
			isa = PBXVariantGroup;
			children = (
				CF5DD9C92ACEE5A300DEB22E /* Base */,
			);
			name = LaunchScreen.storyboard;
			sourceTree = "<group>";
		};
/* End PBXVariantGroup section */

/* Begin XCBuildConfiguration section */
		CF5DD9CC2ACEE5A300DEB22E /* Debug */ = {
			isa = XCBuildConfiguration;
			buildSettings = {
				ALWAYS_SEARCH_USER_PATHS = NO;
				ASSETCATALOG_COMPILER_GENERATE_SWIFT_ASSET_SYMBOL_EXTENSIONS = YES;
				CLANG_ANALYZER_NONNULL = YES;
				CLANG_ANALYZER_NUMBER_OBJECT_CONVERSION = YES_AGGRESSIVE;
				CLANG_CXX_LANGUAGE_STANDARD = "gnu++20";
				CLANG_ENABLE_MODULES = YES;
				CLANG_ENABLE_OBJC_ARC = YES;
				CLANG_ENABLE_OBJC_WEAK = YES;
				CLANG_WARN_BLOCK_CAPTURE_AUTORELEASING = YES;
				CLANG_WARN_BOOL_CONVERSION = YES;
				CLANG_WARN_COMMA = YES;
				CLANG_WARN_CONSTANT_CONVERSION = YES;
				CLANG_WARN_DEPRECATED_OBJC_IMPLEMENTATIONS = YES;
				CLANG_WARN_DIRECT_OBJC_ISA_USAGE = YES_ERROR;
				CLANG_WARN_DOCUMENTATION_COMMENTS = YES;
				CLANG_WARN_EMPTY_BODY = YES;
				CLANG_WARN_ENUM_CONVERSION = YES;
				CLANG_WARN_INFINITE_RECURSION = YES;
				CLANG_WARN_INT_CONVERSION = YES;
				CLANG_WARN_NON_LITERAL_NULL_CONVERSION = YES;
				CLANG_WARN_OBJC_IMPLICIT_RETAIN_SELF = YES;
				CLANG_WARN_OBJC_LITERAL_CONVERSION = YES;
				CLANG_WARN_OBJC_ROOT_CLASS = YES_ERROR;
				CLANG_WARN_QUOTED_INCLUDE_IN_FRAMEWORK_HEADER = YES;
				CLANG_WARN_RANGE_LOOP_ANALYSIS = YES;
				CLANG_WARN_STRICT_PROTOTYPES = YES;
				CLANG_WARN_SUSPICIOUS_MOVE = YES;
				CLANG_WARN_UNGUARDED_AVAILABILITY = YES_AGGRESSIVE;
				CLANG_WARN_UNREACHABLE_CODE = YES;
				CLANG_WARN__DUPLICATE_METHOD_MATCH = YES;
				COPY_PHASE_STRIP = NO;
				DEBUG_INFORMATION_FORMAT = dwarf;
				ENABLE_STRICT_OBJC_MSGSEND = YES;
				ENABLE_TESTABILITY = YES;
				ENABLE_USER_SCRIPT_SANDBOXING = YES;
				GCC_C_LANGUAGE_STANDARD = gnu17;
				GCC_DYNAMIC_NO_PIC = NO;
				GCC_NO_COMMON_BLOCKS = YES;
				GCC_OPTIMIZATION_LEVEL = 0;
				GCC_PREPROCESSOR_DEFINITIONS = (
					"DEBUG=1",
					"$(inherited)",
				);
				GCC_WARN_64_TO_32_BIT_CONVERSION = YES;
				GCC_WARN_ABOUT_RETURN_TYPE = YES_ERROR;
				GCC_WARN_UNDECLARED_SELECTOR = YES;
				GCC_WARN_UNINITIALIZED_AUTOS = YES_AGGRESSIVE;
				GCC_WARN_UNUSED_FUNCTION = YES;
				GCC_WARN_UNUSED_VARIABLE = YES;
				IPHONEOS_DEPLOYMENT_TARGET = 17.0;
				LOCALIZATION_PREFERS_STRING_CATALOGS = YES;
				MTL_ENABLE_DEBUG_INFO = INCLUDE_SOURCE;
				MTL_FAST_MATH = YES;
				ONLY_ACTIVE_ARCH = YES;
				SDKROOT = iphoneos;
				SWIFT_ACTIVE_COMPILATION_CONDITIONS = "DEBUG $(inherited)";
				SWIFT_OPTIMIZATION_LEVEL = "-Onone";
			};
			name = Debug;
		};
		CF5DD9CD2ACEE5A300DEB22E /* Release */ = {
			isa = XCBuildConfiguration;
			buildSettings = {
				ALWAYS_SEARCH_USER_PATHS = NO;
				ASSETCATALOG_COMPILER_GENERATE_SWIFT_ASSET_SYMBOL_EXTENSIONS = YES;
				CLANG_ANALYZER_NONNULL = YES;
				CLANG_ANALYZER_NUMBER_OBJECT_CONVERSION = YES_AGGRESSIVE;
				CLANG_CXX_LANGUAGE_STANDARD = "gnu++20";
				CLANG_ENABLE_MODULES = YES;
				CLANG_ENABLE_OBJC_ARC = YES;
				CLANG_ENABLE_OBJC_WEAK = YES;
				CLANG_WARN_BLOCK_CAPTURE_AUTORELEASING = YES;
				CLANG_WARN_BOOL_CONVERSION = YES;
				CLANG_WARN_COMMA = YES;
				CLANG_WARN_CONSTANT_CONVERSION = YES;
				CLANG_WARN_DEPRECATED_OBJC_IMPLEMENTATIONS = YES;
				CLANG_WARN_DIRECT_OBJC_ISA_USAGE = YES_ERROR;
				CLANG_WARN_DOCUMENTATION_COMMENTS = YES;
				CLANG_WARN_EMPTY_BODY = YES;
				CLANG_WARN_ENUM_CONVERSION = YES;
				CLANG_WARN_INFINITE_RECURSION = YES;
				CLANG_WARN_INT_CONVERSION = YES;
				CLANG_WARN_NON_LITERAL_NULL_CONVERSION = YES;
				CLANG_WARN_OBJC_IMPLICIT_RETAIN_SELF = YES;
				CLANG_WARN_OBJC_LITERAL_CONVERSION = YES;
				CLANG_WARN_OBJC_ROOT_CLASS = YES_ERROR;
				CLANG_WARN_QUOTED_INCLUDE_IN_FRAMEWORK_HEADER = YES;
				CLANG_WARN_RANGE_LOOP_ANALYSIS = YES;
				CLANG_WARN_STRICT_PROTOTYPES = YES;
				CLANG_WARN_SUSPICIOUS_MOVE = YES;
				CLANG_WARN_UNGUARDED_AVAILABILITY = YES_AGGRESSIVE;
				CLANG_WARN_UNREACHABLE_CODE = YES;
				CLANG_WARN__DUPLICATE_METHOD_MATCH = YES;
				COPY_PHASE_STRIP = NO;
				DEBUG_INFORMATION_FORMAT = "dwarf-with-dsym";
				ENABLE_NS_ASSERTIONS = NO;
				ENABLE_STRICT_OBJC_MSGSEND = YES;
				ENABLE_USER_SCRIPT_SANDBOXING = YES;
				GCC_C_LANGUAGE_STANDARD = gnu17;
				GCC_NO_COMMON_BLOCKS = YES;
				GCC_WARN_64_TO_32_BIT_CONVERSION = YES;
				GCC_WARN_ABOUT_RETURN_TYPE = YES_ERROR;
				GCC_WARN_UNDECLARED_SELECTOR = YES;
				GCC_WARN_UNINITIALIZED_AUTOS = YES_AGGRESSIVE;
				GCC_WARN_UNUSED_FUNCTION = YES;
				GCC_WARN_UNUSED_VARIABLE = YES;
				IPHONEOS_DEPLOYMENT_TARGET = 17.0;
				LOCALIZATION_PREFERS_STRING_CATALOGS = YES;
				MTL_ENABLE_DEBUG_INFO = NO;
				MTL_FAST_MATH = YES;
				SDKROOT = iphoneos;
				SWIFT_COMPILATION_MODE = wholemodule;
				VALIDATE_PRODUCT = YES;
			};
			name = Release;
		};
		CF5DD9CF2ACEE5A300DEB22E /* Debug */ = {
			isa = XCBuildConfiguration;
			buildSettings = {
				ASSETCATALOG_COMPILER_APPICON_NAME = AppIcon;
				ASSETCATALOG_COMPILER_GLOBAL_ACCENT_COLOR_NAME = AccentColor;
				CODE_SIGN_STYLE = Automatic;
				CURRENT_PROJECT_VERSION = 1;
				DEVELOPMENT_TEAM = SZN854MBPY;
				GENERATE_INFOPLIST_FILE = YES;
				INFOPLIST_FILE = FoodStore/Info.plist;
				INFOPLIST_KEY_UIApplicationSupportsIndirectInputEvents = YES;
				INFOPLIST_KEY_UILaunchStoryboardName = LaunchScreen;
				INFOPLIST_KEY_UIMainStoryboardFile = Main;
				INFOPLIST_KEY_UISupportedInterfaceOrientations_iPad = "UIInterfaceOrientationPortrait UIInterfaceOrientationPortraitUpsideDown UIInterfaceOrientationLandscapeLeft UIInterfaceOrientationLandscapeRight";
				INFOPLIST_KEY_UISupportedInterfaceOrientations_iPhone = "UIInterfaceOrientationPortrait UIInterfaceOrientationLandscapeLeft UIInterfaceOrientationLandscapeRight";
				LD_RUNPATH_SEARCH_PATHS = (
					"$(inherited)",
					"@executable_path/Frameworks",
				);
				MARKETING_VERSION = 1.0;
				PRODUCT_BUNDLE_IDENTIFIER = com.info.FoodStore;
				PRODUCT_NAME = "$(TARGET_NAME)";
				SWIFT_EMIT_LOC_STRINGS = YES;
				SWIFT_VERSION = 5.0;
				TARGETED_DEVICE_FAMILY = "1,2";
			};
			name = Debug;
		};
		CF5DD9D02ACEE5A300DEB22E /* Release */ = {
			isa = XCBuildConfiguration;
			buildSettings = {
				ASSETCATALOG_COMPILER_APPICON_NAME = AppIcon;
				ASSETCATALOG_COMPILER_GLOBAL_ACCENT_COLOR_NAME = AccentColor;
				CODE_SIGN_STYLE = Automatic;
				CURRENT_PROJECT_VERSION = 1;
				DEVELOPMENT_TEAM = SZN854MBPY;
				GENERATE_INFOPLIST_FILE = YES;
				INFOPLIST_FILE = FoodStore/Info.plist;
				INFOPLIST_KEY_UIApplicationSupportsIndirectInputEvents = YES;
				INFOPLIST_KEY_UILaunchStoryboardName = LaunchScreen;
				INFOPLIST_KEY_UIMainStoryboardFile = Main;
				INFOPLIST_KEY_UISupportedInterfaceOrientations_iPad = "UIInterfaceOrientationPortrait UIInterfaceOrientationPortraitUpsideDown UIInterfaceOrientationLandscapeLeft UIInterfaceOrientationLandscapeRight";
				INFOPLIST_KEY_UISupportedInterfaceOrientations_iPhone = "UIInterfaceOrientationPortrait UIInterfaceOrientationLandscapeLeft UIInterfaceOrientationLandscapeRight";
				LD_RUNPATH_SEARCH_PATHS = (
					"$(inherited)",
					"@executable_path/Frameworks",
				);
				MARKETING_VERSION = 1.0;
				PRODUCT_BUNDLE_IDENTIFIER = com.info.FoodStore;
				PRODUCT_NAME = "$(TARGET_NAME)";
				SWIFT_EMIT_LOC_STRINGS = YES;
				SWIFT_VERSION = 5.0;
				TARGETED_DEVICE_FAMILY = "1,2";
			};
			name = Release;
		};
/* End XCBuildConfiguration section */

/* Begin XCConfigurationList section */
		CF5DD9B52ACEE5A100DEB22E /* Build configuration list for PBXProject "FoodStore" */ = {
			isa = XCConfigurationList;
			buildConfigurations = (
				CF5DD9CC2ACEE5A300DEB22E /* Debug */,
				CF5DD9CD2ACEE5A300DEB22E /* Release */,
			);
			defaultConfigurationIsVisible = 0;
			defaultConfigurationName = Release;
		};
		CF5DD9CE2ACEE5A300DEB22E /* Build configuration list for PBXNativeTarget "FoodStore" */ = {
			isa = XCConfigurationList;
			buildConfigurations = (
				CF5DD9CF2ACEE5A300DEB22E /* Debug */,
				CF5DD9D02ACEE5A300DEB22E /* Release */,
			);
			defaultConfigurationIsVisible = 0;
			defaultConfigurationName = Release;
		};
/* End XCConfigurationList section */

/* Begin XCRemoteSwiftPackageReference section */
		CFD952C82AD0531800418000 /* XCRemoteSwiftPackageReference "RxSwift" */ = {
			isa = XCRemoteSwiftPackageReference;
			repositoryURL = "https://github.com/ReactiveX/RxSwift.git";
			requirement = {
				kind = upToNextMajorVersion;
				minimumVersion = 6.6.0;
			};
		};
		CFD952CB2AD0533800418000 /* XCRemoteSwiftPackageReference "Alamofire" */ = {
			isa = XCRemoteSwiftPackageReference;
			repositoryURL = "https://github.com/Alamofire/Alamofire.git";
			requirement = {
				kind = upToNextMajorVersion;
				minimumVersion = 5.8.0;
			};
		};
/* End XCRemoteSwiftPackageReference section */

/* Begin XCSwiftPackageProductDependency section */
		CFD952C92AD0531800418000 /* RxSwift */ = {
			isa = XCSwiftPackageProductDependency;
			package = CFD952C82AD0531800418000 /* XCRemoteSwiftPackageReference "RxSwift" */;
			productName = RxSwift;
		};
		CFD952CC2AD0533800418000 /* Alamofire */ = {
			isa = XCSwiftPackageProductDependency;
			package = CFD952CB2AD0533800418000 /* XCRemoteSwiftPackageReference "Alamofire" */;
			productName = Alamofire;
		};
/* End XCSwiftPackageProductDependency section */
	};
	rootObject = CF5DD9B22ACEE5A100DEB22E /* Project object */;
}
