// !$*UTF8*$!
{
	archiveVersion = 1;
	classes = {
	};
	objectVersion = 56;
	objects = {

/* Begin PBXBuildFile section */
		CF860D292AC33D10009DDE35 /* AppDelegate.swift in Sources */ = {isa = PBXBuildFile; fileRef = CF860D282AC33D10009DDE35 /* AppDelegate.swift */; };
		CF860D2B2AC33D10009DDE35 /* SceneDelegate.swift in Sources */ = {isa = PBXBuildFile; fileRef = CF860D2A2AC33D10009DDE35 /* SceneDelegate.swift */; };
		CF860D2D2AC33D10009DDE35 /* Anasayfa.swift in Sources */ = {isa = PBXBuildFile; fileRef = CF860D2C2AC33D10009DDE35 /* Anasayfa.swift */; };
		CF860D302AC33D10009DDE35 /* Main.storyboard in Resources */ = {isa = PBXBuildFile; fileRef = CF860D2E2AC33D10009DDE35 /* Main.storyboard */; };
		CF860D322AC33D16009DDE35 /* Assets.xcassets in Resources */ = {isa = PBXBuildFile; fileRef = CF860D312AC33D16009DDE35 /* Assets.xcassets */; };
		CF860D352AC33D16009DDE35 /* LaunchScreen.storyboard in Resources */ = {isa = PBXBuildFile; fileRef = CF860D332AC33D16009DDE35 /* LaunchScreen.storyboard */; };
		CF860D3D2AC3403E009DDE35 /* AnasayfaViewModel.swift in Sources */ = {isa = PBXBuildFile; fileRef = CF860D3C2AC3403E009DDE35 /* AnasayfaViewModel.swift */; };
		CF860D402AC34868009DDE35 /* RxSwift in Frameworks */ = {isa = PBXBuildFile; productRef = CF860D3F2AC34868009DDE35 /* RxSwift */; };
		CF860D422AC34CAE009DDE35 /* MatematikRepository.swift in Sources */ = {isa = PBXBuildFile; fileRef = CF860D412AC34CAE009DDE35 /* MatematikRepository.swift */; };
/* End PBXBuildFile section */

/* Begin PBXFileReference section */
		CF860D252AC33D10009DDE35 /* MVVMKullanimi.app */ = {isa = PBXFileReference; explicitFileType = wrapper.application; includeInIndex = 0; path = MVVMKullanimi.app; sourceTree = BUILT_PRODUCTS_DIR; };
		CF860D282AC33D10009DDE35 /* AppDelegate.swift */ = {isa = PBXFileReference; lastKnownFileType = sourcecode.swift; path = AppDelegate.swift; sourceTree = "<group>"; };
		CF860D2A2AC33D10009DDE35 /* SceneDelegate.swift */ = {isa = PBXFileReference; lastKnownFileType = sourcecode.swift; path = SceneDelegate.swift; sourceTree = "<group>"; };
		CF860D2C2AC33D10009DDE35 /* Anasayfa.swift */ = {isa = PBXFileReference; lastKnownFileType = sourcecode.swift; path = Anasayfa.swift; sourceTree = "<group>"; };
		CF860D2F2AC33D10009DDE35 /* Base */ = {isa = PBXFileReference; lastKnownFileType = file.storyboard; name = Base; path = Base.lproj/Main.storyboard; sourceTree = "<group>"; };
		CF860D312AC33D16009DDE35 /* Assets.xcassets */ = {isa = PBXFileReference; lastKnownFileType = folder.assetcatalog; path = Assets.xcassets; sourceTree = "<group>"; };
		CF860D342AC33D16009DDE35 /* Base */ = {isa = PBXFileReference; lastKnownFileType = file.storyboard; name = Base; path = Base.lproj/LaunchScreen.storyboard; sourceTree = "<group>"; };
		CF860D362AC33D16009DDE35 /* Info.plist */ = {isa = PBXFileReference; lastKnownFileType = text.plist.xml; path = Info.plist; sourceTree = "<group>"; };
		CF860D3C2AC3403E009DDE35 /* AnasayfaViewModel.swift */ = {isa = PBXFileReference; lastKnownFileType = sourcecode.swift; path = AnasayfaViewModel.swift; sourceTree = "<group>"; };
		CF860D412AC34CAE009DDE35 /* MatematikRepository.swift */ = {isa = PBXFileReference; lastKnownFileType = sourcecode.swift; path = MatematikRepository.swift; sourceTree = "<group>"; };
/* End PBXFileReference section */

/* Begin PBXFrameworksBuildPhase section */
		CF860D222AC33D10009DDE35 /* Frameworks */ = {
			isa = PBXFrameworksBuildPhase;
			buildActionMask = 2147483647;
			files = (
				CF860D402AC34868009DDE35 /* RxSwift in Frameworks */,
			);
			runOnlyForDeploymentPostprocessing = 0;
		};
/* End PBXFrameworksBuildPhase section */

/* Begin PBXGroup section */
		CF860D1C2AC33D10009DDE35 = {
			isa = PBXGroup;
			children = (
				CF860D272AC33D10009DDE35 /* MVVMKullanimi */,
				CF860D262AC33D10009DDE35 /* Products */,
			);
			sourceTree = "<group>";
		};
		CF860D262AC33D10009DDE35 /* Products */ = {
			isa = PBXGroup;
			children = (
				CF860D252AC33D10009DDE35 /* MVVMKullanimi.app */,
			);
			name = Products;
			sourceTree = "<group>";
		};
		CF860D272AC33D10009DDE35 /* MVVMKullanimi */ = {
			isa = PBXGroup;
			children = (
				CF860D282AC33D10009DDE35 /* AppDelegate.swift */,
				CF860D2A2AC33D10009DDE35 /* SceneDelegate.swift */,
				CF860D2C2AC33D10009DDE35 /* Anasayfa.swift */,
				CF860D3C2AC3403E009DDE35 /* AnasayfaViewModel.swift */,
				CF860D412AC34CAE009DDE35 /* MatematikRepository.swift */,
				CF860D2E2AC33D10009DDE35 /* Main.storyboard */,
				CF860D312AC33D16009DDE35 /* Assets.xcassets */,
				CF860D332AC33D16009DDE35 /* LaunchScreen.storyboard */,
				CF860D362AC33D16009DDE35 /* Info.plist */,
			);
			path = MVVMKullanimi;
			sourceTree = "<group>";
		};
/* End PBXGroup section */

/* Begin PBXNativeTarget section */
		CF860D242AC33D10009DDE35 /* MVVMKullanimi */ = {
			isa = PBXNativeTarget;
			buildConfigurationList = CF860D392AC33D16009DDE35 /* Build configuration list for PBXNativeTarget "MVVMKullanimi" */;
			buildPhases = (
				CF860D212AC33D10009DDE35 /* Sources */,
				CF860D222AC33D10009DDE35 /* Frameworks */,
				CF860D232AC33D10009DDE35 /* Resources */,
			);
			buildRules = (
			);
			dependencies = (
			);
			name = MVVMKullanimi;
			packageProductDependencies = (
				CF860D3F2AC34868009DDE35 /* RxSwift */,
			);
			productName = MVVMKullanimi;
			productReference = CF860D252AC33D10009DDE35 /* MVVMKullanimi.app */;
			productType = "com.apple.product-type.application";
		};
/* End PBXNativeTarget section */

/* Begin PBXProject section */
		CF860D1D2AC33D10009DDE35 /* Project object */ = {
			isa = PBXProject;
			attributes = {
				BuildIndependentTargetsInParallel = 1;
				LastSwiftUpdateCheck = 1500;
				LastUpgradeCheck = 1500;
				TargetAttributes = {
					CF860D242AC33D10009DDE35 = {
						CreatedOnToolsVersion = 15.0;
					};
				};
			};
			buildConfigurationList = CF860D202AC33D10009DDE35 /* Build configuration list for PBXProject "MVVMKullanimi" */;
			compatibilityVersion = "Xcode 14.0";
			developmentRegion = en;
			hasScannedForEncodings = 0;
			knownRegions = (
				en,
				Base,
			);
			mainGroup = CF860D1C2AC33D10009DDE35;
			packageReferences = (
				CF860D3E2AC34868009DDE35 /* XCRemoteSwiftPackageReference "RxSwift" */,
			);
			productRefGroup = CF860D262AC33D10009DDE35 /* Products */;
			projectDirPath = "";
			projectRoot = "";
			targets = (
				CF860D242AC33D10009DDE35 /* MVVMKullanimi */,
			);
		};
/* End PBXProject section */

/* Begin PBXResourcesBuildPhase section */
		CF860D232AC33D10009DDE35 /* Resources */ = {
			isa = PBXResourcesBuildPhase;
			buildActionMask = 2147483647;
			files = (
				CF860D352AC33D16009DDE35 /* LaunchScreen.storyboard in Resources */,
				CF860D322AC33D16009DDE35 /* Assets.xcassets in Resources */,
				CF860D302AC33D10009DDE35 /* Main.storyboard in Resources */,
			);
			runOnlyForDeploymentPostprocessing = 0;
		};
/* End PBXResourcesBuildPhase section */

/* Begin PBXSourcesBuildPhase section */
		CF860D212AC33D10009DDE35 /* Sources */ = {
			isa = PBXSourcesBuildPhase;
			buildActionMask = 2147483647;
			files = (
				CF860D2D2AC33D10009DDE35 /* Anasayfa.swift in Sources */,
				CF860D292AC33D10009DDE35 /* AppDelegate.swift in Sources */,
				CF860D3D2AC3403E009DDE35 /* AnasayfaViewModel.swift in Sources */,
				CF860D2B2AC33D10009DDE35 /* SceneDelegate.swift in Sources */,
				CF860D422AC34CAE009DDE35 /* MatematikRepository.swift in Sources */,
			);
			runOnlyForDeploymentPostprocessing = 0;
		};
/* End PBXSourcesBuildPhase section */

/* Begin PBXVariantGroup section */
		CF860D2E2AC33D10009DDE35 /* Main.storyboard */ = {
			isa = PBXVariantGroup;
			children = (
				CF860D2F2AC33D10009DDE35 /* Base */,
			);
			name = Main.storyboard;
			sourceTree = "<group>";
		};
		CF860D332AC33D16009DDE35 /* LaunchScreen.storyboard */ = {
			isa = PBXVariantGroup;
			children = (
				CF860D342AC33D16009DDE35 /* Base */,
			);
			name = LaunchScreen.storyboard;
			sourceTree = "<group>";
		};
/* End PBXVariantGroup section */

/* Begin XCBuildConfiguration section */
		CF860D372AC33D16009DDE35 /* Debug */ = {
			isa = XCBuildConfiguration;
			buildSettings = {
				ALWAYS_SEARCH_USER_PATHS = NO;
				ASSETCATALOG_COMPILER_GENERATE_SWIFT_ASSET_SYMBOL_EXTENSIONS = YES;
				CLANG_ANALYZER_NONNULL = YES;
				CLANG_ANALYZER_NUMBER_OBJECT_CONVERSION = YES_AGGRESSIVE;
				CLANG_CXX_LANGUAGE_STANDARD = "gnu++20";
				CLANG_ENABLE_MODULES = YES;
				CLANG_ENABLE_OBJC_ARC = YES;
				CLANG_ENABLE_OBJC_WEAK = YES;
				CLANG_WARN_BLOCK_CAPTURE_AUTORELEASING = YES;
				CLANG_WARN_BOOL_CONVERSION = YES;
				CLANG_WARN_COMMA = YES;
				CLANG_WARN_CONSTANT_CONVERSION = YES;
				CLANG_WARN_DEPRECATED_OBJC_IMPLEMENTATIONS = YES;
				CLANG_WARN_DIRECT_OBJC_ISA_USAGE = YES_ERROR;
				CLANG_WARN_DOCUMENTATION_COMMENTS = YES;
				CLANG_WARN_EMPTY_BODY = YES;
				CLANG_WARN_ENUM_CONVERSION = YES;
				CLANG_WARN_INFINITE_RECURSION = YES;
				CLANG_WARN_INT_CONVERSION = YES;
				CLANG_WARN_NON_LITERAL_NULL_CONVERSION = YES;
				CLANG_WARN_OBJC_IMPLICIT_RETAIN_SELF = YES;
				CLANG_WARN_OBJC_LITERAL_CONVERSION = YES;
				CLANG_WARN_OBJC_ROOT_CLASS = YES_ERROR;
				CLANG_WARN_QUOTED_INCLUDE_IN_FRAMEWORK_HEADER = YES;
				CLANG_WARN_RANGE_LOOP_ANALYSIS = YES;
				CLANG_WARN_STRICT_PROTOTYPES = YES;
				CLANG_WARN_SUSPICIOUS_MOVE = YES;
				CLANG_WARN_UNGUARDED_AVAILABILITY = YES_AGGRESSIVE;
				CLANG_WARN_UNREACHABLE_CODE = YES;
				CLANG_WARN__DUPLICATE_METHOD_MATCH = YES;
				COPY_PHASE_STRIP = NO;
				DEBUG_INFORMATION_FORMAT = dwarf;
				ENABLE_STRICT_OBJC_MSGSEND = YES;
				ENABLE_TESTABILITY = YES;
				ENABLE_USER_SCRIPT_SANDBOXING = YES;
				GCC_C_LANGUAGE_STANDARD = gnu17;
				GCC_DYNAMIC_NO_PIC = NO;
				GCC_NO_COMMON_BLOCKS = YES;
				GCC_OPTIMIZATION_LEVEL = 0;
				GCC_PREPROCESSOR_DEFINITIONS = (
					"DEBUG=1",
					"$(inherited)",
				);
				GCC_WARN_64_TO_32_BIT_CONVERSION = YES;
				GCC_WARN_ABOUT_RETURN_TYPE = YES_ERROR;
				GCC_WARN_UNDECLARED_SELECTOR = YES;
				GCC_WARN_UNINITIALIZED_AUTOS = YES_AGGRESSIVE;
				GCC_WARN_UNUSED_FUNCTION = YES;
				GCC_WARN_UNUSED_VARIABLE = YES;
				IPHONEOS_DEPLOYMENT_TARGET = 17.0;
				LOCALIZATION_PREFERS_STRING_CATALOGS = YES;
				MTL_ENABLE_DEBUG_INFO = INCLUDE_SOURCE;
				MTL_FAST_MATH = YES;
				ONLY_ACTIVE_ARCH = YES;
				SDKROOT = iphoneos;
				SWIFT_ACTIVE_COMPILATION_CONDITIONS = "DEBUG $(inherited)";
				SWIFT_OPTIMIZATION_LEVEL = "-Onone";
			};
			name = Debug;
		};
		CF860D382AC33D16009DDE35 /* Release */ = {
			isa = XCBuildConfiguration;
			buildSettings = {
				ALWAYS_SEARCH_USER_PATHS = NO;
				ASSETCATALOG_COMPILER_GENERATE_SWIFT_ASSET_SYMBOL_EXTENSIONS = YES;
				CLANG_ANALYZER_NONNULL = YES;
				CLANG_ANALYZER_NUMBER_OBJECT_CONVERSION = YES_AGGRESSIVE;
				CLANG_CXX_LANGUAGE_STANDARD = "gnu++20";
				CLANG_ENABLE_MODULES = YES;
				CLANG_ENABLE_OBJC_ARC = YES;
				CLANG_ENABLE_OBJC_WEAK = YES;
				CLANG_WARN_BLOCK_CAPTURE_AUTORELEASING = YES;
				CLANG_WARN_BOOL_CONVERSION = YES;
				CLANG_WARN_COMMA = YES;
				CLANG_WARN_CONSTANT_CONVERSION = YES;
				CLANG_WARN_DEPRECATED_OBJC_IMPLEMENTATIONS = YES;
				CLANG_WARN_DIRECT_OBJC_ISA_USAGE = YES_ERROR;
				CLANG_WARN_DOCUMENTATION_COMMENTS = YES;
				CLANG_WARN_EMPTY_BODY = YES;
				CLANG_WARN_ENUM_CONVERSION = YES;
				CLANG_WARN_INFINITE_RECURSION = YES;
				CLANG_WARN_INT_CONVERSION = YES;
				CLANG_WARN_NON_LITERAL_NULL_CONVERSION = YES;
				CLANG_WARN_OBJC_IMPLICIT_RETAIN_SELF = YES;
				CLANG_WARN_OBJC_LITERAL_CONVERSION = YES;
				CLANG_WARN_OBJC_ROOT_CLASS = YES_ERROR;
				CLANG_WARN_QUOTED_INCLUDE_IN_FRAMEWORK_HEADER = YES;
				CLANG_WARN_RANGE_LOOP_ANALYSIS = YES;
				CLANG_WARN_STRICT_PROTOTYPES = YES;
				CLANG_WARN_SUSPICIOUS_MOVE = YES;
				CLANG_WARN_UNGUARDED_AVAILABILITY = YES_AGGRESSIVE;
				CLANG_WARN_UNREACHABLE_CODE = YES;
				CLANG_WARN__DUPLICATE_METHOD_MATCH = YES;
				COPY_PHASE_STRIP = NO;
				DEBUG_INFORMATION_FORMAT = "dwarf-with-dsym";
				ENABLE_NS_ASSERTIONS = NO;
				ENABLE_STRICT_OBJC_MSGSEND = YES;
				ENABLE_USER_SCRIPT_SANDBOXING = YES;
				GCC_C_LANGUAGE_STANDARD = gnu17;
				GCC_NO_COMMON_BLOCKS = YES;
				GCC_WARN_64_TO_32_BIT_CONVERSION = YES;
				GCC_WARN_ABOUT_RETURN_TYPE = YES_ERROR;
				GCC_WARN_UNDECLARED_SELECTOR = YES;
				GCC_WARN_UNINITIALIZED_AUTOS = YES_AGGRESSIVE;
				GCC_WARN_UNUSED_FUNCTION = YES;
				GCC_WARN_UNUSED_VARIABLE = YES;
				IPHONEOS_DEPLOYMENT_TARGET = 17.0;
				LOCALIZATION_PREFERS_STRING_CATALOGS = YES;
				MTL_ENABLE_DEBUG_INFO = NO;
				MTL_FAST_MATH = YES;
				SDKROOT = iphoneos;
				SWIFT_COMPILATION_MODE = wholemodule;
				VALIDATE_PRODUCT = YES;
			};
			name = Release;
		};
		CF860D3A2AC33D16009DDE35 /* Debug */ = {
			isa = XCBuildConfiguration;
			buildSettings = {
				ASSETCATALOG_COMPILER_APPICON_NAME = AppIcon;
				ASSETCATALOG_COMPILER_GLOBAL_ACCENT_COLOR_NAME = AccentColor;
				CODE_SIGN_STYLE = Automatic;
				CURRENT_PROJECT_VERSION = 1;
				DEVELOPMENT_TEAM = SZN854MBPY;
				GENERATE_INFOPLIST_FILE = YES;
				INFOPLIST_FILE = MVVMKullanimi/Info.plist;
				INFOPLIST_KEY_UIApplicationSupportsIndirectInputEvents = YES;
				INFOPLIST_KEY_UILaunchStoryboardName = LaunchScreen;
				INFOPLIST_KEY_UIMainStoryboardFile = Main;
				INFOPLIST_KEY_UISupportedInterfaceOrientations_iPad = "UIInterfaceOrientationPortrait UIInterfaceOrientationPortraitUpsideDown UIInterfaceOrientationLandscapeLeft UIInterfaceOrientationLandscapeRight";
				INFOPLIST_KEY_UISupportedInterfaceOrientations_iPhone = "UIInterfaceOrientationPortrait UIInterfaceOrientationLandscapeLeft UIInterfaceOrientationLandscapeRight";
				LD_RUNPATH_SEARCH_PATHS = (
					"$(inherited)",
					"@executable_path/Frameworks",
				);
				MARKETING_VERSION = 1.0;
				PRODUCT_BUNDLE_IDENTIFIER = com.info.MVVMKullanimi;
				PRODUCT_NAME = "$(TARGET_NAME)";
				SWIFT_EMIT_LOC_STRINGS = YES;
				SWIFT_VERSION = 5.0;
				TARGETED_DEVICE_FAMILY = "1,2";
			};
			name = Debug;
		};
		CF860D3B2AC33D16009DDE35 /* Release */ = {
			isa = XCBuildConfiguration;
			buildSettings = {
				ASSETCATALOG_COMPILER_APPICON_NAME = AppIcon;
				ASSETCATALOG_COMPILER_GLOBAL_ACCENT_COLOR_NAME = AccentColor;
				CODE_SIGN_STYLE = Automatic;
				CURRENT_PROJECT_VERSION = 1;
				DEVELOPMENT_TEAM = SZN854MBPY;
				GENERATE_INFOPLIST_FILE = YES;
				INFOPLIST_FILE = MVVMKullanimi/Info.plist;
				INFOPLIST_KEY_UIApplicationSupportsIndirectInputEvents = YES;
				INFOPLIST_KEY_UILaunchStoryboardName = LaunchScreen;
				INFOPLIST_KEY_UIMainStoryboardFile = Main;
				INFOPLIST_KEY_UISupportedInterfaceOrientations_iPad = "UIInterfaceOrientationPortrait UIInterfaceOrientationPortraitUpsideDown UIInterfaceOrientationLandscapeLeft UIInterfaceOrientationLandscapeRight";
				INFOPLIST_KEY_UISupportedInterfaceOrientations_iPhone = "UIInterfaceOrientationPortrait UIInterfaceOrientationLandscapeLeft UIInterfaceOrientationLandscapeRight";
				LD_RUNPATH_SEARCH_PATHS = (
					"$(inherited)",
					"@executable_path/Frameworks",
				);
				MARKETING_VERSION = 1.0;
				PRODUCT_BUNDLE_IDENTIFIER = com.info.MVVMKullanimi;
				PRODUCT_NAME = "$(TARGET_NAME)";
				SWIFT_EMIT_LOC_STRINGS = YES;
				SWIFT_VERSION = 5.0;
				TARGETED_DEVICE_FAMILY = "1,2";
			};
			name = Release;
		};
/* End XCBuildConfiguration section */

/* Begin XCConfigurationList section */
		CF860D202AC33D10009DDE35 /* Build configuration list for PBXProject "MVVMKullanimi" */ = {
			isa = XCConfigurationList;
			buildConfigurations = (
				CF860D372AC33D16009DDE35 /* Debug */,
				CF860D382AC33D16009DDE35 /* Release */,
			);
			defaultConfigurationIsVisible = 0;
			defaultConfigurationName = Release;
		};
		CF860D392AC33D16009DDE35 /* Build configuration list for PBXNativeTarget "MVVMKullanimi" */ = {
			isa = XCConfigurationList;
			buildConfigurations = (
				CF860D3A2AC33D16009DDE35 /* Debug */,
				CF860D3B2AC33D16009DDE35 /* Release */,
			);
			defaultConfigurationIsVisible = 0;
			defaultConfigurationName = Release;
		};
/* End XCConfigurationList section */

/* Begin XCRemoteSwiftPackageReference section */
		CF860D3E2AC34868009DDE35 /* XCRemoteSwiftPackageReference "RxSwift" */ = {
			isa = XCRemoteSwiftPackageReference;
			repositoryURL = "https://github.com/ReactiveX/RxSwift.git";
			requirement = {
				kind = upToNextMajorVersion;
				minimumVersion = 6.0.0;
			};
		};
/* End XCRemoteSwiftPackageReference section */

/* Begin XCSwiftPackageProductDependency section */
		CF860D3F2AC34868009DDE35 /* RxSwift */ = {
			isa = XCSwiftPackageProductDependency;
			package = CF860D3E2AC34868009DDE35 /* XCRemoteSwiftPackageReference "RxSwift" */;
			productName = RxSwift;
		};
/* End XCSwiftPackageProductDependency section */
	};
	rootObject = CF860D1D2AC33D10009DDE35 /* Project object */;
}
