// !$*UTF8*$!
{
	archiveVersion = 1;
	classes = {
	};
	objectVersion = 56;
	objects = {

/* Begin PBXBuildFile section */
		CF5643CE2AB76BEB001E6C2A /* AppDelegate.swift in Sources */ = {isa = PBXBuildFile; fileRef = CF5643CD2AB76BEB001E6C2A /* AppDelegate.swift */; };
		CF5643D02AB76BEB001E6C2A /* SceneDelegate.swift in Sources */ = {isa = PBXBuildFile; fileRef = CF5643CF2AB76BEB001E6C2A /* SceneDelegate.swift */; };
		CF5643D22AB76BEB001E6C2A /* Anasayfa.swift in Sources */ = {isa = PBXBuildFile; fileRef = CF5643D12AB76BEB001E6C2A /* Anasayfa.swift */; };
		CF5643D52AB76BEB001E6C2A /* Main.storyboard in Resources */ = {isa = PBXBuildFile; fileRef = CF5643D32AB76BEB001E6C2A /* Main.storyboard */; };
		CF5643D72AB76BF0001E6C2A /* Assets.xcassets in Resources */ = {isa = PBXBuildFile; fileRef = CF5643D62AB76BF0001E6C2A /* Assets.xcassets */; };
		CF5643DA2AB76BF0001E6C2A /* LaunchScreen.storyboard in Resources */ = {isa = PBXBuildFile; fileRef = CF5643D82AB76BF0001E6C2A /* LaunchScreen.storyboard */; };
		CF5643E22AB76C5E001E6C2A /* Ayarlar.swift in Sources */ = {isa = PBXBuildFile; fileRef = CF5643E12AB76C5E001E6C2A /* Ayarlar.swift */; };
		CF5643E42AB77298001E6C2A /* AnasayfaDetay.swift in Sources */ = {isa = PBXBuildFile; fileRef = CF5643E32AB77298001E6C2A /* AnasayfaDetay.swift */; };
		CF5643E62AB772A6001E6C2A /* AyarlarDetay.swift in Sources */ = {isa = PBXBuildFile; fileRef = CF5643E52AB772A6001E6C2A /* AyarlarDetay.swift */; };
/* End PBXBuildFile section */

/* Begin PBXFileReference section */
		CF5643CA2AB76BEB001E6C2A /* TabBarKullanimi.app */ = {isa = PBXFileReference; explicitFileType = wrapper.application; includeInIndex = 0; path = TabBarKullanimi.app; sourceTree = BUILT_PRODUCTS_DIR; };
		CF5643CD2AB76BEB001E6C2A /* AppDelegate.swift */ = {isa = PBXFileReference; lastKnownFileType = sourcecode.swift; path = AppDelegate.swift; sourceTree = "<group>"; };
		CF5643CF2AB76BEB001E6C2A /* SceneDelegate.swift */ = {isa = PBXFileReference; lastKnownFileType = sourcecode.swift; path = SceneDelegate.swift; sourceTree = "<group>"; };
		CF5643D12AB76BEB001E6C2A /* Anasayfa.swift */ = {isa = PBXFileReference; lastKnownFileType = sourcecode.swift; path = Anasayfa.swift; sourceTree = "<group>"; };
		CF5643D42AB76BEB001E6C2A /* Base */ = {isa = PBXFileReference; lastKnownFileType = file.storyboard; name = Base; path = Base.lproj/Main.storyboard; sourceTree = "<group>"; };
		CF5643D62AB76BF0001E6C2A /* Assets.xcassets */ = {isa = PBXFileReference; lastKnownFileType = folder.assetcatalog; path = Assets.xcassets; sourceTree = "<group>"; };
		CF5643D92AB76BF0001E6C2A /* Base */ = {isa = PBXFileReference; lastKnownFileType = file.storyboard; name = Base; path = Base.lproj/LaunchScreen.storyboard; sourceTree = "<group>"; };
		CF5643DB2AB76BF0001E6C2A /* Info.plist */ = {isa = PBXFileReference; lastKnownFileType = text.plist.xml; path = Info.plist; sourceTree = "<group>"; };
		CF5643E12AB76C5E001E6C2A /* Ayarlar.swift */ = {isa = PBXFileReference; lastKnownFileType = sourcecode.swift; path = Ayarlar.swift; sourceTree = "<group>"; };
		CF5643E32AB77298001E6C2A /* AnasayfaDetay.swift */ = {isa = PBXFileReference; lastKnownFileType = sourcecode.swift; path = AnasayfaDetay.swift; sourceTree = "<group>"; };
		CF5643E52AB772A6001E6C2A /* AyarlarDetay.swift */ = {isa = PBXFileReference; lastKnownFileType = sourcecode.swift; path = AyarlarDetay.swift; sourceTree = "<group>"; };
/* End PBXFileReference section */

/* Begin PBXFrameworksBuildPhase section */
		CF5643C72AB76BEB001E6C2A /* Frameworks */ = {
			isa = PBXFrameworksBuildPhase;
			buildActionMask = 2147483647;
			files = (
			);
			runOnlyForDeploymentPostprocessing = 0;
		};
/* End PBXFrameworksBuildPhase section */

/* Begin PBXGroup section */
		CF5643C12AB76BEA001E6C2A = {
			isa = PBXGroup;
			children = (
				CF5643CC2AB76BEB001E6C2A /* TabBarKullanimi */,
				CF5643CB2AB76BEB001E6C2A /* Products */,
			);
			sourceTree = "<group>";
		};
		CF5643CB2AB76BEB001E6C2A /* Products */ = {
			isa = PBXGroup;
			children = (
				CF5643CA2AB76BEB001E6C2A /* TabBarKullanimi.app */,
			);
			name = Products;
			sourceTree = "<group>";
		};
		CF5643CC2AB76BEB001E6C2A /* TabBarKullanimi */ = {
			isa = PBXGroup;
			children = (
				CF5643CD2AB76BEB001E6C2A /* AppDelegate.swift */,
				CF5643CF2AB76BEB001E6C2A /* SceneDelegate.swift */,
				CF5643D12AB76BEB001E6C2A /* Anasayfa.swift */,
				CF5643E12AB76C5E001E6C2A /* Ayarlar.swift */,
				CF5643E32AB77298001E6C2A /* AnasayfaDetay.swift */,
				CF5643E52AB772A6001E6C2A /* AyarlarDetay.swift */,
				CF5643D32AB76BEB001E6C2A /* Main.storyboard */,
				CF5643D62AB76BF0001E6C2A /* Assets.xcassets */,
				CF5643D82AB76BF0001E6C2A /* LaunchScreen.storyboard */,
				CF5643DB2AB76BF0001E6C2A /* Info.plist */,
			);
			path = TabBarKullanimi;
			sourceTree = "<group>";
		};
/* End PBXGroup section */

/* Begin PBXNativeTarget section */
		CF5643C92AB76BEB001E6C2A /* TabBarKullanimi */ = {
			isa = PBXNativeTarget;
			buildConfigurationList = CF5643DE2AB76BF0001E6C2A /* Build configuration list for PBXNativeTarget "TabBarKullanimi" */;
			buildPhases = (
				CF5643C62AB76BEB001E6C2A /* Sources */,
				CF5643C72AB76BEB001E6C2A /* Frameworks */,
				CF5643C82AB76BEB001E6C2A /* Resources */,
			);
			buildRules = (
			);
			dependencies = (
			);
			name = TabBarKullanimi;
			productName = TabBarKullanimi;
			productReference = CF5643CA2AB76BEB001E6C2A /* TabBarKullanimi.app */;
			productType = "com.apple.product-type.application";
		};
/* End PBXNativeTarget section */

/* Begin PBXProject section */
		CF5643C22AB76BEA001E6C2A /* Project object */ = {
			isa = PBXProject;
			attributes = {
				BuildIndependentTargetsInParallel = 1;
				LastSwiftUpdateCheck = 1500;
				LastUpgradeCheck = 1500;
				TargetAttributes = {
					CF5643C92AB76BEB001E6C2A = {
						CreatedOnToolsVersion = 15.0;
					};
				};
			};
			buildConfigurationList = CF5643C52AB76BEA001E6C2A /* Build configuration list for PBXProject "TabBarKullanimi" */;
			compatibilityVersion = "Xcode 14.0";
			developmentRegion = en;
			hasScannedForEncodings = 0;
			knownRegions = (
				en,
				Base,
			);
			mainGroup = CF5643C12AB76BEA001E6C2A;
			productRefGroup = CF5643CB2AB76BEB001E6C2A /* Products */;
			projectDirPath = "";
			projectRoot = "";
			targets = (
				CF5643C92AB76BEB001E6C2A /* TabBarKullanimi */,
			);
		};
/* End PBXProject section */

/* Begin PBXResourcesBuildPhase section */
		CF5643C82AB76BEB001E6C2A /* Resources */ = {
			isa = PBXResourcesBuildPhase;
			buildActionMask = 2147483647;
			files = (
				CF5643DA2AB76BF0001E6C2A /* LaunchScreen.storyboard in Resources */,
				CF5643D72AB76BF0001E6C2A /* Assets.xcassets in Resources */,
				CF5643D52AB76BEB001E6C2A /* Main.storyboard in Resources */,
			);
			runOnlyForDeploymentPostprocessing = 0;
		};
/* End PBXResourcesBuildPhase section */

/* Begin PBXSourcesBuildPhase section */
		CF5643C62AB76BEB001E6C2A /* Sources */ = {
			isa = PBXSourcesBuildPhase;
			buildActionMask = 2147483647;
			files = (
				CF5643E62AB772A6001E6C2A /* AyarlarDetay.swift in Sources */,
				CF5643E42AB77298001E6C2A /* AnasayfaDetay.swift in Sources */,
				CF5643E22AB76C5E001E6C2A /* Ayarlar.swift in Sources */,
				CF5643D22AB76BEB001E6C2A /* Anasayfa.swift in Sources */,
				CF5643CE2AB76BEB001E6C2A /* AppDelegate.swift in Sources */,
				CF5643D02AB76BEB001E6C2A /* SceneDelegate.swift in Sources */,
			);
			runOnlyForDeploymentPostprocessing = 0;
		};
/* End PBXSourcesBuildPhase section */

/* Begin PBXVariantGroup section */
		CF5643D32AB76BEB001E6C2A /* Main.storyboard */ = {
			isa = PBXVariantGroup;
			children = (
				CF5643D42AB76BEB001E6C2A /* Base */,
			);
			name = Main.storyboard;
			sourceTree = "<group>";
		};
		CF5643D82AB76BF0001E6C2A /* LaunchScreen.storyboard */ = {
			isa = PBXVariantGroup;
			children = (
				CF5643D92AB76BF0001E6C2A /* Base */,
			);
			name = LaunchScreen.storyboard;
			sourceTree = "<group>";
		};
/* End PBXVariantGroup section */

/* Begin XCBuildConfiguration section */
		CF5643DC2AB76BF0001E6C2A /* Debug */ = {
			isa = XCBuildConfiguration;
			buildSettings = {
				ALWAYS_SEARCH_USER_PATHS = NO;
				ASSETCATALOG_COMPILER_GENERATE_SWIFT_ASSET_SYMBOL_EXTENSIONS = YES;
				CLANG_ANALYZER_NONNULL = YES;
				CLANG_ANALYZER_NUMBER_OBJECT_CONVERSION = YES_AGGRESSIVE;
				CLANG_CXX_LANGUAGE_STANDARD = "gnu++20";
				CLANG_ENABLE_MODULES = YES;
				CLANG_ENABLE_OBJC_ARC = YES;
				CLANG_ENABLE_OBJC_WEAK = YES;
				CLANG_WARN_BLOCK_CAPTURE_AUTORELEASING = YES;
				CLANG_WARN_BOOL_CONVERSION = YES;
				CLANG_WARN_COMMA = YES;
				CLANG_WARN_CONSTANT_CONVERSION = YES;
				CLANG_WARN_DEPRECATED_OBJC_IMPLEMENTATIONS = YES;
				CLANG_WARN_DIRECT_OBJC_ISA_USAGE = YES_ERROR;
				CLANG_WARN_DOCUMENTATION_COMMENTS = YES;
				CLANG_WARN_EMPTY_BODY = YES;
				CLANG_WARN_ENUM_CONVERSION = YES;
				CLANG_WARN_INFINITE_RECURSION = YES;
				CLANG_WARN_INT_CONVERSION = YES;
				CLANG_WARN_NON_LITERAL_NULL_CONVERSION = YES;
				CLANG_WARN_OBJC_IMPLICIT_RETAIN_SELF = YES;
				CLANG_WARN_OBJC_LITERAL_CONVERSION = YES;
				CLANG_WARN_OBJC_ROOT_CLASS = YES_ERROR;
				CLANG_WARN_QUOTED_INCLUDE_IN_FRAMEWORK_HEADER = YES;
				CLANG_WARN_RANGE_LOOP_ANALYSIS = YES;
				CLANG_WARN_STRICT_PROTOTYPES = YES;
				CLANG_WARN_SUSPICIOUS_MOVE = YES;
				CLANG_WARN_UNGUARDED_AVAILABILITY = YES_AGGRESSIVE;
				CLANG_WARN_UNREACHABLE_CODE = YES;
				CLANG_WARN__DUPLICATE_METHOD_MATCH = YES;
				COPY_PHASE_STRIP = NO;
				DEBUG_INFORMATION_FORMAT = dwarf;
				ENABLE_STRICT_OBJC_MSGSEND = YES;
				ENABLE_TESTABILITY = YES;
				ENABLE_USER_SCRIPT_SANDBOXING = YES;
				GCC_C_LANGUAGE_STANDARD = gnu17;
				GCC_DYNAMIC_NO_PIC = NO;
				GCC_NO_COMMON_BLOCKS = YES;
				GCC_OPTIMIZATION_LEVEL = 0;
				GCC_PREPROCESSOR_DEFINITIONS = (
					"DEBUG=1",
					"$(inherited)",
				);
				GCC_WARN_64_TO_32_BIT_CONVERSION = YES;
				GCC_WARN_ABOUT_RETURN_TYPE = YES_ERROR;
				GCC_WARN_UNDECLARED_SELECTOR = YES;
				GCC_WARN_UNINITIALIZED_AUTOS = YES_AGGRESSIVE;
				GCC_WARN_UNUSED_FUNCTION = YES;
				GCC_WARN_UNUSED_VARIABLE = YES;
				IPHONEOS_DEPLOYMENT_TARGET = 17.0;
				LOCALIZATION_PREFERS_STRING_CATALOGS = YES;
				MTL_ENABLE_DEBUG_INFO = INCLUDE_SOURCE;
				MTL_FAST_MATH = YES;
				ONLY_ACTIVE_ARCH = YES;
				SDKROOT = iphoneos;
				SWIFT_ACTIVE_COMPILATION_CONDITIONS = "DEBUG $(inherited)";
				SWIFT_OPTIMIZATION_LEVEL = "-Onone";
			};
			name = Debug;
		};
		CF5643DD2AB76BF0001E6C2A /* Release */ = {
			isa = XCBuildConfiguration;
			buildSettings = {
				ALWAYS_SEARCH_USER_PATHS = NO;
				ASSETCATALOG_COMPILER_GENERATE_SWIFT_ASSET_SYMBOL_EXTENSIONS = YES;
				CLANG_ANALYZER_NONNULL = YES;
				CLANG_ANALYZER_NUMBER_OBJECT_CONVERSION = YES_AGGRESSIVE;
				CLANG_CXX_LANGUAGE_STANDARD = "gnu++20";
				CLANG_ENABLE_MODULES = YES;
				CLANG_ENABLE_OBJC_ARC = YES;
				CLANG_ENABLE_OBJC_WEAK = YES;
				CLANG_WARN_BLOCK_CAPTURE_AUTORELEASING = YES;
				CLANG_WARN_BOOL_CONVERSION = YES;
				CLANG_WARN_COMMA = YES;
				CLANG_WARN_CONSTANT_CONVERSION = YES;
				CLANG_WARN_DEPRECATED_OBJC_IMPLEMENTATIONS = YES;
				CLANG_WARN_DIRECT_OBJC_ISA_USAGE = YES_ERROR;
				CLANG_WARN_DOCUMENTATION_COMMENTS = YES;
				CLANG_WARN_EMPTY_BODY = YES;
				CLANG_WARN_ENUM_CONVERSION = YES;
				CLANG_WARN_INFINITE_RECURSION = YES;
				CLANG_WARN_INT_CONVERSION = YES;
				CLANG_WARN_NON_LITERAL_NULL_CONVERSION = YES;
				CLANG_WARN_OBJC_IMPLICIT_RETAIN_SELF = YES;
				CLANG_WARN_OBJC_LITERAL_CONVERSION = YES;
				CLANG_WARN_OBJC_ROOT_CLASS = YES_ERROR;
				CLANG_WARN_QUOTED_INCLUDE_IN_FRAMEWORK_HEADER = YES;
				CLANG_WARN_RANGE_LOOP_ANALYSIS = YES;
				CLANG_WARN_STRICT_PROTOTYPES = YES;
				CLANG_WARN_SUSPICIOUS_MOVE = YES;
				CLANG_WARN_UNGUARDED_AVAILABILITY = YES_AGGRESSIVE;
				CLANG_WARN_UNREACHABLE_CODE = YES;
				CLANG_WARN__DUPLICATE_METHOD_MATCH = YES;
				COPY_PHASE_STRIP = NO;
				DEBUG_INFORMATION_FORMAT = "dwarf-with-dsym";
				ENABLE_NS_ASSERTIONS = NO;
				ENABLE_STRICT_OBJC_MSGSEND = YES;
				ENABLE_USER_SCRIPT_SANDBOXING = YES;
				GCC_C_LANGUAGE_STANDARD = gnu17;
				GCC_NO_COMMON_BLOCKS = YES;
				GCC_WARN_64_TO_32_BIT_CONVERSION = YES;
				GCC_WARN_ABOUT_RETURN_TYPE = YES_ERROR;
				GCC_WARN_UNDECLARED_SELECTOR = YES;
				GCC_WARN_UNINITIALIZED_AUTOS = YES_AGGRESSIVE;
				GCC_WARN_UNUSED_FUNCTION = YES;
				GCC_WARN_UNUSED_VARIABLE = YES;
				IPHONEOS_DEPLOYMENT_TARGET = 17.0;
				LOCALIZATION_PREFERS_STRING_CATALOGS = YES;
				MTL_ENABLE_DEBUG_INFO = NO;
				MTL_FAST_MATH = YES;
				SDKROOT = iphoneos;
				SWIFT_COMPILATION_MODE = wholemodule;
				VALIDATE_PRODUCT = YES;
			};
			name = Release;
		};
		CF5643DF2AB76BF0001E6C2A /* Debug */ = {
			isa = XCBuildConfiguration;
			buildSettings = {
				ASSETCATALOG_COMPILER_APPICON_NAME = AppIcon;
				ASSETCATALOG_COMPILER_GLOBAL_ACCENT_COLOR_NAME = AccentColor;
				CODE_SIGN_STYLE = Automatic;
				CURRENT_PROJECT_VERSION = 1;
				DEVELOPMENT_TEAM = SZN854MBPY;
				GENERATE_INFOPLIST_FILE = YES;
				INFOPLIST_FILE = TabBarKullanimi/Info.plist;
				INFOPLIST_KEY_UIApplicationSupportsIndirectInputEvents = YES;
				INFOPLIST_KEY_UILaunchStoryboardName = LaunchScreen;
				INFOPLIST_KEY_UIMainStoryboardFile = Main;
				INFOPLIST_KEY_UISupportedInterfaceOrientations_iPad = "UIInterfaceOrientationPortrait UIInterfaceOrientationPortraitUpsideDown UIInterfaceOrientationLandscapeLeft UIInterfaceOrientationLandscapeRight";
				INFOPLIST_KEY_UISupportedInterfaceOrientations_iPhone = "UIInterfaceOrientationPortrait UIInterfaceOrientationLandscapeLeft UIInterfaceOrientationLandscapeRight";
				LD_RUNPATH_SEARCH_PATHS = (
					"$(inherited)",
					"@executable_path/Frameworks",
				);
				MARKETING_VERSION = 1.0;
				PRODUCT_BUNDLE_IDENTIFIER = com.info.TabBarKullanimi;
				PRODUCT_NAME = "$(TARGET_NAME)";
				SWIFT_EMIT_LOC_STRINGS = YES;
				SWIFT_VERSION = 5.0;
				TARGETED_DEVICE_FAMILY = "1,2";
			};
			name = Debug;
		};
		CF5643E02AB76BF0001E6C2A /* Release */ = {
			isa = XCBuildConfiguration;
			buildSettings = {
				ASSETCATALOG_COMPILER_APPICON_NAME = AppIcon;
				ASSETCATALOG_COMPILER_GLOBAL_ACCENT_COLOR_NAME = AccentColor;
				CODE_SIGN_STYLE = Automatic;
				CURRENT_PROJECT_VERSION = 1;
				DEVELOPMENT_TEAM = SZN854MBPY;
				GENERATE_INFOPLIST_FILE = YES;
				INFOPLIST_FILE = TabBarKullanimi/Info.plist;
				INFOPLIST_KEY_UIApplicationSupportsIndirectInputEvents = YES;
				INFOPLIST_KEY_UILaunchStoryboardName = LaunchScreen;
				INFOPLIST_KEY_UIMainStoryboardFile = Main;
				INFOPLIST_KEY_UISupportedInterfaceOrientations_iPad = "UIInterfaceOrientationPortrait UIInterfaceOrientationPortraitUpsideDown UIInterfaceOrientationLandscapeLeft UIInterfaceOrientationLandscapeRight";
				INFOPLIST_KEY_UISupportedInterfaceOrientations_iPhone = "UIInterfaceOrientationPortrait UIInterfaceOrientationLandscapeLeft UIInterfaceOrientationLandscapeRight";
				LD_RUNPATH_SEARCH_PATHS = (
					"$(inherited)",
					"@executable_path/Frameworks",
				);
				MARKETING_VERSION = 1.0;
				PRODUCT_BUNDLE_IDENTIFIER = com.info.TabBarKullanimi;
				PRODUCT_NAME = "$(TARGET_NAME)";
				SWIFT_EMIT_LOC_STRINGS = YES;
				SWIFT_VERSION = 5.0;
				TARGETED_DEVICE_FAMILY = "1,2";
			};
			name = Release;
		};
/* End XCBuildConfiguration section */

/* Begin XCConfigurationList section */
		CF5643C52AB76BEA001E6C2A /* Build configuration list for PBXProject "TabBarKullanimi" */ = {
			isa = XCConfigurationList;
			buildConfigurations = (
				CF5643DC2AB76BF0001E6C2A /* Debug */,
				CF5643DD2AB76BF0001E6C2A /* Release */,
			);
			defaultConfigurationIsVisible = 0;
			defaultConfigurationName = Release;
		};
		CF5643DE2AB76BF0001E6C2A /* Build configuration list for PBXNativeTarget "TabBarKullanimi" */ = {
			isa = XCConfigurationList;
			buildConfigurations = (
				CF5643DF2AB76BF0001E6C2A /* Debug */,
				CF5643E02AB76BF0001E6C2A /* Release */,
			);
			defaultConfigurationIsVisible = 0;
			defaultConfigurationName = Release;
		};
/* End XCConfigurationList section */
	};
	rootObject = CF5643C22AB76BEA001E6C2A /* Project object */;
}
