// !$*UTF8*$!
{
	archiveVersion = 1;
	classes = {
	};
	objectVersion = 56;
	objects = {

/* Begin PBXBuildFile section */
		CF860D452AC354B8009DDE35 /* KisilerDaoRepository.swift in Sources */ = {isa = PBXBuildFile; fileRef = CF860D442AC354B8009DDE35 /* KisilerDaoRepository.swift */; };
		CF860D482AC354FD009DDE35 /* AnasayfaViewModel.swift in Sources */ = {isa = PBXBuildFile; fileRef = CF860D472AC354FD009DDE35 /* AnasayfaViewModel.swift */; };
		CF860D4A2AC35518009DDE35 /* KisiKayitViewModel.swift in Sources */ = {isa = PBXBuildFile; fileRef = CF860D492AC35518009DDE35 /* KisiKayitViewModel.swift */; };
		CF860D4C2AC35535009DDE35 /* KisiDetayViewModel.swift in Sources */ = {isa = PBXBuildFile; fileRef = CF860D4B2AC35535009DDE35 /* KisiDetayViewModel.swift */; };
		CF860D642AC357E8009DDE35 /* RxSwift in Frameworks */ = {isa = PBXBuildFile; productRef = CF860D632AC357E8009DDE35 /* RxSwift */; };
		CF8DFA322AC5FCFC0076399D /* Model.xcdatamodeld in Sources */ = {isa = PBXBuildFile; fileRef = CF8DFA302AC5FCFC0076399D /* Model.xcdatamodeld */; };
		CFD0782D2ABCA2A90023742C /* AppDelegate.swift in Sources */ = {isa = PBXBuildFile; fileRef = CFD0782C2ABCA2A90023742C /* AppDelegate.swift */; };
		CFD0782F2ABCA2A90023742C /* SceneDelegate.swift in Sources */ = {isa = PBXBuildFile; fileRef = CFD0782E2ABCA2A90023742C /* SceneDelegate.swift */; };
		CFD078312ABCA2A90023742C /* Anasayfa.swift in Sources */ = {isa = PBXBuildFile; fileRef = CFD078302ABCA2A90023742C /* Anasayfa.swift */; };
		CFD078342ABCA2A90023742C /* Main.storyboard in Resources */ = {isa = PBXBuildFile; fileRef = CFD078322ABCA2A90023742C /* Main.storyboard */; };
		CFD078362ABCA2AD0023742C /* Assets.xcassets in Resources */ = {isa = PBXBuildFile; fileRef = CFD078352ABCA2AD0023742C /* Assets.xcassets */; };
		CFD078392ABCA2AD0023742C /* LaunchScreen.storyboard in Resources */ = {isa = PBXBuildFile; fileRef = CFD078372ABCA2AD0023742C /* LaunchScreen.storyboard */; };
		CFD078442ABCA41F0023742C /* KisiKayit.swift in Sources */ = {isa = PBXBuildFile; fileRef = CFD078432ABCA41F0023742C /* KisiKayit.swift */; };
		CFD078462ABCA43A0023742C /* KisiDetay.swift in Sources */ = {isa = PBXBuildFile; fileRef = CFD078452ABCA43A0023742C /* KisiDetay.swift */; };
		CFD078492ABCA9500023742C /* Kisiler.swift in Sources */ = {isa = PBXBuildFile; fileRef = CFD078482ABCA9500023742C /* Kisiler.swift */; };
		CFD0784C2ABCB7700023742C /* KisilerHucre.swift in Sources */ = {isa = PBXBuildFile; fileRef = CFD0784B2ABCB7700023742C /* KisilerHucre.swift */; };
/* End PBXBuildFile section */

/* Begin PBXFileReference section */
		CF860D442AC354B8009DDE35 /* KisilerDaoRepository.swift */ = {isa = PBXFileReference; lastKnownFileType = sourcecode.swift; path = KisilerDaoRepository.swift; sourceTree = "<group>"; };
		CF860D472AC354FD009DDE35 /* AnasayfaViewModel.swift */ = {isa = PBXFileReference; lastKnownFileType = sourcecode.swift; path = AnasayfaViewModel.swift; sourceTree = "<group>"; };
		CF860D492AC35518009DDE35 /* KisiKayitViewModel.swift */ = {isa = PBXFileReference; lastKnownFileType = sourcecode.swift; path = KisiKayitViewModel.swift; sourceTree = "<group>"; };
		CF860D4B2AC35535009DDE35 /* KisiDetayViewModel.swift */ = {isa = PBXFileReference; lastKnownFileType = sourcecode.swift; path = KisiDetayViewModel.swift; sourceTree = "<group>"; };
		CF8DFA312AC5FCFC0076399D /* Model.xcdatamodel */ = {isa = PBXFileReference; lastKnownFileType = wrapper.xcdatamodel; path = Model.xcdatamodel; sourceTree = "<group>"; };
		CFD078292ABCA2A90023742C /* KisilerUygulamasi.app */ = {isa = PBXFileReference; explicitFileType = wrapper.application; includeInIndex = 0; path = KisilerUygulamasi.app; sourceTree = BUILT_PRODUCTS_DIR; };
		CFD0782C2ABCA2A90023742C /* AppDelegate.swift */ = {isa = PBXFileReference; lastKnownFileType = sourcecode.swift; path = AppDelegate.swift; sourceTree = "<group>"; };
		CFD0782E2ABCA2A90023742C /* SceneDelegate.swift */ = {isa = PBXFileReference; lastKnownFileType = sourcecode.swift; path = SceneDelegate.swift; sourceTree = "<group>"; };
		CFD078302ABCA2A90023742C /* Anasayfa.swift */ = {isa = PBXFileReference; lastKnownFileType = sourcecode.swift; path = Anasayfa.swift; sourceTree = "<group>"; };
		CFD078332ABCA2A90023742C /* Base */ = {isa = PBXFileReference; lastKnownFileType = file.storyboard; name = Base; path = Base.lproj/Main.storyboard; sourceTree = "<group>"; };
		CFD078352ABCA2AD0023742C /* Assets.xcassets */ = {isa = PBXFileReference; lastKnownFileType = folder.assetcatalog; path = Assets.xcassets; sourceTree = "<group>"; };
		CFD078382ABCA2AD0023742C /* Base */ = {isa = PBXFileReference; lastKnownFileType = file.storyboard; name = Base; path = Base.lproj/LaunchScreen.storyboard; sourceTree = "<group>"; };
		CFD0783A2ABCA2AD0023742C /* Info.plist */ = {isa = PBXFileReference; lastKnownFileType = text.plist.xml; path = Info.plist; sourceTree = "<group>"; };
		CFD078432ABCA41F0023742C /* KisiKayit.swift */ = {isa = PBXFileReference; lastKnownFileType = sourcecode.swift; path = KisiKayit.swift; sourceTree = "<group>"; };
		CFD078452ABCA43A0023742C /* KisiDetay.swift */ = {isa = PBXFileReference; lastKnownFileType = sourcecode.swift; path = KisiDetay.swift; sourceTree = "<group>"; };
		CFD078482ABCA9500023742C /* Kisiler.swift */ = {isa = PBXFileReference; lastKnownFileType = sourcecode.swift; path = Kisiler.swift; sourceTree = "<group>"; };
		CFD0784B2ABCB7700023742C /* KisilerHucre.swift */ = {isa = PBXFileReference; lastKnownFileType = sourcecode.swift; path = KisilerHucre.swift; sourceTree = "<group>"; };
/* End PBXFileReference section */

/* Begin PBXFrameworksBuildPhase section */
		CFD078262ABCA2A90023742C /* Frameworks */ = {
			isa = PBXFrameworksBuildPhase;
			buildActionMask = 2147483647;
			files = (
				CF860D642AC357E8009DDE35 /* RxSwift in Frameworks */,
			);
			runOnlyForDeploymentPostprocessing = 0;
		};
/* End PBXFrameworksBuildPhase section */

/* Begin PBXGroup section */
		CF860D432AC35494009DDE35 /* repo */ = {
			isa = PBXGroup;
			children = (
				CF860D442AC354B8009DDE35 /* KisilerDaoRepository.swift */,
			);
			path = repo;
			sourceTree = "<group>";
		};
		CF860D462AC354EC009DDE35 /* viewmodel */ = {
			isa = PBXGroup;
			children = (
				CF860D472AC354FD009DDE35 /* AnasayfaViewModel.swift */,
				CF860D492AC35518009DDE35 /* KisiKayitViewModel.swift */,
				CF860D4B2AC35535009DDE35 /* KisiDetayViewModel.swift */,
			);
			path = viewmodel;
			sourceTree = "<group>";
		};
		CFD078202ABCA2A80023742C = {
			isa = PBXGroup;
			children = (
				CFD0782B2ABCA2A90023742C /* KisilerUygulamasi */,
				CFD0782A2ABCA2A90023742C /* Products */,
			);
			sourceTree = "<group>";
		};
		CFD0782A2ABCA2A90023742C /* Products */ = {
			isa = PBXGroup;
			children = (
				CFD078292ABCA2A90023742C /* KisilerUygulamasi.app */,
			);
			name = Products;
			sourceTree = "<group>";
		};
		CFD0782B2ABCA2A90023742C /* KisilerUygulamasi */ = {
			isa = PBXGroup;
			children = (
				CFD0782C2ABCA2A90023742C /* AppDelegate.swift */,
				CFD0782E2ABCA2A90023742C /* SceneDelegate.swift */,
				CFD078422ABCA3960023742C /* data */,
				CFD078402ABCA3670023742C /* ui */,
				CFD078322ABCA2A90023742C /* Main.storyboard */,
				CFD078352ABCA2AD0023742C /* Assets.xcassets */,
				CFD078372ABCA2AD0023742C /* LaunchScreen.storyboard */,
				CFD0783A2ABCA2AD0023742C /* Info.plist */,
				CF8DFA302AC5FCFC0076399D /* Model.xcdatamodeld */,
			);
			path = KisilerUygulamasi;
			sourceTree = "<group>";
		};
		CFD078402ABCA3670023742C /* ui */ = {
			isa = PBXGroup;
			children = (
				CF860D462AC354EC009DDE35 /* viewmodel */,
				CFD0784A2ABCB7420023742C /* tableview */,
				CFD078412ABCA3870023742C /* views */,
			);
			path = ui;
			sourceTree = "<group>";
		};
		CFD078412ABCA3870023742C /* views */ = {
			isa = PBXGroup;
			children = (
				CFD078302ABCA2A90023742C /* Anasayfa.swift */,
				CFD078432ABCA41F0023742C /* KisiKayit.swift */,
				CFD078452ABCA43A0023742C /* KisiDetay.swift */,
			);
			path = views;
			sourceTree = "<group>";
		};
		CFD078422ABCA3960023742C /* data */ = {
			isa = PBXGroup;
			children = (
				CF860D432AC35494009DDE35 /* repo */,
				CFD078472ABCA9380023742C /* entity */,
			);
			path = data;
			sourceTree = "<group>";
		};
		CFD078472ABCA9380023742C /* entity */ = {
			isa = PBXGroup;
			children = (
				CFD078482ABCA9500023742C /* Kisiler.swift */,
			);
			path = entity;
			sourceTree = "<group>";
		};
		CFD0784A2ABCB7420023742C /* tableview */ = {
			isa = PBXGroup;
			children = (
				CFD0784B2ABCB7700023742C /* KisilerHucre.swift */,
			);
			path = tableview;
			sourceTree = "<group>";
		};
/* End PBXGroup section */

/* Begin PBXNativeTarget section */
		CFD078282ABCA2A90023742C /* KisilerUygulamasi */ = {
			isa = PBXNativeTarget;
			buildConfigurationList = CFD0783D2ABCA2AD0023742C /* Build configuration list for PBXNativeTarget "KisilerUygulamasi" */;
			buildPhases = (
				CFD078252ABCA2A90023742C /* Sources */,
				CFD078262ABCA2A90023742C /* Frameworks */,
				CFD078272ABCA2A90023742C /* Resources */,
			);
			buildRules = (
			);
			dependencies = (
			);
			name = KisilerUygulamasi;
			packageProductDependencies = (
				CF860D632AC357E8009DDE35 /* RxSwift */,
			);
			productName = KisilerUygulamasi;
			productReference = CFD078292ABCA2A90023742C /* KisilerUygulamasi.app */;
			productType = "com.apple.product-type.application";
		};
/* End PBXNativeTarget section */

/* Begin PBXProject section */
		CFD078212ABCA2A80023742C /* Project object */ = {
			isa = PBXProject;
			attributes = {
				BuildIndependentTargetsInParallel = 1;
				LastSwiftUpdateCheck = 1500;
				LastUpgradeCheck = 1500;
				TargetAttributes = {
					CFD078282ABCA2A90023742C = {
						CreatedOnToolsVersion = 15.0;
					};
				};
			};
			buildConfigurationList = CFD078242ABCA2A80023742C /* Build configuration list for PBXProject "KisilerUygulamasi" */;
			compatibilityVersion = "Xcode 14.0";
			developmentRegion = en;
			hasScannedForEncodings = 0;
			knownRegions = (
				en,
				Base,
			);
			mainGroup = CFD078202ABCA2A80023742C;
			packageReferences = (
				CF860D622AC357E8009DDE35 /* XCRemoteSwiftPackageReference "RxSwift" */,
			);
			productRefGroup = CFD0782A2ABCA2A90023742C /* Products */;
			projectDirPath = "";
			projectRoot = "";
			targets = (
				CFD078282ABCA2A90023742C /* KisilerUygulamasi */,
			);
		};
/* End PBXProject section */

/* Begin PBXResourcesBuildPhase section */
		CFD078272ABCA2A90023742C /* Resources */ = {
			isa = PBXResourcesBuildPhase;
			buildActionMask = 2147483647;
			files = (
				CFD078392ABCA2AD0023742C /* LaunchScreen.storyboard in Resources */,
				CFD078362ABCA2AD0023742C /* Assets.xcassets in Resources */,
				CFD078342ABCA2A90023742C /* Main.storyboard in Resources */,
			);
			runOnlyForDeploymentPostprocessing = 0;
		};
/* End PBXResourcesBuildPhase section */

/* Begin PBXSourcesBuildPhase section */
		CFD078252ABCA2A90023742C /* Sources */ = {
			isa = PBXSourcesBuildPhase;
			buildActionMask = 2147483647;
			files = (
				CFD078442ABCA41F0023742C /* KisiKayit.swift in Sources */,
				CFD0784C2ABCB7700023742C /* KisilerHucre.swift in Sources */,
				CFD078462ABCA43A0023742C /* KisiDetay.swift in Sources */,
				CFD078312ABCA2A90023742C /* Anasayfa.swift in Sources */,
				CF860D452AC354B8009DDE35 /* KisilerDaoRepository.swift in Sources */,
				CF860D482AC354FD009DDE35 /* AnasayfaViewModel.swift in Sources */,
				CF860D4C2AC35535009DDE35 /* KisiDetayViewModel.swift in Sources */,
				CFD0782D2ABCA2A90023742C /* AppDelegate.swift in Sources */,
				CFD0782F2ABCA2A90023742C /* SceneDelegate.swift in Sources */,
				CFD078492ABCA9500023742C /* Kisiler.swift in Sources */,
				CF860D4A2AC35518009DDE35 /* KisiKayitViewModel.swift in Sources */,
				CF8DFA322AC5FCFC0076399D /* Model.xcdatamodeld in Sources */,
			);
			runOnlyForDeploymentPostprocessing = 0;
		};
/* End PBXSourcesBuildPhase section */

/* Begin PBXVariantGroup section */
		CFD078322ABCA2A90023742C /* Main.storyboard */ = {
			isa = PBXVariantGroup;
			children = (
				CFD078332ABCA2A90023742C /* Base */,
			);
			name = Main.storyboard;
			sourceTree = "<group>";
		};
		CFD078372ABCA2AD0023742C /* LaunchScreen.storyboard */ = {
			isa = PBXVariantGroup;
			children = (
				CFD078382ABCA2AD0023742C /* Base */,
			);
			name = LaunchScreen.storyboard;
			sourceTree = "<group>";
		};
/* End PBXVariantGroup section */

/* Begin XCBuildConfiguration section */
		CFD0783B2ABCA2AD0023742C /* Debug */ = {
			isa = XCBuildConfiguration;
			buildSettings = {
				ALWAYS_SEARCH_USER_PATHS = NO;
				ASSETCATALOG_COMPILER_GENERATE_SWIFT_ASSET_SYMBOL_EXTENSIONS = YES;
				CLANG_ANALYZER_NONNULL = YES;
				CLANG_ANALYZER_NUMBER_OBJECT_CONVERSION = YES_AGGRESSIVE;
				CLANG_CXX_LANGUAGE_STANDARD = "gnu++20";
				CLANG_ENABLE_MODULES = YES;
				CLANG_ENABLE_OBJC_ARC = YES;
				CLANG_ENABLE_OBJC_WEAK = YES;
				CLANG_WARN_BLOCK_CAPTURE_AUTORELEASING = YES;
				CLANG_WARN_BOOL_CONVERSION = YES;
				CLANG_WARN_COMMA = YES;
				CLANG_WARN_CONSTANT_CONVERSION = YES;
				CLANG_WARN_DEPRECATED_OBJC_IMPLEMENTATIONS = YES;
				CLANG_WARN_DIRECT_OBJC_ISA_USAGE = YES_ERROR;
				CLANG_WARN_DOCUMENTATION_COMMENTS = YES;
				CLANG_WARN_EMPTY_BODY = YES;
				CLANG_WARN_ENUM_CONVERSION = YES;
				CLANG_WARN_INFINITE_RECURSION = YES;
				CLANG_WARN_INT_CONVERSION = YES;
				CLANG_WARN_NON_LITERAL_NULL_CONVERSION = YES;
				CLANG_WARN_OBJC_IMPLICIT_RETAIN_SELF = YES;
				CLANG_WARN_OBJC_LITERAL_CONVERSION = YES;
				CLANG_WARN_OBJC_ROOT_CLASS = YES_ERROR;
				CLANG_WARN_QUOTED_INCLUDE_IN_FRAMEWORK_HEADER = YES;
				CLANG_WARN_RANGE_LOOP_ANALYSIS = YES;
				CLANG_WARN_STRICT_PROTOTYPES = YES;
				CLANG_WARN_SUSPICIOUS_MOVE = YES;
				CLANG_WARN_UNGUARDED_AVAILABILITY = YES_AGGRESSIVE;
				CLANG_WARN_UNREACHABLE_CODE = YES;
				CLANG_WARN__DUPLICATE_METHOD_MATCH = YES;
				COPY_PHASE_STRIP = NO;
				DEBUG_INFORMATION_FORMAT = dwarf;
				ENABLE_STRICT_OBJC_MSGSEND = YES;
				ENABLE_TESTABILITY = YES;
				ENABLE_USER_SCRIPT_SANDBOXING = YES;
				GCC_C_LANGUAGE_STANDARD = gnu17;
				GCC_DYNAMIC_NO_PIC = NO;
				GCC_NO_COMMON_BLOCKS = YES;
				GCC_OPTIMIZATION_LEVEL = 0;
				GCC_PREPROCESSOR_DEFINITIONS = (
					"DEBUG=1",
					"$(inherited)",
				);
				GCC_WARN_64_TO_32_BIT_CONVERSION = YES;
				GCC_WARN_ABOUT_RETURN_TYPE = YES_ERROR;
				GCC_WARN_UNDECLARED_SELECTOR = YES;
				GCC_WARN_UNINITIALIZED_AUTOS = YES_AGGRESSIVE;
				GCC_WARN_UNUSED_FUNCTION = YES;
				GCC_WARN_UNUSED_VARIABLE = YES;
				IPHONEOS_DEPLOYMENT_TARGET = 17.0;
				LOCALIZATION_PREFERS_STRING_CATALOGS = YES;
				MTL_ENABLE_DEBUG_INFO = INCLUDE_SOURCE;
				MTL_FAST_MATH = YES;
				ONLY_ACTIVE_ARCH = YES;
				SDKROOT = iphoneos;
				SWIFT_ACTIVE_COMPILATION_CONDITIONS = "DEBUG $(inherited)";
				SWIFT_OPTIMIZATION_LEVEL = "-Onone";
			};
			name = Debug;
		};
		CFD0783C2ABCA2AD0023742C /* Release */ = {
			isa = XCBuildConfiguration;
			buildSettings = {
				ALWAYS_SEARCH_USER_PATHS = NO;
				ASSETCATALOG_COMPILER_GENERATE_SWIFT_ASSET_SYMBOL_EXTENSIONS = YES;
				CLANG_ANALYZER_NONNULL = YES;
				CLANG_ANALYZER_NUMBER_OBJECT_CONVERSION = YES_AGGRESSIVE;
				CLANG_CXX_LANGUAGE_STANDARD = "gnu++20";
				CLANG_ENABLE_MODULES = YES;
				CLANG_ENABLE_OBJC_ARC = YES;
				CLANG_ENABLE_OBJC_WEAK = YES;
				CLANG_WARN_BLOCK_CAPTURE_AUTORELEASING = YES;
				CLANG_WARN_BOOL_CONVERSION = YES;
				CLANG_WARN_COMMA = YES;
				CLANG_WARN_CONSTANT_CONVERSION = YES;
				CLANG_WARN_DEPRECATED_OBJC_IMPLEMENTATIONS = YES;
				CLANG_WARN_DIRECT_OBJC_ISA_USAGE = YES_ERROR;
				CLANG_WARN_DOCUMENTATION_COMMENTS = YES;
				CLANG_WARN_EMPTY_BODY = YES;
				CLANG_WARN_ENUM_CONVERSION = YES;
				CLANG_WARN_INFINITE_RECURSION = YES;
				CLANG_WARN_INT_CONVERSION = YES;
				CLANG_WARN_NON_LITERAL_NULL_CONVERSION = YES;
				CLANG_WARN_OBJC_IMPLICIT_RETAIN_SELF = YES;
				CLANG_WARN_OBJC_LITERAL_CONVERSION = YES;
				CLANG_WARN_OBJC_ROOT_CLASS = YES_ERROR;
				CLANG_WARN_QUOTED_INCLUDE_IN_FRAMEWORK_HEADER = YES;
				CLANG_WARN_RANGE_LOOP_ANALYSIS = YES;
				CLANG_WARN_STRICT_PROTOTYPES = YES;
				CLANG_WARN_SUSPICIOUS_MOVE = YES;
				CLANG_WARN_UNGUARDED_AVAILABILITY = YES_AGGRESSIVE;
				CLANG_WARN_UNREACHABLE_CODE = YES;
				CLANG_WARN__DUPLICATE_METHOD_MATCH = YES;
				COPY_PHASE_STRIP = NO;
				DEBUG_INFORMATION_FORMAT = "dwarf-with-dsym";
				ENABLE_NS_ASSERTIONS = NO;
				ENABLE_STRICT_OBJC_MSGSEND = YES;
				ENABLE_USER_SCRIPT_SANDBOXING = YES;
				GCC_C_LANGUAGE_STANDARD = gnu17;
				GCC_NO_COMMON_BLOCKS = YES;
				GCC_WARN_64_TO_32_BIT_CONVERSION = YES;
				GCC_WARN_ABOUT_RETURN_TYPE = YES_ERROR;
				GCC_WARN_UNDECLARED_SELECTOR = YES;
				GCC_WARN_UNINITIALIZED_AUTOS = YES_AGGRESSIVE;
				GCC_WARN_UNUSED_FUNCTION = YES;
				GCC_WARN_UNUSED_VARIABLE = YES;
				IPHONEOS_DEPLOYMENT_TARGET = 17.0;
				LOCALIZATION_PREFERS_STRING_CATALOGS = YES;
				MTL_ENABLE_DEBUG_INFO = NO;
				MTL_FAST_MATH = YES;
				SDKROOT = iphoneos;
				SWIFT_COMPILATION_MODE = wholemodule;
				VALIDATE_PRODUCT = YES;
			};
			name = Release;
		};
		CFD0783E2ABCA2AD0023742C /* Debug */ = {
			isa = XCBuildConfiguration;
			buildSettings = {
				ASSETCATALOG_COMPILER_APPICON_NAME = AppIcon;
				ASSETCATALOG_COMPILER_GLOBAL_ACCENT_COLOR_NAME = AccentColor;
				CODE_SIGN_STYLE = Automatic;
				CURRENT_PROJECT_VERSION = 1;
				DEVELOPMENT_TEAM = SZN854MBPY;
				GENERATE_INFOPLIST_FILE = YES;
				INFOPLIST_FILE = KisilerUygulamasi/Info.plist;
				INFOPLIST_KEY_UIApplicationSupportsIndirectInputEvents = YES;
				INFOPLIST_KEY_UILaunchStoryboardName = LaunchScreen;
				INFOPLIST_KEY_UIMainStoryboardFile = Main;
				INFOPLIST_KEY_UISupportedInterfaceOrientations_iPad = "UIInterfaceOrientationPortrait UIInterfaceOrientationPortraitUpsideDown UIInterfaceOrientationLandscapeLeft UIInterfaceOrientationLandscapeRight";
				INFOPLIST_KEY_UISupportedInterfaceOrientations_iPhone = "UIInterfaceOrientationPortrait UIInterfaceOrientationLandscapeLeft UIInterfaceOrientationLandscapeRight";
				LD_RUNPATH_SEARCH_PATHS = (
					"$(inherited)",
					"@executable_path/Frameworks",
				);
				MARKETING_VERSION = 1.0;
				PRODUCT_BUNDLE_IDENTIFIER = com.info.KisilerUygulamasi;
				PRODUCT_NAME = "$(TARGET_NAME)";
				SWIFT_EMIT_LOC_STRINGS = YES;
				SWIFT_VERSION = 5.0;
				TARGETED_DEVICE_FAMILY = "1,2";
			};
			name = Debug;
		};
		CFD0783F2ABCA2AD0023742C /* Release */ = {
			isa = XCBuildConfiguration;
			buildSettings = {
				ASSETCATALOG_COMPILER_APPICON_NAME = AppIcon;
				ASSETCATALOG_COMPILER_GLOBAL_ACCENT_COLOR_NAME = AccentColor;
				CODE_SIGN_STYLE = Automatic;
				CURRENT_PROJECT_VERSION = 1;
				DEVELOPMENT_TEAM = SZN854MBPY;
				GENERATE_INFOPLIST_FILE = YES;
				INFOPLIST_FILE = KisilerUygulamasi/Info.plist;
				INFOPLIST_KEY_UIApplicationSupportsIndirectInputEvents = YES;
				INFOPLIST_KEY_UILaunchStoryboardName = LaunchScreen;
				INFOPLIST_KEY_UIMainStoryboardFile = Main;
				INFOPLIST_KEY_UISupportedInterfaceOrientations_iPad = "UIInterfaceOrientationPortrait UIInterfaceOrientationPortraitUpsideDown UIInterfaceOrientationLandscapeLeft UIInterfaceOrientationLandscapeRight";
				INFOPLIST_KEY_UISupportedInterfaceOrientations_iPhone = "UIInterfaceOrientationPortrait UIInterfaceOrientationLandscapeLeft UIInterfaceOrientationLandscapeRight";
				LD_RUNPATH_SEARCH_PATHS = (
					"$(inherited)",
					"@executable_path/Frameworks",
				);
				MARKETING_VERSION = 1.0;
				PRODUCT_BUNDLE_IDENTIFIER = com.info.KisilerUygulamasi;
				PRODUCT_NAME = "$(TARGET_NAME)";
				SWIFT_EMIT_LOC_STRINGS = YES;
				SWIFT_VERSION = 5.0;
				TARGETED_DEVICE_FAMILY = "1,2";
			};
			name = Release;
		};
/* End XCBuildConfiguration section */

/* Begin XCConfigurationList section */
		CFD078242ABCA2A80023742C /* Build configuration list for PBXProject "KisilerUygulamasi" */ = {
			isa = XCConfigurationList;
			buildConfigurations = (
				CFD0783B2ABCA2AD0023742C /* Debug */,
				CFD0783C2ABCA2AD0023742C /* Release */,
			);
			defaultConfigurationIsVisible = 0;
			defaultConfigurationName = Release;
		};
		CFD0783D2ABCA2AD0023742C /* Build configuration list for PBXNativeTarget "KisilerUygulamasi" */ = {
			isa = XCConfigurationList;
			buildConfigurations = (
				CFD0783E2ABCA2AD0023742C /* Debug */,
				CFD0783F2ABCA2AD0023742C /* Release */,
			);
			defaultConfigurationIsVisible = 0;
			defaultConfigurationName = Release;
		};
/* End XCConfigurationList section */

/* Begin XCRemoteSwiftPackageReference section */
		CF860D622AC357E8009DDE35 /* XCRemoteSwiftPackageReference "RxSwift" */ = {
			isa = XCRemoteSwiftPackageReference;
			repositoryURL = "https://github.com/ReactiveX/RxSwift.git";
			requirement = {
				kind = upToNextMajorVersion;
				minimumVersion = 6.6.0;
			};
		};
/* End XCRemoteSwiftPackageReference section */

/* Begin XCSwiftPackageProductDependency section */
		CF860D632AC357E8009DDE35 /* RxSwift */ = {
			isa = XCSwiftPackageProductDependency;
			package = CF860D622AC357E8009DDE35 /* XCRemoteSwiftPackageReference "RxSwift" */;
			productName = RxSwift;
		};
/* End XCSwiftPackageProductDependency section */

/* Begin XCVersionGroup section */
		CF8DFA302AC5FCFC0076399D /* Model.xcdatamodeld */ = {
			isa = XCVersionGroup;
			children = (
				CF8DFA312AC5FCFC0076399D /* Model.xcdatamodel */,
			);
			currentVersion = CF8DFA312AC5FCFC0076399D /* Model.xcdatamodel */;
			path = Model.xcdatamodeld;
			sourceTree = "<group>";
			versionGroupType = wrapper.xcdatamodel;
		};
/* End XCVersionGroup section */
	};
	rootObject = CFD078212ABCA2A80023742C /* Project object */;
}
