// !$*UTF8*$!
{
	archiveVersion = 1;
	classes = {
	};
	objectVersion = 56;
	objects = {

/* Begin PBXBuildFile section */
		CF31E1662ACD5E6400E03576 /* FMDatabaseAdditions.m in Sources */ = {isa = PBXBuildFile; fileRef = CF31E15E2ACD5E6400E03576 /* FMDatabaseAdditions.m */; };
		CF31E1672ACD5E6400E03576 /* FMDatabasePool.m in Sources */ = {isa = PBXBuildFile; fileRef = CF31E15F2ACD5E6400E03576 /* FMDatabasePool.m */; };
		CF31E1682ACD5E6400E03576 /* FMResultSet.m in Sources */ = {isa = PBXBuildFile; fileRef = CF31E1602ACD5E6400E03576 /* FMResultSet.m */; };
		CF31E1692ACD5E6400E03576 /* FMDatabase.m in Sources */ = {isa = PBXBuildFile; fileRef = CF31E1632ACD5E6400E03576 /* FMDatabase.m */; };
		CF31E16A2ACD5E6400E03576 /* FMDatabaseQueue.m in Sources */ = {isa = PBXBuildFile; fileRef = CF31E1652ACD5E6400E03576 /* FMDatabaseQueue.m */; };
		CF31E16C2ACD62C400E03576 /* todoapp.sqlite in Resources */ = {isa = PBXBuildFile; fileRef = CF31E16B2ACD62C400E03576 /* todoapp.sqlite */; };
		CF58ACDD2ACB6D2700EE532D /* AppDelegate.swift in Sources */ = {isa = PBXBuildFile; fileRef = CF58ACDC2ACB6D2700EE532D /* AppDelegate.swift */; };
		CF58ACDF2ACB6D2700EE532D /* SceneDelegate.swift in Sources */ = {isa = PBXBuildFile; fileRef = CF58ACDE2ACB6D2700EE532D /* SceneDelegate.swift */; };
		CF58ACE12ACB6D2700EE532D /* Anasayfa.swift in Sources */ = {isa = PBXBuildFile; fileRef = CF58ACE02ACB6D2700EE532D /* Anasayfa.swift */; };
		CF58ACE42ACB6D2700EE532D /* Main.storyboard in Resources */ = {isa = PBXBuildFile; fileRef = CF58ACE22ACB6D2700EE532D /* Main.storyboard */; };
		CF58ACE62ACB6D2800EE532D /* Assets.xcassets in Resources */ = {isa = PBXBuildFile; fileRef = CF58ACE52ACB6D2800EE532D /* Assets.xcassets */; };
		CF58ACE92ACB6D2800EE532D /* LaunchScreen.storyboard in Resources */ = {isa = PBXBuildFile; fileRef = CF58ACE72ACB6D2800EE532D /* LaunchScreen.storyboard */; };
		CF58ACF42ACB6DEA00EE532D /* KayitSayfa.swift in Sources */ = {isa = PBXBuildFile; fileRef = CF58ACF32ACB6DEA00EE532D /* KayitSayfa.swift */; };
		CF58ACF62ACB6DF600EE532D /* DetaySayfa.swift in Sources */ = {isa = PBXBuildFile; fileRef = CF58ACF52ACB6DF600EE532D /* DetaySayfa.swift */; };
		CFD474F92ACC3A260055450B /* Gorevler.swift in Sources */ = {isa = PBXBuildFile; fileRef = CFD474F82ACC3A260055450B /* Gorevler.swift */; };
		CFD474FB2ACC3ADA0055450B /* GorevlerHucre.swift in Sources */ = {isa = PBXBuildFile; fileRef = CFD474FA2ACC3ADA0055450B /* GorevlerHucre.swift */; };
		CFF11FC82ACC5C5A00B3F8EA /* GorevlerDaoRepository.swift in Sources */ = {isa = PBXBuildFile; fileRef = CFF11FC72ACC5C5A00B3F8EA /* GorevlerDaoRepository.swift */; };
		CFF11FCB2ACC5CBA00B3F8EA /* AnasayfaViewModel.swift in Sources */ = {isa = PBXBuildFile; fileRef = CFF11FCA2ACC5CBA00B3F8EA /* AnasayfaViewModel.swift */; };
		CFF11FCD2ACC5CD000B3F8EA /* KayitsayfaViewModel.swift in Sources */ = {isa = PBXBuildFile; fileRef = CFF11FCC2ACC5CD000B3F8EA /* KayitsayfaViewModel.swift */; };
		CFF11FCF2ACC5CDC00B3F8EA /* DetaysayfaViewModel.swift in Sources */ = {isa = PBXBuildFile; fileRef = CFF11FCE2ACC5CDC00B3F8EA /* DetaysayfaViewModel.swift */; };
		CFF11FD22ACC5D3400B3F8EA /* RxSwift in Frameworks */ = {isa = PBXBuildFile; productRef = CFF11FD12ACC5D3400B3F8EA /* RxSwift */; };
/* End PBXBuildFile section */

/* Begin PBXFileReference section */
		CF31E1592ACD5D8F00E03576 /* libsqlite3.tbd */ = {isa = PBXFileReference; lastKnownFileType = "sourcecode.text-based-dylib-definition"; name = libsqlite3.tbd; path = usr/lib/libsqlite3.tbd; sourceTree = SDKROOT; };
		CF31E15A2ACD5E6300E03576 /* HomeWork7-Bridging-Header.h */ = {isa = PBXFileReference; lastKnownFileType = sourcecode.c.h; path = "HomeWork7-Bridging-Header.h"; sourceTree = "<group>"; };
		CF31E15B2ACD5E6300E03576 /* FMDatabasePool.h */ = {isa = PBXFileReference; fileEncoding = 4; lastKnownFileType = sourcecode.c.h; path = FMDatabasePool.h; sourceTree = "<group>"; };
		CF31E15C2ACD5E6300E03576 /* FMDB.h */ = {isa = PBXFileReference; fileEncoding = 4; lastKnownFileType = sourcecode.c.h; path = FMDB.h; sourceTree = "<group>"; };
		CF31E15D2ACD5E6300E03576 /* FMDatabase.h */ = {isa = PBXFileReference; fileEncoding = 4; lastKnownFileType = sourcecode.c.h; path = FMDatabase.h; sourceTree = "<group>"; };
		CF31E15E2ACD5E6400E03576 /* FMDatabaseAdditions.m */ = {isa = PBXFileReference; fileEncoding = 4; lastKnownFileType = sourcecode.c.objc; path = FMDatabaseAdditions.m; sourceTree = "<group>"; };
		CF31E15F2ACD5E6400E03576 /* FMDatabasePool.m */ = {isa = PBXFileReference; fileEncoding = 4; lastKnownFileType = sourcecode.c.objc; path = FMDatabasePool.m; sourceTree = "<group>"; };
		CF31E1602ACD5E6400E03576 /* FMResultSet.m */ = {isa = PBXFileReference; fileEncoding = 4; lastKnownFileType = sourcecode.c.objc; path = FMResultSet.m; sourceTree = "<group>"; };
		CF31E1612ACD5E6400E03576 /* FMDatabaseQueue.h */ = {isa = PBXFileReference; fileEncoding = 4; lastKnownFileType = sourcecode.c.h; path = FMDatabaseQueue.h; sourceTree = "<group>"; };
		CF31E1622ACD5E6400E03576 /* FMDatabaseAdditions.h */ = {isa = PBXFileReference; fileEncoding = 4; lastKnownFileType = sourcecode.c.h; path = FMDatabaseAdditions.h; sourceTree = "<group>"; };
		CF31E1632ACD5E6400E03576 /* FMDatabase.m */ = {isa = PBXFileReference; fileEncoding = 4; lastKnownFileType = sourcecode.c.objc; path = FMDatabase.m; sourceTree = "<group>"; };
		CF31E1642ACD5E6400E03576 /* FMResultSet.h */ = {isa = PBXFileReference; fileEncoding = 4; lastKnownFileType = sourcecode.c.h; path = FMResultSet.h; sourceTree = "<group>"; };
		CF31E1652ACD5E6400E03576 /* FMDatabaseQueue.m */ = {isa = PBXFileReference; fileEncoding = 4; lastKnownFileType = sourcecode.c.objc; path = FMDatabaseQueue.m; sourceTree = "<group>"; };
		CF31E16B2ACD62C400E03576 /* todoapp.sqlite */ = {isa = PBXFileReference; lastKnownFileType = file; path = todoapp.sqlite; sourceTree = "<group>"; };
		CF58ACD92ACB6D2700EE532D /* HomeWork7.app */ = {isa = PBXFileReference; explicitFileType = wrapper.application; includeInIndex = 0; path = HomeWork7.app; sourceTree = BUILT_PRODUCTS_DIR; };
		CF58ACDC2ACB6D2700EE532D /* AppDelegate.swift */ = {isa = PBXFileReference; lastKnownFileType = sourcecode.swift; path = AppDelegate.swift; sourceTree = "<group>"; };
		CF58ACDE2ACB6D2700EE532D /* SceneDelegate.swift */ = {isa = PBXFileReference; lastKnownFileType = sourcecode.swift; path = SceneDelegate.swift; sourceTree = "<group>"; };
		CF58ACE02ACB6D2700EE532D /* Anasayfa.swift */ = {isa = PBXFileReference; lastKnownFileType = sourcecode.swift; path = Anasayfa.swift; sourceTree = "<group>"; };
		CF58ACE32ACB6D2700EE532D /* Base */ = {isa = PBXFileReference; lastKnownFileType = file.storyboard; name = Base; path = Base.lproj/Main.storyboard; sourceTree = "<group>"; };
		CF58ACE52ACB6D2800EE532D /* Assets.xcassets */ = {isa = PBXFileReference; lastKnownFileType = folder.assetcatalog; path = Assets.xcassets; sourceTree = "<group>"; };
		CF58ACE82ACB6D2800EE532D /* Base */ = {isa = PBXFileReference; lastKnownFileType = file.storyboard; name = Base; path = Base.lproj/LaunchScreen.storyboard; sourceTree = "<group>"; };
		CF58ACEA2ACB6D2800EE532D /* Info.plist */ = {isa = PBXFileReference; lastKnownFileType = text.plist.xml; path = Info.plist; sourceTree = "<group>"; };
		CF58ACF32ACB6DEA00EE532D /* KayitSayfa.swift */ = {isa = PBXFileReference; lastKnownFileType = sourcecode.swift; path = KayitSayfa.swift; sourceTree = "<group>"; };
		CF58ACF52ACB6DF600EE532D /* DetaySayfa.swift */ = {isa = PBXFileReference; lastKnownFileType = sourcecode.swift; path = DetaySayfa.swift; sourceTree = "<group>"; };
		CFD474F82ACC3A260055450B /* Gorevler.swift */ = {isa = PBXFileReference; lastKnownFileType = sourcecode.swift; path = Gorevler.swift; sourceTree = "<group>"; };
		CFD474FA2ACC3ADA0055450B /* GorevlerHucre.swift */ = {isa = PBXFileReference; lastKnownFileType = sourcecode.swift; path = GorevlerHucre.swift; sourceTree = "<group>"; };
		CFF11FC72ACC5C5A00B3F8EA /* GorevlerDaoRepository.swift */ = {isa = PBXFileReference; lastKnownFileType = sourcecode.swift; path = GorevlerDaoRepository.swift; sourceTree = "<group>"; };
		CFF11FCA2ACC5CBA00B3F8EA /* AnasayfaViewModel.swift */ = {isa = PBXFileReference; lastKnownFileType = sourcecode.swift; path = AnasayfaViewModel.swift; sourceTree = "<group>"; };
		CFF11FCC2ACC5CD000B3F8EA /* KayitsayfaViewModel.swift */ = {isa = PBXFileReference; lastKnownFileType = sourcecode.swift; path = KayitsayfaViewModel.swift; sourceTree = "<group>"; };
		CFF11FCE2ACC5CDC00B3F8EA /* DetaysayfaViewModel.swift */ = {isa = PBXFileReference; lastKnownFileType = sourcecode.swift; path = DetaysayfaViewModel.swift; sourceTree = "<group>"; };
/* End PBXFileReference section */

/* Begin PBXFrameworksBuildPhase section */
		CF58ACD62ACB6D2700EE532D /* Frameworks */ = {
			isa = PBXFrameworksBuildPhase;
			buildActionMask = 2147483647;
			files = (
				CFF11FD22ACC5D3400B3F8EA /* RxSwift in Frameworks */,
			);
			runOnlyForDeploymentPostprocessing = 0;
		};
/* End PBXFrameworksBuildPhase section */

/* Begin PBXGroup section */
		CF31E1582ACD5D8F00E03576 /* Frameworks */ = {
			isa = PBXGroup;
			children = (
				CF31E1592ACD5D8F00E03576 /* libsqlite3.tbd */,
			);
			name = Frameworks;
			sourceTree = "<group>";
		};
		CF58ACD02ACB6D2700EE532D = {
			isa = PBXGroup;
			children = (
				CF58ACDB2ACB6D2700EE532D /* HomeWork7 */,
				CF58ACDA2ACB6D2700EE532D /* Products */,
				CF31E1582ACD5D8F00E03576 /* Frameworks */,
			);
			sourceTree = "<group>";
		};
		CF58ACDA2ACB6D2700EE532D /* Products */ = {
			isa = PBXGroup;
			children = (
				CF58ACD92ACB6D2700EE532D /* HomeWork7.app */,
			);
			name = Products;
			sourceTree = "<group>";
		};
		CF58ACDB2ACB6D2700EE532D /* HomeWork7 */ = {
			isa = PBXGroup;
			children = (
				CFD474F52ACC39CD0055450B /* ui */,
				CFD474F42ACC39BC0055450B /* data */,
				CF58ACDC2ACB6D2700EE532D /* AppDelegate.swift */,
				CF58ACDE2ACB6D2700EE532D /* SceneDelegate.swift */,
				CF58ACE22ACB6D2700EE532D /* Main.storyboard */,
				CF58ACE52ACB6D2800EE532D /* Assets.xcassets */,
				CF58ACE72ACB6D2800EE532D /* LaunchScreen.storyboard */,
				CF58ACEA2ACB6D2800EE532D /* Info.plist */,
				CF31E16B2ACD62C400E03576 /* todoapp.sqlite */,
				CF31E15D2ACD5E6300E03576 /* FMDatabase.h */,
				CF31E1632ACD5E6400E03576 /* FMDatabase.m */,
				CF31E1622ACD5E6400E03576 /* FMDatabaseAdditions.h */,
				CF31E15E2ACD5E6400E03576 /* FMDatabaseAdditions.m */,
				CF31E15B2ACD5E6300E03576 /* FMDatabasePool.h */,
				CF31E15F2ACD5E6400E03576 /* FMDatabasePool.m */,
				CF31E1612ACD5E6400E03576 /* FMDatabaseQueue.h */,
				CF31E1652ACD5E6400E03576 /* FMDatabaseQueue.m */,
				CF31E15C2ACD5E6300E03576 /* FMDB.h */,
				CF31E1642ACD5E6400E03576 /* FMResultSet.h */,
				CF31E1602ACD5E6400E03576 /* FMResultSet.m */,
				CF31E15A2ACD5E6300E03576 /* HomeWork7-Bridging-Header.h */,
			);
			path = HomeWork7;
			sourceTree = "<group>";
		};
		CF58ACF02ACB6DAA00EE532D /* view */ = {
			isa = PBXGroup;
			children = (
				CF58ACE02ACB6D2700EE532D /* Anasayfa.swift */,
				CF58ACF32ACB6DEA00EE532D /* KayitSayfa.swift */,
				CF58ACF52ACB6DF600EE532D /* DetaySayfa.swift */,
			);
			path = view;
			sourceTree = "<group>";
		};
		CFD474F42ACC39BC0055450B /* data */ = {
			isa = PBXGroup;
			children = (
				CFF11FC62ACC5C4500B3F8EA /* repo */,
				CFD474F72ACC39FB0055450B /* entity */,
			);
			path = data;
			sourceTree = "<group>";
		};
		CFD474F52ACC39CD0055450B /* ui */ = {
			isa = PBXGroup;
			children = (
				CFF11FC92ACC5C9000B3F8EA /* viewModel */,
				CFD474F62ACC39DD0055450B /* tableView */,
				CF58ACF02ACB6DAA00EE532D /* view */,
			);
			path = ui;
			sourceTree = "<group>";
		};
		CFD474F62ACC39DD0055450B /* tableView */ = {
			isa = PBXGroup;
			children = (
				CFD474FA2ACC3ADA0055450B /* GorevlerHucre.swift */,
			);
			path = tableView;
			sourceTree = "<group>";
		};
		CFD474F72ACC39FB0055450B /* entity */ = {
			isa = PBXGroup;
			children = (
				CFD474F82ACC3A260055450B /* Gorevler.swift */,
			);
			path = entity;
			sourceTree = "<group>";
		};
		CFF11FC62ACC5C4500B3F8EA /* repo */ = {
			isa = PBXGroup;
			children = (
				CFF11FC72ACC5C5A00B3F8EA /* GorevlerDaoRepository.swift */,
			);
			path = repo;
			sourceTree = "<group>";
		};
		CFF11FC92ACC5C9000B3F8EA /* viewModel */ = {
			isa = PBXGroup;
			children = (
				CFF11FCA2ACC5CBA00B3F8EA /* AnasayfaViewModel.swift */,
				CFF11FCC2ACC5CD000B3F8EA /* KayitsayfaViewModel.swift */,
				CFF11FCE2ACC5CDC00B3F8EA /* DetaysayfaViewModel.swift */,
			);
			path = viewModel;
			sourceTree = "<group>";
		};
/* End PBXGroup section */

/* Begin PBXNativeTarget section */
		CF58ACD82ACB6D2700EE532D /* HomeWork7 */ = {
			isa = PBXNativeTarget;
			buildConfigurationList = CF58ACED2ACB6D2800EE532D /* Build configuration list for PBXNativeTarget "HomeWork7" */;
			buildPhases = (
				CF58ACD52ACB6D2700EE532D /* Sources */,
				CF58ACD62ACB6D2700EE532D /* Frameworks */,
				CF58ACD72ACB6D2700EE532D /* Resources */,
			);
			buildRules = (
			);
			dependencies = (
			);
			name = HomeWork7;
			packageProductDependencies = (
				CFF11FD12ACC5D3400B3F8EA /* RxSwift */,
			);
			productName = HomeWork7;
			productReference = CF58ACD92ACB6D2700EE532D /* HomeWork7.app */;
			productType = "com.apple.product-type.application";
		};
/* End PBXNativeTarget section */

/* Begin PBXProject section */
		CF58ACD12ACB6D2700EE532D /* Project object */ = {
			isa = PBXProject;
			attributes = {
				BuildIndependentTargetsInParallel = 1;
				LastSwiftUpdateCheck = 1500;
				LastUpgradeCheck = 1500;
				TargetAttributes = {
					CF58ACD82ACB6D2700EE532D = {
						CreatedOnToolsVersion = 15.0;
						LastSwiftMigration = 1500;
					};
				};
			};
			buildConfigurationList = CF58ACD42ACB6D2700EE532D /* Build configuration list for PBXProject "HomeWork7" */;
			compatibilityVersion = "Xcode 14.0";
			developmentRegion = en;
			hasScannedForEncodings = 0;
			knownRegions = (
				en,
				Base,
			);
			mainGroup = CF58ACD02ACB6D2700EE532D;
			packageReferences = (
				CFF11FD02ACC5D3400B3F8EA /* XCRemoteSwiftPackageReference "RxSwift" */,
			);
			productRefGroup = CF58ACDA2ACB6D2700EE532D /* Products */;
			projectDirPath = "";
			projectRoot = "";
			targets = (
				CF58ACD82ACB6D2700EE532D /* HomeWork7 */,
			);
		};
/* End PBXProject section */

/* Begin PBXResourcesBuildPhase section */
		CF58ACD72ACB6D2700EE532D /* Resources */ = {
			isa = PBXResourcesBuildPhase;
			buildActionMask = 2147483647;
			files = (
				CF58ACE92ACB6D2800EE532D /* LaunchScreen.storyboard in Resources */,
				CF31E16C2ACD62C400E03576 /* todoapp.sqlite in Resources */,
				CF58ACE62ACB6D2800EE532D /* Assets.xcassets in Resources */,
				CF58ACE42ACB6D2700EE532D /* Main.storyboard in Resources */,
			);
			runOnlyForDeploymentPostprocessing = 0;
		};
/* End PBXResourcesBuildPhase section */

/* Begin PBXSourcesBuildPhase section */
		CF58ACD52ACB6D2700EE532D /* Sources */ = {
			isa = PBXSourcesBuildPhase;
			buildActionMask = 2147483647;
			files = (
				CFF11FC82ACC5C5A00B3F8EA /* GorevlerDaoRepository.swift in Sources */,
				CFD474FB2ACC3ADA0055450B /* GorevlerHucre.swift in Sources */,
				CF31E1682ACD5E6400E03576 /* FMResultSet.m in Sources */,
				CF31E1692ACD5E6400E03576 /* FMDatabase.m in Sources */,
				CF31E1672ACD5E6400E03576 /* FMDatabasePool.m in Sources */,
				CF58ACE12ACB6D2700EE532D /* Anasayfa.swift in Sources */,
				CF58ACF42ACB6DEA00EE532D /* KayitSayfa.swift in Sources */,
				CFF11FCD2ACC5CD000B3F8EA /* KayitsayfaViewModel.swift in Sources */,
				CF58ACDD2ACB6D2700EE532D /* AppDelegate.swift in Sources */,
				CF31E16A2ACD5E6400E03576 /* FMDatabaseQueue.m in Sources */,
				CFF11FCB2ACC5CBA00B3F8EA /* AnasayfaViewModel.swift in Sources */,
				CFD474F92ACC3A260055450B /* Gorevler.swift in Sources */,
				CF58ACF62ACB6DF600EE532D /* DetaySayfa.swift in Sources */,
				CFF11FCF2ACC5CDC00B3F8EA /* DetaysayfaViewModel.swift in Sources */,
				CF58ACDF2ACB6D2700EE532D /* SceneDelegate.swift in Sources */,
				CF31E1662ACD5E6400E03576 /* FMDatabaseAdditions.m in Sources */,
			);
			runOnlyForDeploymentPostprocessing = 0;
		};
/* End PBXSourcesBuildPhase section */

/* Begin PBXVariantGroup section */
		CF58ACE22ACB6D2700EE532D /* Main.storyboard */ = {
			isa = PBXVariantGroup;
			children = (
				CF58ACE32ACB6D2700EE532D /* Base */,
			);
			name = Main.storyboard;
			sourceTree = "<group>";
		};
		CF58ACE72ACB6D2800EE532D /* LaunchScreen.storyboard */ = {
			isa = PBXVariantGroup;
			children = (
				CF58ACE82ACB6D2800EE532D /* Base */,
			);
			name = LaunchScreen.storyboard;
			sourceTree = "<group>";
		};
/* End PBXVariantGroup section */

/* Begin XCBuildConfiguration section */
		CF58ACEB2ACB6D2800EE532D /* Debug */ = {
			isa = XCBuildConfiguration;
			buildSettings = {
				ALWAYS_SEARCH_USER_PATHS = NO;
				ASSETCATALOG_COMPILER_GENERATE_SWIFT_ASSET_SYMBOL_EXTENSIONS = YES;
				CLANG_ANALYZER_NONNULL = YES;
				CLANG_ANALYZER_NUMBER_OBJECT_CONVERSION = YES_AGGRESSIVE;
				CLANG_CXX_LANGUAGE_STANDARD = "gnu++20";
				CLANG_ENABLE_MODULES = YES;
				CLANG_ENABLE_OBJC_ARC = YES;
				CLANG_ENABLE_OBJC_WEAK = YES;
				CLANG_WARN_BLOCK_CAPTURE_AUTORELEASING = YES;
				CLANG_WARN_BOOL_CONVERSION = YES;
				CLANG_WARN_COMMA = YES;
				CLANG_WARN_CONSTANT_CONVERSION = YES;
				CLANG_WARN_DEPRECATED_OBJC_IMPLEMENTATIONS = YES;
				CLANG_WARN_DIRECT_OBJC_ISA_USAGE = YES_ERROR;
				CLANG_WARN_DOCUMENTATION_COMMENTS = YES;
				CLANG_WARN_EMPTY_BODY = YES;
				CLANG_WARN_ENUM_CONVERSION = YES;
				CLANG_WARN_INFINITE_RECURSION = YES;
				CLANG_WARN_INT_CONVERSION = YES;
				CLANG_WARN_NON_LITERAL_NULL_CONVERSION = YES;
				CLANG_WARN_OBJC_IMPLICIT_RETAIN_SELF = YES;
				CLANG_WARN_OBJC_LITERAL_CONVERSION = YES;
				CLANG_WARN_OBJC_ROOT_CLASS = YES_ERROR;
				CLANG_WARN_QUOTED_INCLUDE_IN_FRAMEWORK_HEADER = YES;
				CLANG_WARN_RANGE_LOOP_ANALYSIS = YES;
				CLANG_WARN_STRICT_PROTOTYPES = YES;
				CLANG_WARN_SUSPICIOUS_MOVE = YES;
				CLANG_WARN_UNGUARDED_AVAILABILITY = YES_AGGRESSIVE;
				CLANG_WARN_UNREACHABLE_CODE = YES;
				CLANG_WARN__DUPLICATE_METHOD_MATCH = YES;
				COPY_PHASE_STRIP = NO;
				DEBUG_INFORMATION_FORMAT = dwarf;
				ENABLE_STRICT_OBJC_MSGSEND = YES;
				ENABLE_TESTABILITY = YES;
				ENABLE_USER_SCRIPT_SANDBOXING = YES;
				GCC_C_LANGUAGE_STANDARD = gnu17;
				GCC_DYNAMIC_NO_PIC = NO;
				GCC_NO_COMMON_BLOCKS = YES;
				GCC_OPTIMIZATION_LEVEL = 0;
				GCC_PREPROCESSOR_DEFINITIONS = (
					"DEBUG=1",
					"$(inherited)",
				);
				GCC_WARN_64_TO_32_BIT_CONVERSION = YES;
				GCC_WARN_ABOUT_RETURN_TYPE = YES_ERROR;
				GCC_WARN_UNDECLARED_SELECTOR = YES;
				GCC_WARN_UNINITIALIZED_AUTOS = YES_AGGRESSIVE;
				GCC_WARN_UNUSED_FUNCTION = YES;
				GCC_WARN_UNUSED_VARIABLE = YES;
				IPHONEOS_DEPLOYMENT_TARGET = 17.0;
				LOCALIZATION_PREFERS_STRING_CATALOGS = YES;
				MTL_ENABLE_DEBUG_INFO = INCLUDE_SOURCE;
				MTL_FAST_MATH = YES;
				ONLY_ACTIVE_ARCH = YES;
				SDKROOT = iphoneos;
				SWIFT_ACTIVE_COMPILATION_CONDITIONS = "DEBUG $(inherited)";
				SWIFT_OPTIMIZATION_LEVEL = "-Onone";
			};
			name = Debug;
		};
		CF58ACEC2ACB6D2800EE532D /* Release */ = {
			isa = XCBuildConfiguration;
			buildSettings = {
				ALWAYS_SEARCH_USER_PATHS = NO;
				ASSETCATALOG_COMPILER_GENERATE_SWIFT_ASSET_SYMBOL_EXTENSIONS = YES;
				CLANG_ANALYZER_NONNULL = YES;
				CLANG_ANALYZER_NUMBER_OBJECT_CONVERSION = YES_AGGRESSIVE;
				CLANG_CXX_LANGUAGE_STANDARD = "gnu++20";
				CLANG_ENABLE_MODULES = YES;
				CLANG_ENABLE_OBJC_ARC = YES;
				CLANG_ENABLE_OBJC_WEAK = YES;
				CLANG_WARN_BLOCK_CAPTURE_AUTORELEASING = YES;
				CLANG_WARN_BOOL_CONVERSION = YES;
				CLANG_WARN_COMMA = YES;
				CLANG_WARN_CONSTANT_CONVERSION = YES;
				CLANG_WARN_DEPRECATED_OBJC_IMPLEMENTATIONS = YES;
				CLANG_WARN_DIRECT_OBJC_ISA_USAGE = YES_ERROR;
				CLANG_WARN_DOCUMENTATION_COMMENTS = YES;
				CLANG_WARN_EMPTY_BODY = YES;
				CLANG_WARN_ENUM_CONVERSION = YES;
				CLANG_WARN_INFINITE_RECURSION = YES;
				CLANG_WARN_INT_CONVERSION = YES;
				CLANG_WARN_NON_LITERAL_NULL_CONVERSION = YES;
				CLANG_WARN_OBJC_IMPLICIT_RETAIN_SELF = YES;
				CLANG_WARN_OBJC_LITERAL_CONVERSION = YES;
				CLANG_WARN_OBJC_ROOT_CLASS = YES_ERROR;
				CLANG_WARN_QUOTED_INCLUDE_IN_FRAMEWORK_HEADER = YES;
				CLANG_WARN_RANGE_LOOP_ANALYSIS = YES;
				CLANG_WARN_STRICT_PROTOTYPES = YES;
				CLANG_WARN_SUSPICIOUS_MOVE = YES;
				CLANG_WARN_UNGUARDED_AVAILABILITY = YES_AGGRESSIVE;
				CLANG_WARN_UNREACHABLE_CODE = YES;
				CLANG_WARN__DUPLICATE_METHOD_MATCH = YES;
				COPY_PHASE_STRIP = NO;
				DEBUG_INFORMATION_FORMAT = "dwarf-with-dsym";
				ENABLE_NS_ASSERTIONS = NO;
				ENABLE_STRICT_OBJC_MSGSEND = YES;
				ENABLE_USER_SCRIPT_SANDBOXING = YES;
				GCC_C_LANGUAGE_STANDARD = gnu17;
				GCC_NO_COMMON_BLOCKS = YES;
				GCC_WARN_64_TO_32_BIT_CONVERSION = YES;
				GCC_WARN_ABOUT_RETURN_TYPE = YES_ERROR;
				GCC_WARN_UNDECLARED_SELECTOR = YES;
				GCC_WARN_UNINITIALIZED_AUTOS = YES_AGGRESSIVE;
				GCC_WARN_UNUSED_FUNCTION = YES;
				GCC_WARN_UNUSED_VARIABLE = YES;
				IPHONEOS_DEPLOYMENT_TARGET = 17.0;
				LOCALIZATION_PREFERS_STRING_CATALOGS = YES;
				MTL_ENABLE_DEBUG_INFO = NO;
				MTL_FAST_MATH = YES;
				SDKROOT = iphoneos;
				SWIFT_COMPILATION_MODE = wholemodule;
				VALIDATE_PRODUCT = YES;
			};
			name = Release;
		};
		CF58ACEE2ACB6D2800EE532D /* Debug */ = {
			isa = XCBuildConfiguration;
			buildSettings = {
				ASSETCATALOG_COMPILER_APPICON_NAME = AppIcon;
				ASSETCATALOG_COMPILER_GLOBAL_ACCENT_COLOR_NAME = AccentColor;
				CLANG_ENABLE_MODULES = YES;
				CODE_SIGN_STYLE = Automatic;
				CURRENT_PROJECT_VERSION = 1;
				DEVELOPMENT_TEAM = SZN854MBPY;
				GENERATE_INFOPLIST_FILE = YES;
				INFOPLIST_FILE = HomeWork7/Info.plist;
				INFOPLIST_KEY_UIApplicationSupportsIndirectInputEvents = YES;
				INFOPLIST_KEY_UILaunchStoryboardName = LaunchScreen;
				INFOPLIST_KEY_UIMainStoryboardFile = Main;
				INFOPLIST_KEY_UISupportedInterfaceOrientations_iPad = "UIInterfaceOrientationPortrait UIInterfaceOrientationPortraitUpsideDown UIInterfaceOrientationLandscapeLeft UIInterfaceOrientationLandscapeRight";
				INFOPLIST_KEY_UISupportedInterfaceOrientations_iPhone = "UIInterfaceOrientationPortrait UIInterfaceOrientationLandscapeLeft UIInterfaceOrientationLandscapeRight";
				LD_RUNPATH_SEARCH_PATHS = (
					"$(inherited)",
					"@executable_path/Frameworks",
				);
				MARKETING_VERSION = 1.0;
				PRODUCT_BUNDLE_IDENTIFIER = com.info.HomeWork7;
				PRODUCT_NAME = "$(TARGET_NAME)";
				SWIFT_EMIT_LOC_STRINGS = YES;
				SWIFT_OBJC_BRIDGING_HEADER = "HomeWork7/HomeWork7-Bridging-Header.h";
				SWIFT_OPTIMIZATION_LEVEL = "-Onone";
				SWIFT_VERSION = 5.0;
				TARGETED_DEVICE_FAMILY = "1,2";
			};
			name = Debug;
		};
		CF58ACEF2ACB6D2800EE532D /* Release */ = {
			isa = XCBuildConfiguration;
			buildSettings = {
				ASSETCATALOG_COMPILER_APPICON_NAME = AppIcon;
				ASSETCATALOG_COMPILER_GLOBAL_ACCENT_COLOR_NAME = AccentColor;
				CLANG_ENABLE_MODULES = YES;
				CODE_SIGN_STYLE = Automatic;
				CURRENT_PROJECT_VERSION = 1;
				DEVELOPMENT_TEAM = SZN854MBPY;
				GENERATE_INFOPLIST_FILE = YES;
				INFOPLIST_FILE = HomeWork7/Info.plist;
				INFOPLIST_KEY_UIApplicationSupportsIndirectInputEvents = YES;
				INFOPLIST_KEY_UILaunchStoryboardName = LaunchScreen;
				INFOPLIST_KEY_UIMainStoryboardFile = Main;
				INFOPLIST_KEY_UISupportedInterfaceOrientations_iPad = "UIInterfaceOrientationPortrait UIInterfaceOrientationPortraitUpsideDown UIInterfaceOrientationLandscapeLeft UIInterfaceOrientationLandscapeRight";
				INFOPLIST_KEY_UISupportedInterfaceOrientations_iPhone = "UIInterfaceOrientationPortrait UIInterfaceOrientationLandscapeLeft UIInterfaceOrientationLandscapeRight";
				LD_RUNPATH_SEARCH_PATHS = (
					"$(inherited)",
					"@executable_path/Frameworks",
				);
				MARKETING_VERSION = 1.0;
				PRODUCT_BUNDLE_IDENTIFIER = com.info.HomeWork7;
				PRODUCT_NAME = "$(TARGET_NAME)";
				SWIFT_EMIT_LOC_STRINGS = YES;
				SWIFT_OBJC_BRIDGING_HEADER = "HomeWork7/HomeWork7-Bridging-Header.h";
				SWIFT_VERSION = 5.0;
				TARGETED_DEVICE_FAMILY = "1,2";
			};
			name = Release;
		};
/* End XCBuildConfiguration section */

/* Begin XCConfigurationList section */
		CF58ACD42ACB6D2700EE532D /* Build configuration list for PBXProject "HomeWork7" */ = {
			isa = XCConfigurationList;
			buildConfigurations = (
				CF58ACEB2ACB6D2800EE532D /* Debug */,
				CF58ACEC2ACB6D2800EE532D /* Release */,
			);
			defaultConfigurationIsVisible = 0;
			defaultConfigurationName = Release;
		};
		CF58ACED2ACB6D2800EE532D /* Build configuration list for PBXNativeTarget "HomeWork7" */ = {
			isa = XCConfigurationList;
			buildConfigurations = (
				CF58ACEE2ACB6D2800EE532D /* Debug */,
				CF58ACEF2ACB6D2800EE532D /* Release */,
			);
			defaultConfigurationIsVisible = 0;
			defaultConfigurationName = Release;
		};
/* End XCConfigurationList section */

/* Begin XCRemoteSwiftPackageReference section */
		CFF11FD02ACC5D3400B3F8EA /* XCRemoteSwiftPackageReference "RxSwift" */ = {
			isa = XCRemoteSwiftPackageReference;
			repositoryURL = "https://github.com/ReactiveX/RxSwift.git";
			requirement = {
				kind = upToNextMajorVersion;
				minimumVersion = 6.6.0;
			};
		};
/* End XCRemoteSwiftPackageReference section */

/* Begin XCSwiftPackageProductDependency section */
		CFF11FD12ACC5D3400B3F8EA /* RxSwift */ = {
			isa = XCSwiftPackageProductDependency;
			package = CFF11FD02ACC5D3400B3F8EA /* XCRemoteSwiftPackageReference "RxSwift" */;
			productName = RxSwift;
		};
/* End XCSwiftPackageProductDependency section */
	};
	rootObject = CF58ACD12ACB6D2700EE532D /* Project object */;
}
