// !$*UTF8*$!
{
	archiveVersion = 1;
	classes = {
	};
	objectVersion = 56;
	objects = {

/* Begin PBXBuildFile section */
		CF6534202AB0E1E200F6E7CB /* Pacifico-Regular.ttf in Resources */ = {isa = PBXBuildFile; fileRef = CF65341F2AB0E1E200F6E7CB /* Pacifico-Regular.ttf */; };
		CFAD5BF02AB0CC4900764E36 /* AppDelegate.swift in Sources */ = {isa = PBXBuildFile; fileRef = CFAD5BEF2AB0CC4900764E36 /* AppDelegate.swift */; };
		CFAD5BF22AB0CC4900764E36 /* SceneDelegate.swift in Sources */ = {isa = PBXBuildFile; fileRef = CFAD5BF12AB0CC4900764E36 /* SceneDelegate.swift */; };
		CFAD5BF42AB0CC4900764E36 /* ViewController.swift in Sources */ = {isa = PBXBuildFile; fileRef = CFAD5BF32AB0CC4900764E36 /* ViewController.swift */; };
		CFAD5BF72AB0CC4900764E36 /* Main.storyboard in Resources */ = {isa = PBXBuildFile; fileRef = CFAD5BF52AB0CC4900764E36 /* Main.storyboard */; };
		CFAD5BF92AB0CC4E00764E36 /* Assets.xcassets in Resources */ = {isa = PBXBuildFile; fileRef = CFAD5BF82AB0CC4E00764E36 /* Assets.xcassets */; };
		CFAD5BFC2AB0CC4E00764E36 /* LaunchScreen.storyboard in Resources */ = {isa = PBXBuildFile; fileRef = CFAD5BFA2AB0CC4E00764E36 /* LaunchScreen.storyboard */; };
		CFAD5C072AB0CC4E00764E36 /* TasarimCalismasiTests.swift in Sources */ = {isa = PBXBuildFile; fileRef = CFAD5C062AB0CC4E00764E36 /* TasarimCalismasiTests.swift */; };
		CFAD5C112AB0CC4E00764E36 /* TasarimCalismasiUITests.swift in Sources */ = {isa = PBXBuildFile; fileRef = CFAD5C102AB0CC4E00764E36 /* TasarimCalismasiUITests.swift */; };
		CFAD5C132AB0CC4E00764E36 /* TasarimCalismasiUITestsLaunchTests.swift in Sources */ = {isa = PBXBuildFile; fileRef = CFAD5C122AB0CC4E00764E36 /* TasarimCalismasiUITestsLaunchTests.swift */; };
/* End PBXBuildFile section */

/* Begin PBXContainerItemProxy section */
		CFAD5C032AB0CC4E00764E36 /* PBXContainerItemProxy */ = {
			isa = PBXContainerItemProxy;
			containerPortal = CFAD5BE42AB0CC4900764E36 /* Project object */;
			proxyType = 1;
			remoteGlobalIDString = CFAD5BEB2AB0CC4900764E36;
			remoteInfo = TasarimCalismasi;
		};
		CFAD5C0D2AB0CC4E00764E36 /* PBXContainerItemProxy */ = {
			isa = PBXContainerItemProxy;
			containerPortal = CFAD5BE42AB0CC4900764E36 /* Project object */;
			proxyType = 1;
			remoteGlobalIDString = CFAD5BEB2AB0CC4900764E36;
			remoteInfo = TasarimCalismasi;
		};
/* End PBXContainerItemProxy section */

/* Begin PBXFileReference section */
		CF65341F2AB0E1E200F6E7CB /* Pacifico-Regular.ttf */ = {isa = PBXFileReference; lastKnownFileType = file; path = "Pacifico-Regular.ttf"; sourceTree = "<group>"; };
		CF8DAF152AB36DB800BD8567 /* tr */ = {isa = PBXFileReference; lastKnownFileType = text.plist.strings; name = tr; path = tr.lproj/Main.strings; sourceTree = "<group>"; };
		CF8DAF162AB36DB800BD8567 /* tr */ = {isa = PBXFileReference; lastKnownFileType = text.plist.strings; name = tr; path = tr.lproj/LaunchScreen.strings; sourceTree = "<group>"; };
		CFAD5BEC2AB0CC4900764E36 /* TasarimCalismasi.app */ = {isa = PBXFileReference; explicitFileType = wrapper.application; includeInIndex = 0; path = TasarimCalismasi.app; sourceTree = BUILT_PRODUCTS_DIR; };
		CFAD5BEF2AB0CC4900764E36 /* AppDelegate.swift */ = {isa = PBXFileReference; lastKnownFileType = sourcecode.swift; path = AppDelegate.swift; sourceTree = "<group>"; };
		CFAD5BF12AB0CC4900764E36 /* SceneDelegate.swift */ = {isa = PBXFileReference; lastKnownFileType = sourcecode.swift; path = SceneDelegate.swift; sourceTree = "<group>"; };
		CFAD5BF32AB0CC4900764E36 /* ViewController.swift */ = {isa = PBXFileReference; lastKnownFileType = sourcecode.swift; path = ViewController.swift; sourceTree = "<group>"; };
		CFAD5BF62AB0CC4900764E36 /* Base */ = {isa = PBXFileReference; lastKnownFileType = file.storyboard; name = Base; path = Base.lproj/Main.storyboard; sourceTree = "<group>"; };
		CFAD5BF82AB0CC4E00764E36 /* Assets.xcassets */ = {isa = PBXFileReference; lastKnownFileType = folder.assetcatalog; path = Assets.xcassets; sourceTree = "<group>"; };
		CFAD5BFB2AB0CC4E00764E36 /* Base */ = {isa = PBXFileReference; lastKnownFileType = file.storyboard; name = Base; path = Base.lproj/LaunchScreen.storyboard; sourceTree = "<group>"; };
		CFAD5BFD2AB0CC4E00764E36 /* Info.plist */ = {isa = PBXFileReference; lastKnownFileType = text.plist.xml; path = Info.plist; sourceTree = "<group>"; };
		CFAD5C022AB0CC4E00764E36 /* TasarimCalismasiTests.xctest */ = {isa = PBXFileReference; explicitFileType = wrapper.cfbundle; includeInIndex = 0; path = TasarimCalismasiTests.xctest; sourceTree = BUILT_PRODUCTS_DIR; };
		CFAD5C062AB0CC4E00764E36 /* TasarimCalismasiTests.swift */ = {isa = PBXFileReference; lastKnownFileType = sourcecode.swift; path = TasarimCalismasiTests.swift; sourceTree = "<group>"; };
		CFAD5C0C2AB0CC4E00764E36 /* TasarimCalismasiUITests.xctest */ = {isa = PBXFileReference; explicitFileType = wrapper.cfbundle; includeInIndex = 0; path = TasarimCalismasiUITests.xctest; sourceTree = BUILT_PRODUCTS_DIR; };
		CFAD5C102AB0CC4E00764E36 /* TasarimCalismasiUITests.swift */ = {isa = PBXFileReference; lastKnownFileType = sourcecode.swift; path = TasarimCalismasiUITests.swift; sourceTree = "<group>"; };
		CFAD5C122AB0CC4E00764E36 /* TasarimCalismasiUITestsLaunchTests.swift */ = {isa = PBXFileReference; lastKnownFileType = sourcecode.swift; path = TasarimCalismasiUITestsLaunchTests.swift; sourceTree = "<group>"; };
/* End PBXFileReference section */

/* Begin PBXFrameworksBuildPhase section */
		CFAD5BE92AB0CC4900764E36 /* Frameworks */ = {
			isa = PBXFrameworksBuildPhase;
			buildActionMask = 2147483647;
			files = (
			);
			runOnlyForDeploymentPostprocessing = 0;
		};
		CFAD5BFF2AB0CC4E00764E36 /* Frameworks */ = {
			isa = PBXFrameworksBuildPhase;
			buildActionMask = 2147483647;
			files = (
			);
			runOnlyForDeploymentPostprocessing = 0;
		};
		CFAD5C092AB0CC4E00764E36 /* Frameworks */ = {
			isa = PBXFrameworksBuildPhase;
			buildActionMask = 2147483647;
			files = (
			);
			runOnlyForDeploymentPostprocessing = 0;
		};
/* End PBXFrameworksBuildPhase section */

/* Begin PBXGroup section */
		CF65341E2AB0E1B400F6E7CB /* Fonts */ = {
			isa = PBXGroup;
			children = (
				CF65341F2AB0E1E200F6E7CB /* Pacifico-Regular.ttf */,
			);
			path = Fonts;
			sourceTree = "<group>";
		};
		CFAD5BE32AB0CC4900764E36 = {
			isa = PBXGroup;
			children = (
				CFAD5BEE2AB0CC4900764E36 /* TasarimCalismasi */,
				CFAD5C052AB0CC4E00764E36 /* TasarimCalismasiTests */,
				CFAD5C0F2AB0CC4E00764E36 /* TasarimCalismasiUITests */,
				CFAD5BED2AB0CC4900764E36 /* Products */,
			);
			sourceTree = "<group>";
		};
		CFAD5BED2AB0CC4900764E36 /* Products */ = {
			isa = PBXGroup;
			children = (
				CFAD5BEC2AB0CC4900764E36 /* TasarimCalismasi.app */,
				CFAD5C022AB0CC4E00764E36 /* TasarimCalismasiTests.xctest */,
				CFAD5C0C2AB0CC4E00764E36 /* TasarimCalismasiUITests.xctest */,
			);
			name = Products;
			sourceTree = "<group>";
		};
		CFAD5BEE2AB0CC4900764E36 /* TasarimCalismasi */ = {
			isa = PBXGroup;
			children = (
				CFAD5BEF2AB0CC4900764E36 /* AppDelegate.swift */,
				CFAD5BF12AB0CC4900764E36 /* SceneDelegate.swift */,
				CFAD5BF32AB0CC4900764E36 /* ViewController.swift */,
				CFAD5BF52AB0CC4900764E36 /* Main.storyboard */,
				CFAD5BF82AB0CC4E00764E36 /* Assets.xcassets */,
				CFAD5BFA2AB0CC4E00764E36 /* LaunchScreen.storyboard */,
				CFAD5BFD2AB0CC4E00764E36 /* Info.plist */,
				CF65341E2AB0E1B400F6E7CB /* Fonts */,
			);
			path = TasarimCalismasi;
			sourceTree = "<group>";
		};
		CFAD5C052AB0CC4E00764E36 /* TasarimCalismasiTests */ = {
			isa = PBXGroup;
			children = (
				CFAD5C062AB0CC4E00764E36 /* TasarimCalismasiTests.swift */,
			);
			path = TasarimCalismasiTests;
			sourceTree = "<group>";
		};
		CFAD5C0F2AB0CC4E00764E36 /* TasarimCalismasiUITests */ = {
			isa = PBXGroup;
			children = (
				CFAD5C102AB0CC4E00764E36 /* TasarimCalismasiUITests.swift */,
				CFAD5C122AB0CC4E00764E36 /* TasarimCalismasiUITestsLaunchTests.swift */,
			);
			path = TasarimCalismasiUITests;
			sourceTree = "<group>";
		};
/* End PBXGroup section */

/* Begin PBXNativeTarget section */
		CFAD5BEB2AB0CC4900764E36 /* TasarimCalismasi */ = {
			isa = PBXNativeTarget;
			buildConfigurationList = CFAD5C162AB0CC4E00764E36 /* Build configuration list for PBXNativeTarget "TasarimCalismasi" */;
			buildPhases = (
				CFAD5BE82AB0CC4900764E36 /* Sources */,
				CFAD5BE92AB0CC4900764E36 /* Frameworks */,
				CFAD5BEA2AB0CC4900764E36 /* Resources */,
			);
			buildRules = (
			);
			dependencies = (
			);
			name = TasarimCalismasi;
			productName = TasarimCalismasi;
			productReference = CFAD5BEC2AB0CC4900764E36 /* TasarimCalismasi.app */;
			productType = "com.apple.product-type.application";
		};
		CFAD5C012AB0CC4E00764E36 /* TasarimCalismasiTests */ = {
			isa = PBXNativeTarget;
			buildConfigurationList = CFAD5C192AB0CC4E00764E36 /* Build configuration list for PBXNativeTarget "TasarimCalismasiTests" */;
			buildPhases = (
				CFAD5BFE2AB0CC4E00764E36 /* Sources */,
				CFAD5BFF2AB0CC4E00764E36 /* Frameworks */,
				CFAD5C002AB0CC4E00764E36 /* Resources */,
			);
			buildRules = (
			);
			dependencies = (
				CFAD5C042AB0CC4E00764E36 /* PBXTargetDependency */,
			);
			name = TasarimCalismasiTests;
			productName = TasarimCalismasiTests;
			productReference = CFAD5C022AB0CC4E00764E36 /* TasarimCalismasiTests.xctest */;
			productType = "com.apple.product-type.bundle.unit-test";
		};
		CFAD5C0B2AB0CC4E00764E36 /* TasarimCalismasiUITests */ = {
			isa = PBXNativeTarget;
			buildConfigurationList = CFAD5C1C2AB0CC4E00764E36 /* Build configuration list for PBXNativeTarget "TasarimCalismasiUITests" */;
			buildPhases = (
				CFAD5C082AB0CC4E00764E36 /* Sources */,
				CFAD5C092AB0CC4E00764E36 /* Frameworks */,
				CFAD5C0A2AB0CC4E00764E36 /* Resources */,
			);
			buildRules = (
			);
			dependencies = (
				CFAD5C0E2AB0CC4E00764E36 /* PBXTargetDependency */,
			);
			name = TasarimCalismasiUITests;
			productName = TasarimCalismasiUITests;
			productReference = CFAD5C0C2AB0CC4E00764E36 /* TasarimCalismasiUITests.xctest */;
			productType = "com.apple.product-type.bundle.ui-testing";
		};
/* End PBXNativeTarget section */

/* Begin PBXProject section */
		CFAD5BE42AB0CC4900764E36 /* Project object */ = {
			isa = PBXProject;
			attributes = {
				BuildIndependentTargetsInParallel = 1;
				LastSwiftUpdateCheck = 1500;
				LastUpgradeCheck = 1500;
				TargetAttributes = {
					CFAD5BEB2AB0CC4900764E36 = {
						CreatedOnToolsVersion = 15.0;
					};
					CFAD5C012AB0CC4E00764E36 = {
						CreatedOnToolsVersion = 15.0;
						TestTargetID = CFAD5BEB2AB0CC4900764E36;
					};
					CFAD5C0B2AB0CC4E00764E36 = {
						CreatedOnToolsVersion = 15.0;
						TestTargetID = CFAD5BEB2AB0CC4900764E36;
					};
				};
			};
			buildConfigurationList = CFAD5BE72AB0CC4900764E36 /* Build configuration list for PBXProject "TasarimCalismasi" */;
			compatibilityVersion = "Xcode 14.0";
			developmentRegion = en;
			hasScannedForEncodings = 0;
			knownRegions = (
				en,
				Base,
				tr,
			);
			mainGroup = CFAD5BE32AB0CC4900764E36;
			productRefGroup = CFAD5BED2AB0CC4900764E36 /* Products */;
			projectDirPath = "";
			projectRoot = "";
			targets = (
				CFAD5BEB2AB0CC4900764E36 /* TasarimCalismasi */,
				CFAD5C012AB0CC4E00764E36 /* TasarimCalismasiTests */,
				CFAD5C0B2AB0CC4E00764E36 /* TasarimCalismasiUITests */,
			);
		};
/* End PBXProject section */

/* Begin PBXResourcesBuildPhase section */
		CFAD5BEA2AB0CC4900764E36 /* Resources */ = {
			isa = PBXResourcesBuildPhase;
			buildActionMask = 2147483647;
			files = (
				CFAD5BFC2AB0CC4E00764E36 /* LaunchScreen.storyboard in Resources */,
				CF6534202AB0E1E200F6E7CB /* Pacifico-Regular.ttf in Resources */,
				CFAD5BF92AB0CC4E00764E36 /* Assets.xcassets in Resources */,
				CFAD5BF72AB0CC4900764E36 /* Main.storyboard in Resources */,
			);
			runOnlyForDeploymentPostprocessing = 0;
		};
		CFAD5C002AB0CC4E00764E36 /* Resources */ = {
			isa = PBXResourcesBuildPhase;
			buildActionMask = 2147483647;
			files = (
			);
			runOnlyForDeploymentPostprocessing = 0;
		};
		CFAD5C0A2AB0CC4E00764E36 /* Resources */ = {
			isa = PBXResourcesBuildPhase;
			buildActionMask = 2147483647;
			files = (
			);
			runOnlyForDeploymentPostprocessing = 0;
		};
/* End PBXResourcesBuildPhase section */

/* Begin PBXSourcesBuildPhase section */
		CFAD5BE82AB0CC4900764E36 /* Sources */ = {
			isa = PBXSourcesBuildPhase;
			buildActionMask = 2147483647;
			files = (
				CFAD5BF42AB0CC4900764E36 /* ViewController.swift in Sources */,
				CFAD5BF02AB0CC4900764E36 /* AppDelegate.swift in Sources */,
				CFAD5BF22AB0CC4900764E36 /* SceneDelegate.swift in Sources */,
			);
			runOnlyForDeploymentPostprocessing = 0;
		};
		CFAD5BFE2AB0CC4E00764E36 /* Sources */ = {
			isa = PBXSourcesBuildPhase;
			buildActionMask = 2147483647;
			files = (
				CFAD5C072AB0CC4E00764E36 /* TasarimCalismasiTests.swift in Sources */,
			);
			runOnlyForDeploymentPostprocessing = 0;
		};
		CFAD5C082AB0CC4E00764E36 /* Sources */ = {
			isa = PBXSourcesBuildPhase;
			buildActionMask = 2147483647;
			files = (
				CFAD5C112AB0CC4E00764E36 /* TasarimCalismasiUITests.swift in Sources */,
				CFAD5C132AB0CC4E00764E36 /* TasarimCalismasiUITestsLaunchTests.swift in Sources */,
			);
			runOnlyForDeploymentPostprocessing = 0;
		};
/* End PBXSourcesBuildPhase section */

/* Begin PBXTargetDependency section */
		CFAD5C042AB0CC4E00764E36 /* PBXTargetDependency */ = {
			isa = PBXTargetDependency;
			target = CFAD5BEB2AB0CC4900764E36 /* TasarimCalismasi */;
			targetProxy = CFAD5C032AB0CC4E00764E36 /* PBXContainerItemProxy */;
		};
		CFAD5C0E2AB0CC4E00764E36 /* PBXTargetDependency */ = {
			isa = PBXTargetDependency;
			target = CFAD5BEB2AB0CC4900764E36 /* TasarimCalismasi */;
			targetProxy = CFAD5C0D2AB0CC4E00764E36 /* PBXContainerItemProxy */;
		};
/* End PBXTargetDependency section */

/* Begin PBXVariantGroup section */
		CFAD5BF52AB0CC4900764E36 /* Main.storyboard */ = {
			isa = PBXVariantGroup;
			children = (
				CFAD5BF62AB0CC4900764E36 /* Base */,
				CF8DAF152AB36DB800BD8567 /* tr */,
			);
			name = Main.storyboard;
			sourceTree = "<group>";
		};
		CFAD5BFA2AB0CC4E00764E36 /* LaunchScreen.storyboard */ = {
			isa = PBXVariantGroup;
			children = (
				CFAD5BFB2AB0CC4E00764E36 /* Base */,
				CF8DAF162AB36DB800BD8567 /* tr */,
			);
			name = LaunchScreen.storyboard;
			sourceTree = "<group>";
		};
/* End PBXVariantGroup section */

/* Begin XCBuildConfiguration section */
		CFAD5C142AB0CC4E00764E36 /* Debug */ = {
			isa = XCBuildConfiguration;
			buildSettings = {
				ALWAYS_SEARCH_USER_PATHS = NO;
				ASSETCATALOG_COMPILER_GENERATE_SWIFT_ASSET_SYMBOL_EXTENSIONS = YES;
				CLANG_ANALYZER_LOCALIZABILITY_NONLOCALIZED = YES;
				CLANG_ANALYZER_NONNULL = YES;
				CLANG_ANALYZER_NUMBER_OBJECT_CONVERSION = YES_AGGRESSIVE;
				CLANG_CXX_LANGUAGE_STANDARD = "gnu++20";
				CLANG_ENABLE_MODULES = YES;
				CLANG_ENABLE_OBJC_ARC = YES;
				CLANG_ENABLE_OBJC_WEAK = YES;
				CLANG_WARN_BLOCK_CAPTURE_AUTORELEASING = YES;
				CLANG_WARN_BOOL_CONVERSION = YES;
				CLANG_WARN_COMMA = YES;
				CLANG_WARN_CONSTANT_CONVERSION = YES;
				CLANG_WARN_DEPRECATED_OBJC_IMPLEMENTATIONS = YES;
				CLANG_WARN_DIRECT_OBJC_ISA_USAGE = YES_ERROR;
				CLANG_WARN_DOCUMENTATION_COMMENTS = YES;
				CLANG_WARN_EMPTY_BODY = YES;
				CLANG_WARN_ENUM_CONVERSION = YES;
				CLANG_WARN_INFINITE_RECURSION = YES;
				CLANG_WARN_INT_CONVERSION = YES;
				CLANG_WARN_NON_LITERAL_NULL_CONVERSION = YES;
				CLANG_WARN_OBJC_IMPLICIT_RETAIN_SELF = YES;
				CLANG_WARN_OBJC_LITERAL_CONVERSION = YES;
				CLANG_WARN_OBJC_ROOT_CLASS = YES_ERROR;
				CLANG_WARN_QUOTED_INCLUDE_IN_FRAMEWORK_HEADER = YES;
				CLANG_WARN_RANGE_LOOP_ANALYSIS = YES;
				CLANG_WARN_STRICT_PROTOTYPES = YES;
				CLANG_WARN_SUSPICIOUS_MOVE = YES;
				CLANG_WARN_UNGUARDED_AVAILABILITY = YES_AGGRESSIVE;
				CLANG_WARN_UNREACHABLE_CODE = YES;
				CLANG_WARN__DUPLICATE_METHOD_MATCH = YES;
				COPY_PHASE_STRIP = NO;
				DEBUG_INFORMATION_FORMAT = dwarf;
				ENABLE_STRICT_OBJC_MSGSEND = YES;
				ENABLE_TESTABILITY = YES;
				ENABLE_USER_SCRIPT_SANDBOXING = YES;
				GCC_C_LANGUAGE_STANDARD = gnu17;
				GCC_DYNAMIC_NO_PIC = NO;
				GCC_NO_COMMON_BLOCKS = YES;
				GCC_OPTIMIZATION_LEVEL = 0;
				GCC_PREPROCESSOR_DEFINITIONS = (
					"DEBUG=1",
					"$(inherited)",
				);
				GCC_WARN_64_TO_32_BIT_CONVERSION = YES;
				GCC_WARN_ABOUT_RETURN_TYPE = YES_ERROR;
				GCC_WARN_UNDECLARED_SELECTOR = YES;
				GCC_WARN_UNINITIALIZED_AUTOS = YES_AGGRESSIVE;
				GCC_WARN_UNUSED_FUNCTION = YES;
				GCC_WARN_UNUSED_VARIABLE = YES;
				IPHONEOS_DEPLOYMENT_TARGET = 17.0;
				LOCALIZATION_PREFERS_STRING_CATALOGS = YES;
				MTL_ENABLE_DEBUG_INFO = INCLUDE_SOURCE;
				MTL_FAST_MATH = YES;
				ONLY_ACTIVE_ARCH = YES;
				SDKROOT = iphoneos;
				SWIFT_ACTIVE_COMPILATION_CONDITIONS = "DEBUG $(inherited)";
				SWIFT_OPTIMIZATION_LEVEL = "-Onone";
			};
			name = Debug;
		};
		CFAD5C152AB0CC4E00764E36 /* Release */ = {
			isa = XCBuildConfiguration;
			buildSettings = {
				ALWAYS_SEARCH_USER_PATHS = NO;
				ASSETCATALOG_COMPILER_GENERATE_SWIFT_ASSET_SYMBOL_EXTENSIONS = YES;
				CLANG_ANALYZER_LOCALIZABILITY_NONLOCALIZED = YES;
				CLANG_ANALYZER_NONNULL = YES;
				CLANG_ANALYZER_NUMBER_OBJECT_CONVERSION = YES_AGGRESSIVE;
				CLANG_CXX_LANGUAGE_STANDARD = "gnu++20";
				CLANG_ENABLE_MODULES = YES;
				CLANG_ENABLE_OBJC_ARC = YES;
				CLANG_ENABLE_OBJC_WEAK = YES;
				CLANG_WARN_BLOCK_CAPTURE_AUTORELEASING = YES;
				CLANG_WARN_BOOL_CONVERSION = YES;
				CLANG_WARN_COMMA = YES;
				CLANG_WARN_CONSTANT_CONVERSION = YES;
				CLANG_WARN_DEPRECATED_OBJC_IMPLEMENTATIONS = YES;
				CLANG_WARN_DIRECT_OBJC_ISA_USAGE = YES_ERROR;
				CLANG_WARN_DOCUMENTATION_COMMENTS = YES;
				CLANG_WARN_EMPTY_BODY = YES;
				CLANG_WARN_ENUM_CONVERSION = YES;
				CLANG_WARN_INFINITE_RECURSION = YES;
				CLANG_WARN_INT_CONVERSION = YES;
				CLANG_WARN_NON_LITERAL_NULL_CONVERSION = YES;
				CLANG_WARN_OBJC_IMPLICIT_RETAIN_SELF = YES;
				CLANG_WARN_OBJC_LITERAL_CONVERSION = YES;
				CLANG_WARN_OBJC_ROOT_CLASS = YES_ERROR;
				CLANG_WARN_QUOTED_INCLUDE_IN_FRAMEWORK_HEADER = YES;
				CLANG_WARN_RANGE_LOOP_ANALYSIS = YES;
				CLANG_WARN_STRICT_PROTOTYPES = YES;
				CLANG_WARN_SUSPICIOUS_MOVE = YES;
				CLANG_WARN_UNGUARDED_AVAILABILITY = YES_AGGRESSIVE;
				CLANG_WARN_UNREACHABLE_CODE = YES;
				CLANG_WARN__DUPLICATE_METHOD_MATCH = YES;
				COPY_PHASE_STRIP = NO;
				DEBUG_INFORMATION_FORMAT = "dwarf-with-dsym";
				ENABLE_NS_ASSERTIONS = NO;
				ENABLE_STRICT_OBJC_MSGSEND = YES;
				ENABLE_USER_SCRIPT_SANDBOXING = YES;
				GCC_C_LANGUAGE_STANDARD = gnu17;
				GCC_NO_COMMON_BLOCKS = YES;
				GCC_WARN_64_TO_32_BIT_CONVERSION = YES;
				GCC_WARN_ABOUT_RETURN_TYPE = YES_ERROR;
				GCC_WARN_UNDECLARED_SELECTOR = YES;
				GCC_WARN_UNINITIALIZED_AUTOS = YES_AGGRESSIVE;
				GCC_WARN_UNUSED_FUNCTION = YES;
				GCC_WARN_UNUSED_VARIABLE = YES;
				IPHONEOS_DEPLOYMENT_TARGET = 17.0;
				LOCALIZATION_PREFERS_STRING_CATALOGS = YES;
				MTL_ENABLE_DEBUG_INFO = NO;
				MTL_FAST_MATH = YES;
				SDKROOT = iphoneos;
				SWIFT_COMPILATION_MODE = wholemodule;
				VALIDATE_PRODUCT = YES;
			};
			name = Release;
		};
		CFAD5C172AB0CC4E00764E36 /* Debug */ = {
			isa = XCBuildConfiguration;
			buildSettings = {
				ASSETCATALOG_COMPILER_APPICON_NAME = AppIcon;
				ASSETCATALOG_COMPILER_GLOBAL_ACCENT_COLOR_NAME = AccentColor;
				CODE_SIGN_STYLE = Automatic;
				CURRENT_PROJECT_VERSION = 1;
				DEVELOPMENT_TEAM = SZN854MBPY;
				GENERATE_INFOPLIST_FILE = YES;
				INFOPLIST_FILE = TasarimCalismasi/Info.plist;
				INFOPLIST_KEY_CFBundleDisplayName = Pizza;
				INFOPLIST_KEY_UIApplicationSupportsIndirectInputEvents = YES;
				INFOPLIST_KEY_UILaunchStoryboardName = LaunchScreen;
				INFOPLIST_KEY_UIMainStoryboardFile = Main;
				INFOPLIST_KEY_UISupportedInterfaceOrientations_iPad = "UIInterfaceOrientationPortrait UIInterfaceOrientationPortraitUpsideDown UIInterfaceOrientationLandscapeLeft UIInterfaceOrientationLandscapeRight";
				INFOPLIST_KEY_UISupportedInterfaceOrientations_iPhone = "UIInterfaceOrientationPortrait UIInterfaceOrientationLandscapeLeft UIInterfaceOrientationLandscapeRight";
				LD_RUNPATH_SEARCH_PATHS = (
					"$(inherited)",
					"@executable_path/Frameworks",
				);
				MARKETING_VERSION = 1.0;
				PRODUCT_BUNDLE_IDENTIFIER = com.TasarimCalismasi.TasarimCalismasi;
				PRODUCT_NAME = "$(TARGET_NAME)";
				SWIFT_EMIT_LOC_STRINGS = YES;
				SWIFT_VERSION = 5.0;
				TARGETED_DEVICE_FAMILY = "1,2";
			};
			name = Debug;
		};
		CFAD5C182AB0CC4E00764E36 /* Release */ = {
			isa = XCBuildConfiguration;
			buildSettings = {
				ASSETCATALOG_COMPILER_APPICON_NAME = AppIcon;
				ASSETCATALOG_COMPILER_GLOBAL_ACCENT_COLOR_NAME = AccentColor;
				CODE_SIGN_STYLE = Automatic;
				CURRENT_PROJECT_VERSION = 1;
				DEVELOPMENT_TEAM = SZN854MBPY;
				GENERATE_INFOPLIST_FILE = YES;
				INFOPLIST_FILE = TasarimCalismasi/Info.plist;
				INFOPLIST_KEY_CFBundleDisplayName = Pizza;
				INFOPLIST_KEY_UIApplicationSupportsIndirectInputEvents = YES;
				INFOPLIST_KEY_UILaunchStoryboardName = LaunchScreen;
				INFOPLIST_KEY_UIMainStoryboardFile = Main;
				INFOPLIST_KEY_UISupportedInterfaceOrientations_iPad = "UIInterfaceOrientationPortrait UIInterfaceOrientationPortraitUpsideDown UIInterfaceOrientationLandscapeLeft UIInterfaceOrientationLandscapeRight";
				INFOPLIST_KEY_UISupportedInterfaceOrientations_iPhone = "UIInterfaceOrientationPortrait UIInterfaceOrientationLandscapeLeft UIInterfaceOrientationLandscapeRight";
				LD_RUNPATH_SEARCH_PATHS = (
					"$(inherited)",
					"@executable_path/Frameworks",
				);
				MARKETING_VERSION = 1.0;
				PRODUCT_BUNDLE_IDENTIFIER = com.TasarimCalismasi.TasarimCalismasi;
				PRODUCT_NAME = "$(TARGET_NAME)";
				SWIFT_EMIT_LOC_STRINGS = YES;
				SWIFT_VERSION = 5.0;
				TARGETED_DEVICE_FAMILY = "1,2";
			};
			name = Release;
		};
		CFAD5C1A2AB0CC4E00764E36 /* Debug */ = {
			isa = XCBuildConfiguration;
			buildSettings = {
				ALWAYS_EMBED_SWIFT_STANDARD_LIBRARIES = YES;
				BUNDLE_LOADER = "$(TEST_HOST)";
				CODE_SIGN_STYLE = Automatic;
				CURRENT_PROJECT_VERSION = 1;
				DEVELOPMENT_TEAM = SZN854MBPY;
				GENERATE_INFOPLIST_FILE = YES;
				IPHONEOS_DEPLOYMENT_TARGET = 17.0;
				MARKETING_VERSION = 1.0;
				PRODUCT_BUNDLE_IDENTIFIER = com.TasarimCalismasi.TasarimCalismasiTests;
				PRODUCT_NAME = "$(TARGET_NAME)";
				SWIFT_EMIT_LOC_STRINGS = NO;
				SWIFT_VERSION = 5.0;
				TARGETED_DEVICE_FAMILY = "1,2";
				TEST_HOST = "$(BUILT_PRODUCTS_DIR)/TasarimCalismasi.app/$(BUNDLE_EXECUTABLE_FOLDER_PATH)/TasarimCalismasi";
			};
			name = Debug;
		};
		CFAD5C1B2AB0CC4E00764E36 /* Release */ = {
			isa = XCBuildConfiguration;
			buildSettings = {
				ALWAYS_EMBED_SWIFT_STANDARD_LIBRARIES = YES;
				BUNDLE_LOADER = "$(TEST_HOST)";
				CODE_SIGN_STYLE = Automatic;
				CURRENT_PROJECT_VERSION = 1;
				DEVELOPMENT_TEAM = SZN854MBPY;
				GENERATE_INFOPLIST_FILE = YES;
				IPHONEOS_DEPLOYMENT_TARGET = 17.0;
				MARKETING_VERSION = 1.0;
				PRODUCT_BUNDLE_IDENTIFIER = com.TasarimCalismasi.TasarimCalismasiTests;
				PRODUCT_NAME = "$(TARGET_NAME)";
				SWIFT_EMIT_LOC_STRINGS = NO;
				SWIFT_VERSION = 5.0;
				TARGETED_DEVICE_FAMILY = "1,2";
				TEST_HOST = "$(BUILT_PRODUCTS_DIR)/TasarimCalismasi.app/$(BUNDLE_EXECUTABLE_FOLDER_PATH)/TasarimCalismasi";
			};
			name = Release;
		};
		CFAD5C1D2AB0CC4E00764E36 /* Debug */ = {
			isa = XCBuildConfiguration;
			buildSettings = {
				ALWAYS_EMBED_SWIFT_STANDARD_LIBRARIES = YES;
				CODE_SIGN_STYLE = Automatic;
				CURRENT_PROJECT_VERSION = 1;
				DEVELOPMENT_TEAM = SZN854MBPY;
				GENERATE_INFOPLIST_FILE = YES;
				MARKETING_VERSION = 1.0;
				PRODUCT_BUNDLE_IDENTIFIER = com.TasarimCalismasi.TasarimCalismasiUITests;
				PRODUCT_NAME = "$(TARGET_NAME)";
				SWIFT_EMIT_LOC_STRINGS = NO;
				SWIFT_VERSION = 5.0;
				TARGETED_DEVICE_FAMILY = "1,2";
				TEST_TARGET_NAME = TasarimCalismasi;
			};
			name = Debug;
		};
		CFAD5C1E2AB0CC4E00764E36 /* Release */ = {
			isa = XCBuildConfiguration;
			buildSettings = {
				ALWAYS_EMBED_SWIFT_STANDARD_LIBRARIES = YES;
				CODE_SIGN_STYLE = Automatic;
				CURRENT_PROJECT_VERSION = 1;
				DEVELOPMENT_TEAM = SZN854MBPY;
				GENERATE_INFOPLIST_FILE = YES;
				MARKETING_VERSION = 1.0;
				PRODUCT_BUNDLE_IDENTIFIER = com.TasarimCalismasi.TasarimCalismasiUITests;
				PRODUCT_NAME = "$(TARGET_NAME)";
				SWIFT_EMIT_LOC_STRINGS = NO;
				SWIFT_VERSION = 5.0;
				TARGETED_DEVICE_FAMILY = "1,2";
				TEST_TARGET_NAME = TasarimCalismasi;
			};
			name = Release;
		};
/* End XCBuildConfiguration section */

/* Begin XCConfigurationList section */
		CFAD5BE72AB0CC4900764E36 /* Build configuration list for PBXProject "TasarimCalismasi" */ = {
			isa = XCConfigurationList;
			buildConfigurations = (
				CFAD5C142AB0CC4E00764E36 /* Debug */,
				CFAD5C152AB0CC4E00764E36 /* Release */,
			);
			defaultConfigurationIsVisible = 0;
			defaultConfigurationName = Release;
		};
		CFAD5C162AB0CC4E00764E36 /* Build configuration list for PBXNativeTarget "TasarimCalismasi" */ = {
			isa = XCConfigurationList;
			buildConfigurations = (
				CFAD5C172AB0CC4E00764E36 /* Debug */,
				CFAD5C182AB0CC4E00764E36 /* Release */,
			);
			defaultConfigurationIsVisible = 0;
			defaultConfigurationName = Release;
		};
		CFAD5C192AB0CC4E00764E36 /* Build configuration list for PBXNativeTarget "TasarimCalismasiTests" */ = {
			isa = XCConfigurationList;
			buildConfigurations = (
				CFAD5C1A2AB0CC4E00764E36 /* Debug */,
				CFAD5C1B2AB0CC4E00764E36 /* Release */,
			);
			defaultConfigurationIsVisible = 0;
			defaultConfigurationName = Release;
		};
		CFAD5C1C2AB0CC4E00764E36 /* Build configuration list for PBXNativeTarget "TasarimCalismasiUITests" */ = {
			isa = XCConfigurationList;
			buildConfigurations = (
				CFAD5C1D2AB0CC4E00764E36 /* Debug */,
				CFAD5C1E2AB0CC4E00764E36 /* Release */,
			);
			defaultConfigurationIsVisible = 0;
			defaultConfigurationName = Release;
		};
/* End XCConfigurationList section */
	};
	rootObject = CFAD5BE42AB0CC4900764E36 /* Project object */;
}
